PODS:
  - AFNetworking/Reachability (3.2.1)
  - ESFramework (3.5.0):
    - AFNetworking/Reachability
  - ESFrameworkUI (3.5.0):
    - ESFramework (>= 3.0)

DEPENDENCIES:
  - ESFramework (from `../`)
  - ESFrameworkUI (from `../`)

EXTERNAL SOURCES:
  ESFramework:
    :path: "../"
  ESFrameworkUI:
    :path: "../"

CHECKOUT OPTIONS: 

SPEC CHECKSUMS:
  AFNetworking: b6f891fdfaed196b46c7a83cf209e09697b94057
  ESFramework: 1a026e69552f94c5257ac5838445b5a325ebedf1
  ESFrameworkUI: 451f7d79fe4482e3518e30cffe8c86b68498ed27

COCOAPODS: 1.7.0

PODFILE CHECKSUM: c9ceec9938a150f843f4d42745707cb71c43302b

SPEC REPOS:
  https://github.com/cocoapods/specs.git:
    - AFNetworking
