PODS:
  - ESFramework (2.5.0):
    - ESFramework/Core (= 2.5.0)
    - ESFramework/Reachability (= 2.5.0)
    - ESFramework/UIKit (= 2.5.0)
  - ESFramework/Core (2.5.0):
    - ESFramework/Reachability
  - ESFramework/Reachability (2.5.0)
  - ESFramework/UIKit (2.5.0):
    - ESFramework/Core

DEPENDENCIES:
  - ESFramework (from `../`)

EXTERNAL SOURCES:
  ESFramework:
    :path: "../"

SPEC CHECKSUMS:
  ESFramework: ebc7a7a8ea9e0cf5c44210d27c722b3b0b690f1e

PODFILE CHECKSUM: 5dc5bd98d32e99b5d4a5d98355cb9d9315cf32df

COCOAPODS: 1.0.1
