PODS:
  - ESFramework (2.4.5):
    - ESFramework/Core (= 2.4.5)
    - ESFramework/UIKit (= 2.4.5)
  - ESFramework/Core (2.4.5)
  - ESFramework/UIKit (2.4.5):
    - ESFramework/Core

DEPENDENCIES:
  - ESFramework (from `../`)

EXTERNAL SOURCES:
  ESFramework:
    :path: "../"

SPEC CHECKSUMS:
  ESFramework: 3887c89479554dde41614cf8e1c27400e6c79f4d

COCOAPODS: 0.39.0
