PODS:
  - ESFramework (3.13.0):
    - ESFramework/Core (= 3.13.0)
    - ESFramework/Foundation (= 3.13.0)
    - ESFramework/Network (= 3.13.0)
    - ESFramework/UIKit (= 3.13.0)
  - ESFramework/Core (3.13.0)
  - ESFramework/Foundation (3.13.0):
    - ESFramework/Core
  - ESFramework/Network (3.13.0)
  - ESFramework/UIKit (3.13.0):
    - ESFramework/Foundation
    - ESFramework/Network
  - ESFrameworkUI (3.9.1):
    - ESFramework (~> 3.0)

DEPENDENCIES:
  - ESFramework (from `.`)
  - ESFramework/UIKit (from `.`)
  - ESFrameworkUI (from `.`)

EXTERNAL SOURCES:
  ESFramework:
    :path: "."
  ESFrameworkUI:
    :path: "."

CHECKOUT OPTIONS: 

SPEC CHECKSUMS:
  ESFramework: 124f865e9d0bb3bcbb8c8f9e021dc776d7cae8be
  ESFrameworkUI: a9fb18c47588f36ece2f6654457cb8be785f1dde

COCOAPODS: 1.7.2

PODFILE CHECKSUM: 5c8d573bef584fd2c2b43a7192016dade4cca961
