PODS:
  - AFNetworking/Reachability (3.2.1)
  - ESFramework (3.13.0):
    - ESFramework/Core (= 3.13.0)
    - ESFramework/Foundation (= 3.13.0)
    - ESFramework/Network (= 3.13.0)
    - ESFramework/UIKit (= 3.13.0)
  - ESFramework/Core (3.13.0)
  - ESFramework/Foundation (3.13.0):
    - ESFramework/Core
  - ESFramework/Network (3.13.0)
  - ESFramework/UIKit (3.13.0):
    - AFNetworking/Reachability (>= 2.0)
    - ESFramework/Foundation
    - ESFramework/Network
  - ESFrameworkUI (3.9.1):
    - ESFramework (~> 3.0)

DEPENDENCIES:
  - ESFramework (from `.`)
  - ESFrameworkUI (from `.`)

EXTERNAL SOURCES:
  ESFramework:
    :path: "."
  ESFrameworkUI:
    :path: "."

CHECKOUT OPTIONS: 

SPEC CHECKSUMS:
  AFNetworking: b6f891fdfaed196b46c7a83cf209e09697b94057
  ESFramework: 997ef5ba2128940b22d451a14c517c0607aa011f
  ESFrameworkUI: a9fb18c47588f36ece2f6654457cb8be785f1dde

COCOAPODS: 1.7.2

PODFILE CHECKSUM: 490e75f1126f4259f5b51346542b2d68d61ba796

SPEC REPOS:
  https://github.com/cocoapods/specs.git:
    - AFNetworking
