// !$*UTF8*$!
{
	archiveVersion = 1;
	classes = {
	};
	objectVersion = 46;
	objects = {

/* Begin PBXBuildFile section */
		5CD9CFC5B2DA2C5929FC8E35 /* libPods-MacExample.a in Frameworks */ = {isa = PBXBuildFile; fileRef = BF9A19236B7B623CE21D98A8 /* libPods-MacExample.a */; };
		E7C7065B1E11A95100710279 /* AppDelegate.m in Sources */ = {isa = PBXBuildFile; fileRef = E7C7065A1E11A95100710279 /* AppDelegate.m */; };
		E7C7065E1E11A95100710279 /* main.m in Sources */ = {isa = PBXBuildFile; fileRef = E7C7065D1E11A95100710279 /* main.m */; };
		E7C706601E11A95100710279 /* Assets.xcassets in Resources */ = {isa = PBXBuildFile; fileRef = E7C7065F1E11A95100710279 /* Assets.xcassets */; };
		E7C706631E11A95100710279 /* MainMenu.xib in Resources */ = {isa = PBXBuildFile; fileRef = E7C706611E11A95100710279 /* MainMenu.xib */; };
/* End PBXBuildFile section */

/* Begin PBXFileReference section */
		B4CEA590AE1A65B3F9A5AACE /* Pods-MacExample.debug.xcconfig */ = {isa = PBXFileReference; includeInIndex = 1; lastKnownFileType = text.xcconfig; name = "Pods-MacExample.debug.xcconfig"; path = "Pods/Target Support Files/Pods-MacExample/Pods-MacExample.debug.xcconfig"; sourceTree = "<group>"; };
		BF9A19236B7B623CE21D98A8 /* libPods-MacExample.a */ = {isa = PBXFileReference; explicitFileType = archive.ar; includeInIndex = 0; path = "libPods-MacExample.a"; sourceTree = BUILT_PRODUCTS_DIR; };
		E7C706561E11A95100710279 /* MacExample.app */ = {isa = PBXFileReference; explicitFileType = wrapper.application; includeInIndex = 0; path = MacExample.app; sourceTree = BUILT_PRODUCTS_DIR; };
		E7C706591E11A95100710279 /* AppDelegate.h */ = {isa = PBXFileReference; lastKnownFileType = sourcecode.c.h; path = AppDelegate.h; sourceTree = "<group>"; };
		E7C7065A1E11A95100710279 /* AppDelegate.m */ = {isa = PBXFileReference; lastKnownFileType = sourcecode.c.objc; path = AppDelegate.m; sourceTree = "<group>"; };
		E7C7065D1E11A95100710279 /* main.m */ = {isa = PBXFileReference; lastKnownFileType = sourcecode.c.objc; path = main.m; sourceTree = "<group>"; };
		E7C7065F1E11A95100710279 /* Assets.xcassets */ = {isa = PBXFileReference; lastKnownFileType = folder.assetcatalog; path = Assets.xcassets; sourceTree = "<group>"; };
		E7C706621E11A95100710279 /* Base */ = {isa = PBXFileReference; lastKnownFileType = file.xib; name = Base; path = Base.lproj/MainMenu.xib; sourceTree = "<group>"; };
		E7C706641E11A95100710279 /* Info.plist */ = {isa = PBXFileReference; lastKnownFileType = text.plist.xml; path = Info.plist; sourceTree = "<group>"; };
		E8E769AEB195851409D3F6B8 /* Pods-MacExample.release.xcconfig */ = {isa = PBXFileReference; includeInIndex = 1; lastKnownFileType = text.xcconfig; name = "Pods-MacExample.release.xcconfig"; path = "Pods/Target Support Files/Pods-MacExample/Pods-MacExample.release.xcconfig"; sourceTree = "<group>"; };
/* End PBXFileReference section */

/* Begin PBXFrameworksBuildPhase section */
		E7C706531E11A95100710279 /* Frameworks */ = {
			isa = PBXFrameworksBuildPhase;
			buildActionMask = 2147483647;
			files = (
				5CD9CFC5B2DA2C5929FC8E35 /* libPods-MacExample.a in Frameworks */,
			);
			runOnlyForDeploymentPostprocessing = 0;
		};
/* End PBXFrameworksBuildPhase section */

/* Begin PBXGroup section */
		1BFB9AFBD8014576F7C09CA6 /* Frameworks */ = {
			isa = PBXGroup;
			children = (
				BF9A19236B7B623CE21D98A8 /* libPods-MacExample.a */,
			);
			name = Frameworks;
			sourceTree = "<group>";
		};
		E7C7064D1E11A95100710279 = {
			isa = PBXGroup;
			children = (
				E7C706581E11A95100710279 /* MacExample */,
				E7C706571E11A95100710279 /* Products */,
				E91235D1CF0CAA94F10562A7 /* Pods */,
				1BFB9AFBD8014576F7C09CA6 /* Frameworks */,
			);
			sourceTree = "<group>";
		};
		E7C706571E11A95100710279 /* Products */ = {
			isa = PBXGroup;
			children = (
				E7C706561E11A95100710279 /* MacExample.app */,
			);
			name = Products;
			sourceTree = "<group>";
		};
		E7C706581E11A95100710279 /* MacExample */ = {
			isa = PBXGroup;
			children = (
				E7C706591E11A95100710279 /* AppDelegate.h */,
				E7C7065A1E11A95100710279 /* AppDelegate.m */,
				E7C7065F1E11A95100710279 /* Assets.xcassets */,
				E7C706611E11A95100710279 /* MainMenu.xib */,
				E7C706641E11A95100710279 /* Info.plist */,
				E7C7065C1E11A95100710279 /* Supporting Files */,
			);
			path = MacExample;
			sourceTree = "<group>";
		};
		E7C7065C1E11A95100710279 /* Supporting Files */ = {
			isa = PBXGroup;
			children = (
				E7C7065D1E11A95100710279 /* main.m */,
			);
			name = "Supporting Files";
			sourceTree = "<group>";
		};
		E91235D1CF0CAA94F10562A7 /* Pods */ = {
			isa = PBXGroup;
			children = (
				B4CEA590AE1A65B3F9A5AACE /* Pods-MacExample.debug.xcconfig */,
				E8E769AEB195851409D3F6B8 /* Pods-MacExample.release.xcconfig */,
			);
			name = Pods;
			sourceTree = "<group>";
		};
/* End PBXGroup section */

/* Begin PBXNativeTarget section */
		E7C706551E11A95100710279 /* MacExample */ = {
			isa = PBXNativeTarget;
			buildConfigurationList = E7C706671E11A95100710279 /* Build configuration list for PBXNativeTarget "MacExample" */;
			buildPhases = (
				A7B133BD9AB3CCD773D214C7 /* [CP] Check Pods Manifest.lock */,
				E7C706521E11A95100710279 /* Sources */,
				E7C706531E11A95100710279 /* Frameworks */,
				E7C706541E11A95100710279 /* Resources */,
				6DDE0FFC894A0DFCFA039A09 /* [CP] Embed Pods Frameworks */,
				58D23303FD7AA114A2A69A06 /* [CP] Copy Pods Resources */,
			);
			buildRules = (
			);
			dependencies = (
			);
			name = MacExample;
			productName = MacExample;
			productReference = E7C706561E11A95100710279 /* MacExample.app */;
			productType = "com.apple.product-type.application";
		};
/* End PBXNativeTarget section */

/* Begin PBXProject section */
		E7C7064E1E11A95100710279 /* Project object */ = {
			isa = PBXProject;
			attributes = {
				LastUpgradeCheck = 0820;
				ORGANIZATIONNAME = "Elf Sundae";
				TargetAttributes = {
					E7C706551E11A95100710279 = {
						CreatedOnToolsVersion = 8.2.1;
						ProvisioningStyle = Automatic;
					};
				};
			};
			buildConfigurationList = E7C706511E11A95100710279 /* Build configuration list for PBXProject "MacExample" */;
			compatibilityVersion = "Xcode 3.2";
			developmentRegion = English;
			hasScannedForEncodings = 0;
			knownRegions = (
				en,
				Base,
			);
			mainGroup = E7C7064D1E11A95100710279;
			productRefGroup = E7C706571E11A95100710279 /* Products */;
			projectDirPath = "";
			projectRoot = "";
			targets = (
				E7C706551E11A95100710279 /* MacExample */,
			);
		};
/* End PBXProject section */

/* Begin PBXResourcesBuildPhase section */
		E7C706541E11A95100710279 /* Resources */ = {
			isa = PBXResourcesBuildPhase;
			buildActionMask = 2147483647;
			files = (
				E7C706601E11A95100710279 /* Assets.xcassets in Resources */,
				E7C706631E11A95100710279 /* MainMenu.xib in Resources */,
			);
			runOnlyForDeploymentPostprocessing = 0;
		};
/* End PBXResourcesBuildPhase section */

/* Begin PBXShellScriptBuildPhase section */
		58D23303FD7AA114A2A69A06 /* [CP] Copy Pods Resources */ = {
			isa = PBXShellScriptBuildPhase;
			buildActionMask = 2147483647;
			files = (
			);
			inputPaths = (
			);
			name = "[CP] Copy Pods Resources";
			outputPaths = (
			);
			runOnlyForDeploymentPostprocessing = 0;
			shellPath = /bin/sh;
			shellScript = "\"${SRCROOT}/Pods/Target Support Files/Pods-MacExample/Pods-MacExample-resources.sh\"\n";
			showEnvVarsInLog = 0;
		};
		6DDE0FFC894A0DFCFA039A09 /* [CP] Embed Pods Frameworks */ = {
			isa = PBXShellScriptBuildPhase;
			buildActionMask = 2147483647;
			files = (
			);
			inputPaths = (
			);
			name = "[CP] Embed Pods Frameworks";
			outputPaths = (
			);
			runOnlyForDeploymentPostprocessing = 0;
			shellPath = /bin/sh;
			shellScript = "\"${SRCROOT}/Pods/Target Support Files/Pods-MacExample/Pods-MacExample-frameworks.sh\"\n";
			showEnvVarsInLog = 0;
		};
		A7B133BD9AB3CCD773D214C7 /* [CP] Check Pods Manifest.lock */ = {
			isa = PBXShellScriptBuildPhase;
			buildActionMask = 2147483647;
			files = (
			);
			inputPaths = (
			);
			name = "[CP] Check Pods Manifest.lock";
			outputPaths = (
			);
			runOnlyForDeploymentPostprocessing = 0;
			shellPath = /bin/sh;
			shellScript = "diff \"${PODS_ROOT}/../Podfile.lock\" \"${PODS_ROOT}/Manifest.lock\" > /dev/null\nif [ $? != 0 ] ; then\n    # print error to STDERR\n    echo \"error: The sandbox is not in sync with the Podfile.lock. Run 'pod install' or update your CocoaPods installation.\" >&2\n    exit 1\nfi\n";
			showEnvVarsInLog = 0;
		};
/* End PBXShellScriptBuildPhase section */

/* Begin PBXSourcesBuildPhase section */
		E7C706521E11A95100710279 /* Sources */ = {
			isa = PBXSourcesBuildPhase;
			buildActionMask = 2147483647;
			files = (
				E7C7065E1E11A95100710279 /* main.m in Sources */,
				E7C7065B1E11A95100710279 /* AppDelegate.m in Sources */,
			);
			runOnlyForDeploymentPostprocessing = 0;
		};
/* End PBXSourcesBuildPhase section */

/* Begin PBXVariantGroup section */
		E7C706611E11A95100710279 /* MainMenu.xib */ = {
			isa = PBXVariantGroup;
			children = (
				E7C706621E11A95100710279 /* Base */,
			);
			name = MainMenu.xib;
			sourceTree = "<group>";
		};
/* End PBXVariantGroup section */

/* Begin XCBuildConfiguration section */
		E7C706651E11A95100710279 /* Debug */ = {
			isa = XCBuildConfiguration;
			buildSettings = {
				ALWAYS_SEARCH_USER_PATHS = NO;
				CLANG_ANALYZER_NONNULL = YES;
				CLANG_CXX_LANGUAGE_STANDARD = "gnu++0x";
				CLANG_CXX_LIBRARY = "libc++";
				CLANG_ENABLE_MODULES = YES;
				CLANG_ENABLE_OBJC_ARC = YES;
				CLANG_WARN_BOOL_CONVERSION = YES;
				CLANG_WARN_CONSTANT_CONVERSION = YES;
				CLANG_WARN_DIRECT_OBJC_ISA_USAGE = YES_ERROR;
				CLANG_WARN_DOCUMENTATION_COMMENTS = YES;
				CLANG_WARN_EMPTY_BODY = YES;
				CLANG_WARN_ENUM_CONVERSION = YES;
				CLANG_WARN_INFINITE_RECURSION = YES;
				CLANG_WARN_INT_CONVERSION = YES;
				CLANG_WARN_OBJC_ROOT_CLASS = YES_ERROR;
				CLANG_WARN_SUSPICIOUS_MOVE = YES;
				CLANG_WARN_UNREACHABLE_CODE = YES;
				CLANG_WARN__DUPLICATE_METHOD_MATCH = YES;
				CODE_SIGN_IDENTITY = "-";
				COPY_PHASE_STRIP = NO;
				DEBUG_INFORMATION_FORMAT = dwarf;
				ENABLE_STRICT_OBJC_MSGSEND = YES;
				ENABLE_TESTABILITY = YES;
				GCC_C_LANGUAGE_STANDARD = gnu99;
				GCC_DYNAMIC_NO_PIC = NO;
				GCC_NO_COMMON_BLOCKS = YES;
				GCC_OPTIMIZATION_LEVEL = 0;
				GCC_PREPROCESSOR_DEFINITIONS = (
					"DEBUG=1",
					"$(inherited)",
				);
				GCC_WARN_64_TO_32_BIT_CONVERSION = YES;
				GCC_WARN_ABOUT_RETURN_TYPE = YES_ERROR;
				GCC_WARN_UNDECLARED_SELECTOR = YES;
				GCC_WARN_UNINITIALIZED_AUTOS = YES_AGGRESSIVE;
				GCC_WARN_UNUSED_FUNCTION = YES;
				GCC_WARN_UNUSED_VARIABLE = YES;
				MACOSX_DEPLOYMENT_TARGET = 10.11;
				MTL_ENABLE_DEBUG_INFO = YES;
				ONLY_ACTIVE_ARCH = YES;
				SDKROOT = macosx;
			};
			name = Debug;
		};
		E7C706661E11A95100710279 /* Release */ = {
			isa = XCBuildConfiguration;
			buildSettings = {
				ALWAYS_SEARCH_USER_PATHS = NO;
				CLANG_ANALYZER_NONNULL = YES;
				CLANG_CXX_LANGUAGE_STANDARD = "gnu++0x";
				CLANG_CXX_LIBRARY = "libc++";
				CLANG_ENABLE_MODULES = YES;
				CLANG_ENABLE_OBJC_ARC = YES;
				CLANG_WARN_BOOL_CONVERSION = YES;
				CLANG_WARN_CONSTANT_CONVERSION = YES;
				CLANG_WARN_DIRECT_OBJC_ISA_USAGE = YES_ERROR;
				CLANG_WARN_DOCUMENTATION_COMMENTS = YES;
				CLANG_WARN_EMPTY_BODY = YES;
				CLANG_WARN_ENUM_CONVERSION = YES;
				CLANG_WARN_INFINITE_RECURSION = YES;
				CLANG_WARN_INT_CONVERSION = YES;
				CLANG_WARN_OBJC_ROOT_CLASS = YES_ERROR;
				CLANG_WARN_SUSPICIOUS_MOVE = YES;
				CLANG_WARN_UNREACHABLE_CODE = YES;
				CLANG_WARN__DUPLICATE_METHOD_MATCH = YES;
				CODE_SIGN_IDENTITY = "-";
				COPY_PHASE_STRIP = NO;
				DEBUG_INFORMATION_FORMAT = "dwarf-with-dsym";
				ENABLE_NS_ASSERTIONS = NO;
				ENABLE_STRICT_OBJC_MSGSEND = YES;
				GCC_C_LANGUAGE_STANDARD = gnu99;
				GCC_NO_COMMON_BLOCKS = YES;
				GCC_WARN_64_TO_32_BIT_CONVERSION = YES;
				GCC_WARN_ABOUT_RETURN_TYPE = YES_ERROR;
				GCC_WARN_UNDECLARED_SELECTOR = YES;
				GCC_WARN_UNINITIALIZED_AUTOS = YES_AGGRESSIVE;
				GCC_WARN_UNUSED_FUNCTION = YES;
				GCC_WARN_UNUSED_VARIABLE = YES;
				MACOSX_DEPLOYMENT_TARGET = 10.11;
				MTL_ENABLE_DEBUG_INFO = NO;
				SDKROOT = macosx;
			};
			name = Release;
		};
		E7C706681E11A95100710279 /* Debug */ = {
			isa = XCBuildConfiguration;
			baseConfigurationReference = B4CEA590AE1A65B3F9A5AACE /* Pods-MacExample.debug.xcconfig */;
			buildSettings = {
				ASSETCATALOG_COMPILER_APPICON_NAME = AppIcon;
				COMBINE_HIDPI_IMAGES = YES;
				INFOPLIST_FILE = MacExample/Info.plist;
				LD_RUNPATH_SEARCH_PATHS = "$(inherited) @executable_path/../Frameworks";
				PRODUCT_BUNDLE_IDENTIFIER = com.0x123.ESFramework.MacExample;
				PRODUCT_NAME = "$(TARGET_NAME)";
			};
			name = Debug;
		};
		E7C706691E11A95100710279 /* Release */ = {
			isa = XCBuildConfiguration;
			baseConfigurationReference = E8E769AEB195851409D3F6B8 /* Pods-MacExample.release.xcconfig */;
			buildSettings = {
				ASSETCATALOG_COMPILER_APPICON_NAME = AppIcon;
				COMBINE_HIDPI_IMAGES = YES;
				INFOPLIST_FILE = MacExample/Info.plist;
				LD_RUNPATH_SEARCH_PATHS = "$(inherited) @executable_path/../Frameworks";
				PRODUCT_BUNDLE_IDENTIFIER = com.0x123.ESFramework.MacExample;
				PRODUCT_NAME = "$(TARGET_NAME)";
			};
			name = Release;
		};
/* End XCBuildConfiguration section */

/* Begin XCConfigurationList section */
		E7C706511E11A95100710279 /* Build configuration list for PBXProject "MacExample" */ = {
			isa = XCConfigurationList;
			buildConfigurations = (
				E7C706651E11A95100710279 /* Debug */,
				E7C706661E11A95100710279 /* Release */,
			);
			defaultConfigurationIsVisible = 0;
			defaultConfigurationName = Release;
		};
		E7C706671E11A95100710279 /* Build configuration list for PBXNativeTarget "MacExample" */ = {
			isa = XCConfigurationList;
			buildConfigurations = (
				E7C706681E11A95100710279 /* Debug */,
				E7C706691E11A95100710279 /* Release */,
			);
			defaultConfigurationIsVisible = 0;
		};
/* End XCConfigurationList section */
	};
	rootObject = E7C7064E1E11A95100710279 /* Project object */;
}
