PODS:
  - ESFramework/Reachability (2.6.1)

DEPENDENCIES:
  - ESFramework/Reachability (from `../`)

EXTERNAL SOURCES:
  ESFramework:
    :path: "../"

SPEC CHECKSUMS:
  ESFramework: e2fa7bf004bcdbbd4740845f72ae436a01287910

PODFILE CHECKSUM: caff0b71c8b4002eb99f5a53b1e5056f76414300

COCOAPODS: 1.1.1
