// !$*UTF8*$!
{
	archiveVersion = 1;
	classes = {
	};
	objectVersion = 46;
	objects = {

/* Begin PBXAggregateTarget section */
		E7926A5618FBC16500CD276F /* ESFrameworkCore */ = {
			isa = PBXAggregateTarget;
			buildConfigurationList = E7926A5718FBC16500CD276F /* Build configuration list for PBXAggregateTarget "ESFrameworkCore" */;
			buildPhases = (
				E7926A5C18FBC17700CD276F /* Build Framework */,
			);
			dependencies = (
				E7926A5B18FBC16A00CD276F /* PBXTargetDependency */,
			);
			name = ESFrameworkCore;
			productName = ESFrameworkCore;
		};
		E7C946B218FBD3050034B110 /* ESFrameworkFoundation */ = {
			isa = PBXAggregateTarget;
			buildConfigurationList = E7C946B318FBD3050034B110 /* Build configuration list for PBXAggregateTarget "ESFrameworkFoundation" */;
			buildPhases = (
				E7C946B818FBD3560034B110 /* Build Framework */,
			);
			dependencies = (
				E7C946B718FBD30D0034B110 /* PBXTargetDependency */,
			);
			name = ESFrameworkFoundation;
			productName = ESFrameworkFoundation;
		};
		E7C946BD18FBD4480034B110 /* ESFrameworkUIKit */ = {
			isa = PBXAggregateTarget;
			buildConfigurationList = E7C946BE18FBD4480034B110 /* Build configuration list for PBXAggregateTarget "ESFrameworkUIKit" */;
			buildPhases = (
				E7C946C918FBD46C0034B110 /* Build Framework */,
			);
			dependencies = (
				E7C946CB18FBD4740034B110 /* PBXTargetDependency */,
			);
			name = ESFrameworkUIKit;
			productName = ESFrameworkUIKit;
		};
		E7C946C118FBD4560034B110 /* ESFrameworkNetwork */ = {
			isa = PBXAggregateTarget;
			buildConfigurationList = E7C946C218FBD4560034B110 /* Build configuration list for PBXAggregateTarget "ESFrameworkNetwork" */;
			buildPhases = (
				E7C946CE18FBD4800034B110 /* Build Framework */,
			);
			dependencies = (
				E7C946CD18FBD47D0034B110 /* PBXTargetDependency */,
			);
			name = ESFrameworkNetwork;
			productName = ESFrameworkNetwork;
		};
		E7C946C518FBD45D0034B110 /* ESFrameworkStoreKit */ = {
			isa = PBXAggregateTarget;
			buildConfigurationList = E7C946C618FBD45D0034B110 /* Build configuration list for PBXAggregateTarget "ESFrameworkStoreKit" */;
			buildPhases = (
				E7C946D118FBD48A0034B110 /* Build Framework */,
			);
			dependencies = (
				E7C946D018FBD4880034B110 /* PBXTargetDependency */,
			);
			name = ESFrameworkStoreKit;
			productName = ESFrameworkStoreKit;
		};
/* End PBXAggregateTarget section */

/* Begin PBXBuildFile section */
		E70F7E611901143C007A6ACB /* UIControl+ESAdditions.m in Sources */ = {isa = PBXBuildFile; fileRef = E70F7E5F1901143C007A6ACB /* UIControl+ESAdditions.m */; };
		E70F7E64190142BE007A6ACB /* UIControl+ESAdditions.h in Headers */ = {isa = PBXBuildFile; fileRef = E70F7E5E1901143C007A6ACB /* UIControl+ESAdditions.h */; settings = {ATTRIBUTES = (Public, ); }; };
		E70F7E6819029CC7007A6ACB /* UIGestureRecognizer+ESAdditions.h in Headers */ = {isa = PBXBuildFile; fileRef = E70F7E6619029CC7007A6ACB /* UIGestureRecognizer+ESAdditions.h */; settings = {ATTRIBUTES = (Public, ); }; };
		E70F7E6919029CC7007A6ACB /* UIGestureRecognizer+ESAdditions.m in Sources */ = {isa = PBXBuildFile; fileRef = E70F7E6719029CC7007A6ACB /* UIGestureRecognizer+ESAdditions.m */; };
		E714E39618FE796600CAF140 /* CoreFoundation.framework in Frameworks */ = {isa = PBXBuildFile; fileRef = E7C9469A18FBC9500034B110 /* CoreFoundation.framework */; };
		E7223F3818FE7BEC006BCC0D /* Localizable.strings in Resources */ = {isa = PBXBuildFile; fileRef = E7223F3A18FE7BEC006BCC0D /* Localizable.strings */; };
		E7223F4D18FE83D9006BCC0D /* ESTimeIntervalFormatter.h in Headers */ = {isa = PBXBuildFile; fileRef = E7223F4B18FE83D9006BCC0D /* ESTimeIntervalFormatter.h */; };
		E7223F4E18FE83D9006BCC0D /* ESTimeIntervalFormatter.m in Sources */ = {isa = PBXBuildFile; fileRef = E7223F4C18FE83D9006BCC0D /* ESTimeIntervalFormatter.m */; };
		E730A8471900CA5100D0BC32 /* ESFrameworkUIKit.h in Headers */ = {isa = PBXBuildFile; fileRef = E7BCF75218F98F51006D920E /* ESFrameworkUIKit.h */; settings = {ATTRIBUTES = (Public, ); }; };
		E74A307318FFD22700F91D6D /* NSArray+ESAdditions.h in Headers */ = {isa = PBXBuildFile; fileRef = E74A307118FFD22700F91D6D /* NSArray+ESAdditions.h */; settings = {ATTRIBUTES = (Public, ); }; };
		E74A307418FFD22700F91D6D /* NSArray+ESAdditions.m in Sources */ = {isa = PBXBuildFile; fileRef = E74A307218FFD22700F91D6D /* NSArray+ESAdditions.m */; };
		E74A3077190064B100F91D6D /* NSSet+ESAdditions.h in Headers */ = {isa = PBXBuildFile; fileRef = E74A3075190064B100F91D6D /* NSSet+ESAdditions.h */; settings = {ATTRIBUTES = (Public, ); }; };
		E74A3078190064B100F91D6D /* NSSet+ESAdditions.m in Sources */ = {isa = PBXBuildFile; fileRef = E74A3076190064B100F91D6D /* NSSet+ESAdditions.m */; };
		E74A307B19006DD500F91D6D /* NSOrderedSet+ESAdditions.h in Headers */ = {isa = PBXBuildFile; fileRef = E74A307919006DD500F91D6D /* NSOrderedSet+ESAdditions.h */; settings = {ATTRIBUTES = (Public, ); }; };
		E74A307C19006DD500F91D6D /* NSOrderedSet+ESAdditions.m in Sources */ = {isa = PBXBuildFile; fileRef = E74A307A19006DD500F91D6D /* NSOrderedSet+ESAdditions.m */; };
		E74A307F1900733000F91D6D /* NSTimer+ESAdditions.h in Headers */ = {isa = PBXBuildFile; fileRef = E74A307D1900733000F91D6D /* NSTimer+ESAdditions.h */; settings = {ATTRIBUTES = (Public, ); }; };
		E74A30801900733000F91D6D /* NSTimer+ESAdditions.m in Sources */ = {isa = PBXBuildFile; fileRef = E74A307E1900733000F91D6D /* NSTimer+ESAdditions.m */; };
		E74A30871900C88A00F91D6D /* UIActionSheet+ESBlock.h in Headers */ = {isa = PBXBuildFile; fileRef = E74A30811900C88A00F91D6D /* UIActionSheet+ESBlock.h */; settings = {ATTRIBUTES = (Public, ); }; };
		E74A30881900C88A00F91D6D /* UIActionSheet+ESBlock.m in Sources */ = {isa = PBXBuildFile; fileRef = E74A30821900C88A00F91D6D /* UIActionSheet+ESBlock.m */; };
		E74A30891900C88A00F91D6D /* UIAlertView+ESBlock.h in Headers */ = {isa = PBXBuildFile; fileRef = E74A30831900C88A00F91D6D /* UIAlertView+ESBlock.h */; settings = {ATTRIBUTES = (Public, ); }; };
		E74A308A1900C88A00F91D6D /* UIAlertView+ESBlock.m in Sources */ = {isa = PBXBuildFile; fileRef = E74A30841900C88A00F91D6D /* UIAlertView+ESBlock.m */; };
		E74A308B1900C88A00F91D6D /* UIView+ESShortcut.h in Headers */ = {isa = PBXBuildFile; fileRef = E74A30851900C88A00F91D6D /* UIView+ESShortcut.h */; settings = {ATTRIBUTES = (Public, ); }; };
		E74A308C1900C88A00F91D6D /* UIView+ESShortcut.m in Sources */ = {isa = PBXBuildFile; fileRef = E74A30861900C88A00F91D6D /* UIView+ESShortcut.m */; };
		E757A06D18FE63F4000DCDBD /* NSDate+ESAdditions.h in Headers */ = {isa = PBXBuildFile; fileRef = E757A05D18FE63F4000DCDBD /* NSDate+ESAdditions.h */; settings = {ATTRIBUTES = (Public, ); }; };
		E757A06E18FE63F4000DCDBD /* NSDate+ESAdditions.m in Sources */ = {isa = PBXBuildFile; fileRef = E757A05E18FE63F4000DCDBD /* NSDate+ESAdditions.m */; };
		E757A06F18FE63F4000DCDBD /* NSDictionary+ESAdditions.h in Headers */ = {isa = PBXBuildFile; fileRef = E757A05F18FE63F4000DCDBD /* NSDictionary+ESAdditions.h */; settings = {ATTRIBUTES = (Public, ); }; };
		E757A07018FE63F4000DCDBD /* NSDictionary+ESAdditions.m in Sources */ = {isa = PBXBuildFile; fileRef = E757A06018FE63F4000DCDBD /* NSDictionary+ESAdditions.m */; };
		E757A07118FE63F4000DCDBD /* NSString+ESAdditions.h in Headers */ = {isa = PBXBuildFile; fileRef = E757A06118FE63F4000DCDBD /* NSString+ESAdditions.h */; settings = {ATTRIBUTES = (Public, ); }; };
		E757A07218FE63F4000DCDBD /* NSString+ESAdditions.m in Sources */ = {isa = PBXBuildFile; fileRef = E757A06218FE63F4000DCDBD /* NSString+ESAdditions.m */; };
		E757A07318FE63F4000DCDBD /* NSURL+ESAdditions.h in Headers */ = {isa = PBXBuildFile; fileRef = E757A06318FE63F4000DCDBD /* NSURL+ESAdditions.h */; settings = {ATTRIBUTES = (Public, ); }; };
		E757A07418FE63F4000DCDBD /* NSURL+ESAdditions.m in Sources */ = {isa = PBXBuildFile; fileRef = E757A06418FE63F4000DCDBD /* NSURL+ESAdditions.m */; };
		E757A07518FE63F4000DCDBD /* NSUserDefaults+ESAdditions.h in Headers */ = {isa = PBXBuildFile; fileRef = E757A06518FE63F4000DCDBD /* NSUserDefaults+ESAdditions.h */; settings = {ATTRIBUTES = (Public, ); }; };
		E757A07618FE63F4000DCDBD /* NSUserDefaults+ESAdditions.m in Sources */ = {isa = PBXBuildFile; fileRef = E757A06618FE63F4000DCDBD /* NSUserDefaults+ESAdditions.m */; };
		E757A07718FE63F4000DCDBD /* ESFormatter.h in Headers */ = {isa = PBXBuildFile; fileRef = E757A06818FE63F4000DCDBD /* ESFormatter.h */; settings = {ATTRIBUTES = (Public, ); }; };
		E757A07818FE63F4000DCDBD /* ESFormatter.m in Sources */ = {isa = PBXBuildFile; fileRef = E757A06918FE63F4000DCDBD /* ESFormatter.m */; };
		E757A07918FE63F4000DCDBD /* ESHash.h in Headers */ = {isa = PBXBuildFile; fileRef = E757A06B18FE63F4000DCDBD /* ESHash.h */; settings = {ATTRIBUTES = (Public, ); }; };
		E757A07A18FE63F4000DCDBD /* ESHash.m in Sources */ = {isa = PBXBuildFile; fileRef = E757A06C18FE63F4000DCDBD /* ESHash.m */; };
		E793AB7618FDD03300487E34 /* SwipeView.h in Headers */ = {isa = PBXBuildFile; fileRef = E793AB7418FDD03300487E34 /* SwipeView.h */; settings = {ATTRIBUTES = (Public, ); }; };
		E793AB7718FDD03300487E34 /* SwipeView.m in Sources */ = {isa = PBXBuildFile; fileRef = E793AB7518FDD03300487E34 /* SwipeView.m */; };
		E793AB9318FDDC3F00487E34 /* UIBarButtonItem+ESAdditions.h in Headers */ = {isa = PBXBuildFile; fileRef = E793AB8218FDDC3F00487E34 /* UIBarButtonItem+ESAdditions.h */; settings = {ATTRIBUTES = (Public, ); }; };
		E793AB9418FDDC3F00487E34 /* UIBarButtonItem+ESAdditions.m in Sources */ = {isa = PBXBuildFile; fileRef = E793AB8318FDDC3F00487E34 /* UIBarButtonItem+ESAdditions.m */; };
		E793AB9518FDDC3F00487E34 /* UIColor+ESFormat.h in Headers */ = {isa = PBXBuildFile; fileRef = E793AB8418FDDC3F00487E34 /* UIColor+ESFormat.h */; settings = {ATTRIBUTES = (Public, ); }; };
		E793AB9618FDDC3F00487E34 /* UIColor+ESFormat.m in Sources */ = {isa = PBXBuildFile; fileRef = E793AB8518FDDC3F00487E34 /* UIColor+ESFormat.m */; };
		E793AB9718FDDC3F00487E34 /* UIImage+ESAdditions.h in Headers */ = {isa = PBXBuildFile; fileRef = E793AB8618FDDC3F00487E34 /* UIImage+ESAdditions.h */; settings = {ATTRIBUTES = (Public, ); }; };
		E793AB9818FDDC3F00487E34 /* UIImage+ESAdditions.m in Sources */ = {isa = PBXBuildFile; fileRef = E793AB8718FDDC3F00487E34 /* UIImage+ESAdditions.m */; };
		E793AB9918FDDC3F00487E34 /* UIView+ESAdditions.h in Headers */ = {isa = PBXBuildFile; fileRef = E793AB8818FDDC3F00487E34 /* UIView+ESAdditions.h */; settings = {ATTRIBUTES = (Public, ); }; };
		E793AB9A18FDDC3F00487E34 /* UIView+ESAdditions.m in Sources */ = {isa = PBXBuildFile; fileRef = E793AB8918FDDC3F00487E34 /* UIView+ESAdditions.m */; };
		E793AB9D18FDDC3F00487E34 /* ESAnimations.h in Headers */ = {isa = PBXBuildFile; fileRef = E793AB8D18FDDC3F00487E34 /* ESAnimations.h */; settings = {ATTRIBUTES = (Public, ); }; };
		E793AB9E18FDDC3F00487E34 /* ESAnimations.m in Sources */ = {isa = PBXBuildFile; fileRef = E793AB8E18FDDC3F00487E34 /* ESAnimations.m */; };
		E7BCF63718F98614006D920E /* Foundation.framework in Frameworks */ = {isa = PBXBuildFile; fileRef = E7522DF318EC427E0087B95E /* Foundation.framework */; };
		E7BCF67518F98B92006D920E /* Foundation.framework in Frameworks */ = {isa = PBXBuildFile; fileRef = E7522DF318EC427E0087B95E /* Foundation.framework */; };
		E7BCF6B318F98C27006D920E /* Foundation.framework in Frameworks */ = {isa = PBXBuildFile; fileRef = E7522DF318EC427E0087B95E /* Foundation.framework */; };
		E7BCF6ED18F98C4B006D920E /* Foundation.framework in Frameworks */ = {isa = PBXBuildFile; fileRef = E7522DF318EC427E0087B95E /* Foundation.framework */; };
		E7BCF71C18F98ED6006D920E /* ESApp.h in Headers */ = {isa = PBXBuildFile; fileRef = E7BCF71118F98ED6006D920E /* ESApp.h */; settings = {ATTRIBUTES = (Public, ); }; };
		E7BCF71E18F98ED6006D920E /* ESApp.m in Sources */ = {isa = PBXBuildFile; fileRef = E7BCF71218F98ED6006D920E /* ESApp.m */; };
		E7BCF72018F98ED6006D920E /* ESApp+Helper.m in Sources */ = {isa = PBXBuildFile; fileRef = E7BCF71318F98ED6006D920E /* ESApp+Helper.m */; };
		E7BCF72418F98ED6006D920E /* ESApp+UI.m in Sources */ = {isa = PBXBuildFile; fileRef = E7BCF71518F98ED6006D920E /* ESApp+UI.m */; };
		E7BCF73B18F98F27006D920E /* ESFrameworkFoundation.h in Headers */ = {isa = PBXBuildFile; fileRef = E7BCF72F18F98F27006D920E /* ESFrameworkFoundation.h */; settings = {ATTRIBUTES = (Public, ); }; };
		E7BCF7B718F996F5006D920E /* Foundation.framework in Frameworks */ = {isa = PBXBuildFile; fileRef = E7522DF318EC427E0087B95E /* Foundation.framework */; };
		E7BCF7C218F99825006D920E /* ESValue.h in Headers */ = {isa = PBXBuildFile; fileRef = E7BCF7C018F99825006D920E /* ESValue.h */; settings = {ATTRIBUTES = (Public, ); }; };
		E7BCF7C318F99825006D920E /* ESValue.m in Sources */ = {isa = PBXBuildFile; fileRef = E7BCF7C118F99825006D920E /* ESValue.m */; };
		E7BCF7C618FA5AB1006D920E /* UIDevice+ESInfo.h in Headers */ = {isa = PBXBuildFile; fileRef = E7BCF7C418FA5AB1006D920E /* UIDevice+ESInfo.h */; settings = {ATTRIBUTES = (Public, ); }; };
		E7BCF7C718FA5AB1006D920E /* UIDevice+ESInfo.m in Sources */ = {isa = PBXBuildFile; fileRef = E7BCF7C518FA5AB1006D920E /* UIDevice+ESInfo.m */; };
		E7C9472F18FBE0530034B110 /* ESDefines.h in Headers */ = {isa = PBXBuildFile; fileRef = E7C9472D18FBE0530034B110 /* ESDefines.h */; settings = {ATTRIBUTES = (Public, ); }; };
		E7C9473018FBE0530034B110 /* ESDefines.m in Sources */ = {isa = PBXBuildFile; fileRef = E7C9472E18FBE0530034B110 /* ESDefines.m */; };
		E7C9475118FC7E7C0034B110 /* ESBadgeView.h in Headers */ = {isa = PBXBuildFile; fileRef = E7C9474F18FC7E7C0034B110 /* ESBadgeView.h */; settings = {ATTRIBUTES = (Public, ); }; };
		E7C9475218FC7E7C0034B110 /* ESBadgeView.m in Sources */ = {isa = PBXBuildFile; fileRef = E7C9475018FC7E7C0034B110 /* ESBadgeView.m */; };
		E7FEF4F118FA64DE006E1682 /* ESFrameworkCore.h in Headers */ = {isa = PBXBuildFile; fileRef = E7FEF4F018FA64DE006E1682 /* ESFrameworkCore.h */; settings = {ATTRIBUTES = (Public, ); }; };
		E7FEF4F918FA7114006E1682 /* OpenUDID.h in Headers */ = {isa = PBXBuildFile; fileRef = E7FEF4F618FA7114006E1682 /* OpenUDID.h */; settings = {ATTRIBUTES = (Public, ); }; };
		E7FEF4FA18FA7114006E1682 /* OpenUDID.m in Sources */ = {isa = PBXBuildFile; fileRef = E7FEF4F718FA7114006E1682 /* OpenUDID.m */; };
		E7FEF50318FA7193006E1682 /* Reachability.h in Headers */ = {isa = PBXBuildFile; fileRef = E7FEF4FE18FA7193006E1682 /* Reachability.h */; settings = {ATTRIBUTES = (Public, ); }; };
		E7FEF50418FA7193006E1682 /* Reachability.m in Sources */ = {isa = PBXBuildFile; fileRef = E7FEF4FF18FA7193006E1682 /* Reachability.m */; };
		E7FEF50518FA7193006E1682 /* UIDevice+Reachability.h in Headers */ = {isa = PBXBuildFile; fileRef = E7FEF50118FA7193006E1682 /* UIDevice+Reachability.h */; settings = {ATTRIBUTES = (Public, ); }; };
		E7FEF50618FA7193006E1682 /* UIDevice+Reachability.m in Sources */ = {isa = PBXBuildFile; fileRef = E7FEF50218FA7193006E1682 /* UIDevice+Reachability.m */; };
		E7FEF50818FA71C9006E1682 /* ESFrameworkNetwork.h in Headers */ = {isa = PBXBuildFile; fileRef = E7FEF50718FA71C2006E1682 /* ESFrameworkNetwork.h */; settings = {ATTRIBUTES = (Public, ); }; };
		E7FEF50918FA728F006E1682 /* ESFrameworkStoreKit.h in Headers */ = {isa = PBXBuildFile; fileRef = E7BCF77D18F98F78006D920E /* ESFrameworkStoreKit.h */; settings = {ATTRIBUTES = (Public, ); }; };
		E7FEF50A18FA728F006E1682 /* ESStoreProductViewControllerManager.h in Headers */ = {isa = PBXBuildFile; fileRef = E7BCF77E18F98F78006D920E /* ESStoreProductViewControllerManager.h */; settings = {ATTRIBUTES = (Public, ); }; };
		E7FEF50B18FA728F006E1682 /* ESStoreUtilities.h in Headers */ = {isa = PBXBuildFile; fileRef = E7BCF78018F98F78006D920E /* ESStoreUtilities.h */; settings = {ATTRIBUTES = (Public, ); }; };
		E7FEF50C18FA7297006E1682 /* ESStoreProductViewControllerManager.m in Sources */ = {isa = PBXBuildFile; fileRef = E7BCF77F18F98F78006D920E /* ESStoreProductViewControllerManager.m */; };
		E7FEF50D18FA7297006E1682 /* ESStoreUtilities.m in Sources */ = {isa = PBXBuildFile; fileRef = E7BCF78118F98F78006D920E /* ESStoreUtilities.m */; };
/* End PBXBuildFile section */

/* Begin PBXContainerItemProxy section */
		E7223F4F18FE83F9006BCC0D /* PBXContainerItemProxy */ = {
			isa = PBXContainerItemProxy;
			containerPortal = E7522DE818EC427E0087B95E /* Project object */;
			proxyType = 1;
			remoteGlobalIDString = E714E39418FE796600CAF140;
			remoteInfo = ESFrameworkResources;
		};
		E7926A5A18FBC16A00CD276F /* PBXContainerItemProxy */ = {
			isa = PBXContainerItemProxy;
			containerPortal = E7522DE818EC427E0087B95E /* Project object */;
			proxyType = 1;
			remoteGlobalIDString = E7BCF61D18F98614006D920E;
			remoteInfo = Core;
		};
		E7C946B618FBD30D0034B110 /* PBXContainerItemProxy */ = {
			isa = PBXContainerItemProxy;
			containerPortal = E7522DE818EC427E0087B95E /* Project object */;
			proxyType = 1;
			remoteGlobalIDString = E7BCF65B18F98B92006D920E;
			remoteInfo = Foundation;
		};
		E7C946CA18FBD4740034B110 /* PBXContainerItemProxy */ = {
			isa = PBXContainerItemProxy;
			containerPortal = E7522DE818EC427E0087B95E /* Project object */;
			proxyType = 1;
			remoteGlobalIDString = E7BCF69918F98C27006D920E;
			remoteInfo = UIKit;
		};
		E7C946CC18FBD47D0034B110 /* PBXContainerItemProxy */ = {
			isa = PBXContainerItemProxy;
			containerPortal = E7522DE818EC427E0087B95E /* Project object */;
			proxyType = 1;
			remoteGlobalIDString = E7BCF7B418F996F5006D920E;
			remoteInfo = Network;
		};
		E7C946CF18FBD4880034B110 /* PBXContainerItemProxy */ = {
			isa = PBXContainerItemProxy;
			containerPortal = E7522DE818EC427E0087B95E /* Project object */;
			proxyType = 1;
			remoteGlobalIDString = E7BCF6D318F98C4B006D920E;
			remoteInfo = StoreKit;
		};
/* End PBXContainerItemProxy section */

/* Begin PBXCopyFilesBuildPhase section */
		E7BCF63818F98614006D920E /* CopyFiles */ = {
			isa = PBXCopyFilesBuildPhase;
			buildActionMask = 2147483647;
			dstPath = "include/$(PRODUCT_NAME)";
			dstSubfolderSpec = 16;
			files = (
			);
			runOnlyForDeploymentPostprocessing = 0;
		};
		E7BCF67618F98B92006D920E /* CopyFiles */ = {
			isa = PBXCopyFilesBuildPhase;
			buildActionMask = 2147483647;
			dstPath = "include/$(PRODUCT_NAME)";
			dstSubfolderSpec = 16;
			files = (
			);
			runOnlyForDeploymentPostprocessing = 0;
		};
		E7BCF6B418F98C27006D920E /* CopyFiles */ = {
			isa = PBXCopyFilesBuildPhase;
			buildActionMask = 2147483647;
			dstPath = "include/$(PRODUCT_NAME)";
			dstSubfolderSpec = 16;
			files = (
			);
			runOnlyForDeploymentPostprocessing = 0;
		};
		E7BCF6EE18F98C4B006D920E /* CopyFiles */ = {
			isa = PBXCopyFilesBuildPhase;
			buildActionMask = 2147483647;
			dstPath = "include/$(PRODUCT_NAME)";
			dstSubfolderSpec = 16;
			files = (
			);
			runOnlyForDeploymentPostprocessing = 0;
		};
		E7BCF7B818F996F5006D920E /* CopyFiles */ = {
			isa = PBXCopyFilesBuildPhase;
			buildActionMask = 2147483647;
			dstPath = "include/$(PRODUCT_NAME)";
			dstSubfolderSpec = 16;
			files = (
			);
			runOnlyForDeploymentPostprocessing = 0;
		};
/* End PBXCopyFilesBuildPhase section */

/* Begin PBXFileReference section */
		E70F7E5E1901143C007A6ACB /* UIControl+ESAdditions.h */ = {isa = PBXFileReference; fileEncoding = 4; lastKnownFileType = sourcecode.c.h; path = "UIControl+ESAdditions.h"; sourceTree = "<group>"; };
		E70F7E5F1901143C007A6ACB /* UIControl+ESAdditions.m */ = {isa = PBXFileReference; fileEncoding = 4; lastKnownFileType = sourcecode.c.objc; path = "UIControl+ESAdditions.m"; sourceTree = "<group>"; };
		E70F7E6619029CC7007A6ACB /* UIGestureRecognizer+ESAdditions.h */ = {isa = PBXFileReference; fileEncoding = 4; lastKnownFileType = sourcecode.c.h; path = "UIGestureRecognizer+ESAdditions.h"; sourceTree = "<group>"; };
		E70F7E6719029CC7007A6ACB /* UIGestureRecognizer+ESAdditions.m */ = {isa = PBXFileReference; fileEncoding = 4; lastKnownFileType = sourcecode.c.objc; path = "UIGestureRecognizer+ESAdditions.m"; sourceTree = "<group>"; };
		E714E39518FE796600CAF140 /* ESFrameworkResources.bundle */ = {isa = PBXFileReference; explicitFileType = wrapper.cfbundle; includeInIndex = 0; path = ESFrameworkResources.bundle; sourceTree = BUILT_PRODUCTS_DIR; };
		E7223F3918FE7BEC006BCC0D /* en */ = {isa = PBXFileReference; lastKnownFileType = text.plist.strings; name = en; path = en.lproj/Localizable.strings; sourceTree = "<group>"; };
		E7223F3B18FE7BF3006BCC0D /* zh-Hans */ = {isa = PBXFileReference; lastKnownFileType = text.plist.strings; name = "zh-Hans"; path = "zh-Hans.lproj/Localizable.strings"; sourceTree = "<group>"; };
		E7223F4B18FE83D9006BCC0D /* ESTimeIntervalFormatter.h */ = {isa = PBXFileReference; fileEncoding = 4; lastKnownFileType = sourcecode.c.h; path = ESTimeIntervalFormatter.h; sourceTree = "<group>"; };
		E7223F4C18FE83D9006BCC0D /* ESTimeIntervalFormatter.m */ = {isa = PBXFileReference; fileEncoding = 4; lastKnownFileType = sourcecode.c.objc; path = ESTimeIntervalFormatter.m; sourceTree = "<group>"; };
		E74A307118FFD22700F91D6D /* NSArray+ESAdditions.h */ = {isa = PBXFileReference; fileEncoding = 4; lastKnownFileType = sourcecode.c.h; path = "NSArray+ESAdditions.h"; sourceTree = "<group>"; };
		E74A307218FFD22700F91D6D /* NSArray+ESAdditions.m */ = {isa = PBXFileReference; fileEncoding = 4; lastKnownFileType = sourcecode.c.objc; path = "NSArray+ESAdditions.m"; sourceTree = "<group>"; };
		E74A3075190064B100F91D6D /* NSSet+ESAdditions.h */ = {isa = PBXFileReference; fileEncoding = 4; lastKnownFileType = sourcecode.c.h; path = "NSSet+ESAdditions.h"; sourceTree = "<group>"; };
		E74A3076190064B100F91D6D /* NSSet+ESAdditions.m */ = {isa = PBXFileReference; fileEncoding = 4; lastKnownFileType = sourcecode.c.objc; path = "NSSet+ESAdditions.m"; sourceTree = "<group>"; };
		E74A307919006DD500F91D6D /* NSOrderedSet+ESAdditions.h */ = {isa = PBXFileReference; fileEncoding = 4; lastKnownFileType = sourcecode.c.h; path = "NSOrderedSet+ESAdditions.h"; sourceTree = "<group>"; };
		E74A307A19006DD500F91D6D /* NSOrderedSet+ESAdditions.m */ = {isa = PBXFileReference; fileEncoding = 4; lastKnownFileType = sourcecode.c.objc; path = "NSOrderedSet+ESAdditions.m"; sourceTree = "<group>"; };
		E74A307D1900733000F91D6D /* NSTimer+ESAdditions.h */ = {isa = PBXFileReference; fileEncoding = 4; lastKnownFileType = sourcecode.c.h; path = "NSTimer+ESAdditions.h"; sourceTree = "<group>"; };
		E74A307E1900733000F91D6D /* NSTimer+ESAdditions.m */ = {isa = PBXFileReference; fileEncoding = 4; lastKnownFileType = sourcecode.c.objc; path = "NSTimer+ESAdditions.m"; sourceTree = "<group>"; };
		E74A30811900C88A00F91D6D /* UIActionSheet+ESBlock.h */ = {isa = PBXFileReference; fileEncoding = 4; lastKnownFileType = sourcecode.c.h; path = "UIActionSheet+ESBlock.h"; sourceTree = "<group>"; };
		E74A30821900C88A00F91D6D /* UIActionSheet+ESBlock.m */ = {isa = PBXFileReference; fileEncoding = 4; lastKnownFileType = sourcecode.c.objc; path = "UIActionSheet+ESBlock.m"; sourceTree = "<group>"; };
		E74A30831900C88A00F91D6D /* UIAlertView+ESBlock.h */ = {isa = PBXFileReference; fileEncoding = 4; lastKnownFileType = sourcecode.c.h; path = "UIAlertView+ESBlock.h"; sourceTree = "<group>"; };
		E74A30841900C88A00F91D6D /* UIAlertView+ESBlock.m */ = {isa = PBXFileReference; fileEncoding = 4; lastKnownFileType = sourcecode.c.objc; path = "UIAlertView+ESBlock.m"; sourceTree = "<group>"; };
		E74A30851900C88A00F91D6D /* UIView+ESShortcut.h */ = {isa = PBXFileReference; fileEncoding = 4; lastKnownFileType = sourcecode.c.h; path = "UIView+ESShortcut.h"; sourceTree = "<group>"; };
		E74A30861900C88A00F91D6D /* UIView+ESShortcut.m */ = {isa = PBXFileReference; fileEncoding = 4; lastKnownFileType = sourcecode.c.objc; path = "UIView+ESShortcut.m"; sourceTree = "<group>"; };
		E7522DF318EC427E0087B95E /* Foundation.framework */ = {isa = PBXFileReference; lastKnownFileType = wrapper.framework; name = Foundation.framework; path = System/Library/Frameworks/Foundation.framework; sourceTree = SDKROOT; };
		E7522E5718EC438B0087B95E /* Prefix.pch */ = {isa = PBXFileReference; fileEncoding = 4; lastKnownFileType = sourcecode.c.h; path = Prefix.pch; sourceTree = "<group>"; };
		E7522E5818EC438B0087B95E /* Shared.xcconfig */ = {isa = PBXFileReference; fileEncoding = 4; lastKnownFileType = text.xcconfig; path = Shared.xcconfig; sourceTree = "<group>"; };
		E757A05D18FE63F4000DCDBD /* NSDate+ESAdditions.h */ = {isa = PBXFileReference; fileEncoding = 4; lastKnownFileType = sourcecode.c.h; path = "NSDate+ESAdditions.h"; sourceTree = "<group>"; };
		E757A05E18FE63F4000DCDBD /* NSDate+ESAdditions.m */ = {isa = PBXFileReference; fileEncoding = 4; lastKnownFileType = sourcecode.c.objc; path = "NSDate+ESAdditions.m"; sourceTree = "<group>"; };
		E757A05F18FE63F4000DCDBD /* NSDictionary+ESAdditions.h */ = {isa = PBXFileReference; fileEncoding = 4; lastKnownFileType = sourcecode.c.h; path = "NSDictionary+ESAdditions.h"; sourceTree = "<group>"; };
		E757A06018FE63F4000DCDBD /* NSDictionary+ESAdditions.m */ = {isa = PBXFileReference; fileEncoding = 4; lastKnownFileType = sourcecode.c.objc; path = "NSDictionary+ESAdditions.m"; sourceTree = "<group>"; };
		E757A06118FE63F4000DCDBD /* NSString+ESAdditions.h */ = {isa = PBXFileReference; fileEncoding = 4; lastKnownFileType = sourcecode.c.h; path = "NSString+ESAdditions.h"; sourceTree = "<group>"; };
		E757A06218FE63F4000DCDBD /* NSString+ESAdditions.m */ = {isa = PBXFileReference; fileEncoding = 4; lastKnownFileType = sourcecode.c.objc; path = "NSString+ESAdditions.m"; sourceTree = "<group>"; };
		E757A06318FE63F4000DCDBD /* NSURL+ESAdditions.h */ = {isa = PBXFileReference; fileEncoding = 4; lastKnownFileType = sourcecode.c.h; path = "NSURL+ESAdditions.h"; sourceTree = "<group>"; };
		E757A06418FE63F4000DCDBD /* NSURL+ESAdditions.m */ = {isa = PBXFileReference; fileEncoding = 4; lastKnownFileType = sourcecode.c.objc; path = "NSURL+ESAdditions.m"; sourceTree = "<group>"; };
		E757A06518FE63F4000DCDBD /* NSUserDefaults+ESAdditions.h */ = {isa = PBXFileReference; fileEncoding = 4; lastKnownFileType = sourcecode.c.h; path = "NSUserDefaults+ESAdditions.h"; sourceTree = "<group>"; };
		E757A06618FE63F4000DCDBD /* NSUserDefaults+ESAdditions.m */ = {isa = PBXFileReference; fileEncoding = 4; lastKnownFileType = sourcecode.c.objc; path = "NSUserDefaults+ESAdditions.m"; sourceTree = "<group>"; };
		E757A06818FE63F4000DCDBD /* ESFormatter.h */ = {isa = PBXFileReference; fileEncoding = 4; lastKnownFileType = sourcecode.c.h; path = ESFormatter.h; sourceTree = "<group>"; };
		E757A06918FE63F4000DCDBD /* ESFormatter.m */ = {isa = PBXFileReference; fileEncoding = 4; lastKnownFileType = sourcecode.c.objc; path = ESFormatter.m; sourceTree = "<group>"; };
		E757A06B18FE63F4000DCDBD /* ESHash.h */ = {isa = PBXFileReference; fileEncoding = 4; lastKnownFileType = sourcecode.c.h; path = ESHash.h; sourceTree = "<group>"; };
		E757A06C18FE63F4000DCDBD /* ESHash.m */ = {isa = PBXFileReference; fileEncoding = 4; lastKnownFileType = sourcecode.c.objc; path = ESHash.m; sourceTree = "<group>"; };
		E793AB0C18FDCF5A00487E34 /* README.md */ = {isa = PBXFileReference; fileEncoding = 4; lastKnownFileType = text; path = README.md; sourceTree = "<group>"; };
		E793AB7418FDD03300487E34 /* SwipeView.h */ = {isa = PBXFileReference; fileEncoding = 4; lastKnownFileType = sourcecode.c.h; name = SwipeView.h; path = SwipeView/SwipeView.h; sourceTree = "<group>"; };
		E793AB7518FDD03300487E34 /* SwipeView.m */ = {isa = PBXFileReference; fileEncoding = 4; lastKnownFileType = sourcecode.c.objc; name = SwipeView.m; path = SwipeView/SwipeView.m; sourceTree = "<group>"; };
		E793AB8218FDDC3F00487E34 /* UIBarButtonItem+ESAdditions.h */ = {isa = PBXFileReference; fileEncoding = 4; lastKnownFileType = sourcecode.c.h; path = "UIBarButtonItem+ESAdditions.h"; sourceTree = "<group>"; };
		E793AB8318FDDC3F00487E34 /* UIBarButtonItem+ESAdditions.m */ = {isa = PBXFileReference; fileEncoding = 4; lastKnownFileType = sourcecode.c.objc; path = "UIBarButtonItem+ESAdditions.m"; sourceTree = "<group>"; };
		E793AB8418FDDC3F00487E34 /* UIColor+ESFormat.h */ = {isa = PBXFileReference; fileEncoding = 4; lastKnownFileType = sourcecode.c.h; path = "UIColor+ESFormat.h"; sourceTree = "<group>"; };
		E793AB8518FDDC3F00487E34 /* UIColor+ESFormat.m */ = {isa = PBXFileReference; fileEncoding = 4; lastKnownFileType = sourcecode.c.objc; path = "UIColor+ESFormat.m"; sourceTree = "<group>"; };
		E793AB8618FDDC3F00487E34 /* UIImage+ESAdditions.h */ = {isa = PBXFileReference; fileEncoding = 4; lastKnownFileType = sourcecode.c.h; path = "UIImage+ESAdditions.h"; sourceTree = "<group>"; };
		E793AB8718FDDC3F00487E34 /* UIImage+ESAdditions.m */ = {isa = PBXFileReference; fileEncoding = 4; lastKnownFileType = sourcecode.c.objc; path = "UIImage+ESAdditions.m"; sourceTree = "<group>"; };
		E793AB8818FDDC3F00487E34 /* UIView+ESAdditions.h */ = {isa = PBXFileReference; fileEncoding = 4; lastKnownFileType = sourcecode.c.h; path = "UIView+ESAdditions.h"; sourceTree = "<group>"; };
		E793AB8918FDDC3F00487E34 /* UIView+ESAdditions.m */ = {isa = PBXFileReference; fileEncoding = 4; lastKnownFileType = sourcecode.c.objc; path = "UIView+ESAdditions.m"; sourceTree = "<group>"; };
		E793AB8D18FDDC3F00487E34 /* ESAnimations.h */ = {isa = PBXFileReference; fileEncoding = 4; lastKnownFileType = sourcecode.c.h; path = ESAnimations.h; sourceTree = "<group>"; };
		E793AB8E18FDDC3F00487E34 /* ESAnimations.m */ = {isa = PBXFileReference; fileEncoding = 4; lastKnownFileType = sourcecode.c.objc; path = ESAnimations.m; sourceTree = "<group>"; };
		E7BCF65618F98615006D920E /* ESFrameworkCore.a */ = {isa = PBXFileReference; explicitFileType = archive.ar; includeInIndex = 0; path = ESFrameworkCore.a; sourceTree = BUILT_PRODUCTS_DIR; };
		E7BCF65718F9863B006D920E /* CoreDebug.xcconfig */ = {isa = PBXFileReference; lastKnownFileType = text.xcconfig; path = CoreDebug.xcconfig; sourceTree = "<group>"; };
		E7BCF69418F98B92006D920E /* ESFrameworkFoundation.a */ = {isa = PBXFileReference; explicitFileType = archive.ar; includeInIndex = 0; path = ESFrameworkFoundation.a; sourceTree = BUILT_PRODUCTS_DIR; };
		E7BCF69518F98BB8006D920E /* FoundationDebug.xcconfig */ = {isa = PBXFileReference; lastKnownFileType = text.xcconfig; path = FoundationDebug.xcconfig; sourceTree = "<group>"; };
		E7BCF69718F98C01006D920E /* UIKitDebug.xcconfig */ = {isa = PBXFileReference; lastKnownFileType = text.xcconfig; path = UIKitDebug.xcconfig; sourceTree = "<group>"; };
		E7BCF6D218F98C27006D920E /* ESFrameworkUIKit.a */ = {isa = PBXFileReference; explicitFileType = archive.ar; includeInIndex = 0; path = ESFrameworkUIKit.a; sourceTree = BUILT_PRODUCTS_DIR; };
		E7BCF70C18F98C4B006D920E /* ESFrameworkStoreKit.a */ = {isa = PBXFileReference; explicitFileType = archive.ar; includeInIndex = 0; path = ESFrameworkStoreKit.a; sourceTree = BUILT_PRODUCTS_DIR; };
		E7BCF70D18F98C5E006D920E /* StoreKitDebug.xcconfig */ = {isa = PBXFileReference; lastKnownFileType = text.xcconfig; path = StoreKitDebug.xcconfig; sourceTree = "<group>"; };
		E7BCF71118F98ED6006D920E /* ESApp.h */ = {isa = PBXFileReference; fileEncoding = 4; lastKnownFileType = sourcecode.c.h; path = ESApp.h; sourceTree = "<group>"; };
		E7BCF71218F98ED6006D920E /* ESApp.m */ = {isa = PBXFileReference; fileEncoding = 4; lastKnownFileType = sourcecode.c.objc; path = ESApp.m; sourceTree = "<group>"; };
		E7BCF71318F98ED6006D920E /* ESApp+Helper.m */ = {isa = PBXFileReference; fileEncoding = 4; lastKnownFileType = sourcecode.c.objc; path = "ESApp+Helper.m"; sourceTree = "<group>"; };
		E7BCF71518F98ED6006D920E /* ESApp+UI.m */ = {isa = PBXFileReference; fileEncoding = 4; lastKnownFileType = sourcecode.c.objc; path = "ESApp+UI.m"; sourceTree = "<group>"; };
		E7BCF72F18F98F27006D920E /* ESFrameworkFoundation.h */ = {isa = PBXFileReference; fileEncoding = 4; lastKnownFileType = sourcecode.c.h; path = ESFrameworkFoundation.h; sourceTree = "<group>"; };
		E7BCF75218F98F51006D920E /* ESFrameworkUIKit.h */ = {isa = PBXFileReference; fileEncoding = 4; lastKnownFileType = sourcecode.c.h; path = ESFrameworkUIKit.h; sourceTree = "<group>"; };
		E7BCF77D18F98F78006D920E /* ESFrameworkStoreKit.h */ = {isa = PBXFileReference; fileEncoding = 4; lastKnownFileType = sourcecode.c.h; path = ESFrameworkStoreKit.h; sourceTree = "<group>"; };
		E7BCF77E18F98F78006D920E /* ESStoreProductViewControllerManager.h */ = {isa = PBXFileReference; fileEncoding = 4; lastKnownFileType = sourcecode.c.h; path = ESStoreProductViewControllerManager.h; sourceTree = "<group>"; };
		E7BCF77F18F98F78006D920E /* ESStoreProductViewControllerManager.m */ = {isa = PBXFileReference; fileEncoding = 4; lastKnownFileType = sourcecode.c.objc; path = ESStoreProductViewControllerManager.m; sourceTree = "<group>"; };
		E7BCF78018F98F78006D920E /* ESStoreUtilities.h */ = {isa = PBXFileReference; fileEncoding = 4; lastKnownFileType = sourcecode.c.h; path = ESStoreUtilities.h; sourceTree = "<group>"; };
		E7BCF78118F98F78006D920E /* ESStoreUtilities.m */ = {isa = PBXFileReference; fileEncoding = 4; lastKnownFileType = sourcecode.c.objc; path = ESStoreUtilities.m; sourceTree = "<group>"; };
		E7BCF7BD18F996F5006D920E /* ESFrameworkNetwork.a */ = {isa = PBXFileReference; explicitFileType = archive.ar; includeInIndex = 0; path = ESFrameworkNetwork.a; sourceTree = BUILT_PRODUCTS_DIR; };
		E7BCF7BF18F99735006D920E /* NetworkDebug.xcconfig */ = {isa = PBXFileReference; lastKnownFileType = text.xcconfig; path = NetworkDebug.xcconfig; sourceTree = "<group>"; };
		E7BCF7C018F99825006D920E /* ESValue.h */ = {isa = PBXFileReference; fileEncoding = 4; lastKnownFileType = sourcecode.c.h; path = ESValue.h; sourceTree = "<group>"; };
		E7BCF7C118F99825006D920E /* ESValue.m */ = {isa = PBXFileReference; fileEncoding = 4; lastKnownFileType = sourcecode.c.objc; path = ESValue.m; sourceTree = "<group>"; };
		E7BCF7C418FA5AB1006D920E /* UIDevice+ESInfo.h */ = {isa = PBXFileReference; fileEncoding = 4; lastKnownFileType = sourcecode.c.h; path = "UIDevice+ESInfo.h"; sourceTree = "<group>"; };
		E7BCF7C518FA5AB1006D920E /* UIDevice+ESInfo.m */ = {isa = PBXFileReference; fileEncoding = 4; lastKnownFileType = sourcecode.c.objc; path = "UIDevice+ESInfo.m"; sourceTree = "<group>"; };
		E7C9469A18FBC9500034B110 /* CoreFoundation.framework */ = {isa = PBXFileReference; lastKnownFileType = wrapper.framework; name = CoreFoundation.framework; path = System/Library/Frameworks/CoreFoundation.framework; sourceTree = SDKROOT; };
		E7C946A618FBC9EC0034B110 /* Bundle.xcconfig */ = {isa = PBXFileReference; lastKnownFileType = text.xcconfig; path = Bundle.xcconfig; sourceTree = "<group>"; };
		E7C9472D18FBE0530034B110 /* ESDefines.h */ = {isa = PBXFileReference; fileEncoding = 4; lastKnownFileType = sourcecode.c.h; path = ESDefines.h; sourceTree = "<group>"; };
		E7C9472E18FBE0530034B110 /* ESDefines.m */ = {isa = PBXFileReference; fileEncoding = 4; lastKnownFileType = sourcecode.c.objc; path = ESDefines.m; sourceTree = "<group>"; };
		E7C9474F18FC7E7C0034B110 /* ESBadgeView.h */ = {isa = PBXFileReference; fileEncoding = 4; lastKnownFileType = sourcecode.c.h; path = ESBadgeView.h; sourceTree = "<group>"; };
		E7C9475018FC7E7C0034B110 /* ESBadgeView.m */ = {isa = PBXFileReference; fileEncoding = 4; lastKnownFileType = sourcecode.c.objc; path = ESBadgeView.m; sourceTree = "<group>"; };
		E7EDF3F318FBA2ED0067E849 /* Debug.xcconfig */ = {isa = PBXFileReference; lastKnownFileType = text.xcconfig; path = Debug.xcconfig; sourceTree = "<group>"; };
		E7EDF3F418FBA2F50067E849 /* Release.xcconfig */ = {isa = PBXFileReference; lastKnownFileType = text.xcconfig; path = Release.xcconfig; sourceTree = "<group>"; };
		E7EDF3F518FBA5430067E849 /* CoreRelease.xcconfig */ = {isa = PBXFileReference; lastKnownFileType = text.xcconfig; path = CoreRelease.xcconfig; sourceTree = "<group>"; };
		E7EDF3F618FBA5630067E849 /* FoundationRelease.xcconfig */ = {isa = PBXFileReference; lastKnownFileType = text.xcconfig; path = FoundationRelease.xcconfig; sourceTree = "<group>"; };
		E7EDF3F718FBA5840067E849 /* UIKitRelease.xcconfig */ = {isa = PBXFileReference; lastKnownFileType = text.xcconfig; path = UIKitRelease.xcconfig; sourceTree = "<group>"; };
		E7EDF3F818FBA5990067E849 /* NetworkRelease.xcconfig */ = {isa = PBXFileReference; lastKnownFileType = text.xcconfig; path = NetworkRelease.xcconfig; sourceTree = "<group>"; };
		E7EDF3F918FBA5A60067E849 /* StoreKitRelease.xcconfig */ = {isa = PBXFileReference; lastKnownFileType = text.xcconfig; path = StoreKitRelease.xcconfig; sourceTree = "<group>"; };
		E7FEF4F018FA64DE006E1682 /* ESFrameworkCore.h */ = {isa = PBXFileReference; fileEncoding = 4; lastKnownFileType = sourcecode.c.h; path = ESFrameworkCore.h; sourceTree = "<group>"; };
		E7FEF4F618FA7114006E1682 /* OpenUDID.h */ = {isa = PBXFileReference; fileEncoding = 4; lastKnownFileType = sourcecode.c.h; path = OpenUDID.h; sourceTree = "<group>"; };
		E7FEF4F718FA7114006E1682 /* OpenUDID.m */ = {isa = PBXFileReference; fileEncoding = 4; lastKnownFileType = sourcecode.c.objc; path = OpenUDID.m; sourceTree = "<group>"; };
		E7FEF4F818FA7114006E1682 /* README.md */ = {isa = PBXFileReference; fileEncoding = 4; lastKnownFileType = text; path = README.md; sourceTree = "<group>"; };
		E7FEF4FE18FA7193006E1682 /* Reachability.h */ = {isa = PBXFileReference; fileEncoding = 4; lastKnownFileType = sourcecode.c.h; path = Reachability.h; sourceTree = "<group>"; };
		E7FEF4FF18FA7193006E1682 /* Reachability.m */ = {isa = PBXFileReference; fileEncoding = 4; lastKnownFileType = sourcecode.c.objc; path = Reachability.m; sourceTree = "<group>"; };
		E7FEF50018FA7193006E1682 /* README.md */ = {isa = PBXFileReference; fileEncoding = 4; lastKnownFileType = text; path = README.md; sourceTree = "<group>"; };
		E7FEF50118FA7193006E1682 /* UIDevice+Reachability.h */ = {isa = PBXFileReference; fileEncoding = 4; lastKnownFileType = sourcecode.c.h; path = "UIDevice+Reachability.h"; sourceTree = "<group>"; };
		E7FEF50218FA7193006E1682 /* UIDevice+Reachability.m */ = {isa = PBXFileReference; fileEncoding = 4; lastKnownFileType = sourcecode.c.objc; path = "UIDevice+Reachability.m"; sourceTree = "<group>"; };
		E7FEF50718FA71C2006E1682 /* ESFrameworkNetwork.h */ = {isa = PBXFileReference; lastKnownFileType = sourcecode.c.h; path = ESFrameworkNetwork.h; sourceTree = "<group>"; };
/* End PBXFileReference section */

/* Begin PBXFrameworksBuildPhase section */
		E714E39218FE796600CAF140 /* Frameworks */ = {
			isa = PBXFrameworksBuildPhase;
			buildActionMask = 2147483647;
			files = (
				E714E39618FE796600CAF140 /* CoreFoundation.framework in Frameworks */,
			);
			runOnlyForDeploymentPostprocessing = 0;
		};
		E7BCF63618F98614006D920E /* Frameworks */ = {
			isa = PBXFrameworksBuildPhase;
			buildActionMask = 2147483647;
			files = (
				E7BCF63718F98614006D920E /* Foundation.framework in Frameworks */,
			);
			runOnlyForDeploymentPostprocessing = 0;
		};
		E7BCF67418F98B92006D920E /* Frameworks */ = {
			isa = PBXFrameworksBuildPhase;
			buildActionMask = 2147483647;
			files = (
				E7BCF67518F98B92006D920E /* Foundation.framework in Frameworks */,
			);
			runOnlyForDeploymentPostprocessing = 0;
		};
		E7BCF6B218F98C27006D920E /* Frameworks */ = {
			isa = PBXFrameworksBuildPhase;
			buildActionMask = 2147483647;
			files = (
				E7BCF6B318F98C27006D920E /* Foundation.framework in Frameworks */,
			);
			runOnlyForDeploymentPostprocessing = 0;
		};
		E7BCF6EC18F98C4B006D920E /* Frameworks */ = {
			isa = PBXFrameworksBuildPhase;
			buildActionMask = 2147483647;
			files = (
				E7BCF6ED18F98C4B006D920E /* Foundation.framework in Frameworks */,
			);
			runOnlyForDeploymentPostprocessing = 0;
		};
		E7BCF7B618F996F5006D920E /* Frameworks */ = {
			isa = PBXFrameworksBuildPhase;
			buildActionMask = 2147483647;
			files = (
				E7BCF7B718F996F5006D920E /* Foundation.framework in Frameworks */,
			);
			runOnlyForDeploymentPostprocessing = 0;
		};
/* End PBXFrameworksBuildPhase section */

/* Begin PBXGroup section */
		E714E39718FE796600CAF140 /* ESFrameworkResources */ = {
			isa = PBXGroup;
			children = (
				E7223F3A18FE7BEC006BCC0D /* Localizable.strings */,
			);
			path = ESFrameworkResources;
			sourceTree = "<group>";
		};
		E7522DE718EC427E0087B95E = {
			isa = PBXGroup;
			children = (
				E7BCF61818F985C4006D920E /* Core */,
				E7BCF65A18F98B8E006D920E /* Foundation */,
				E7BCF69618F98BF5006D920E /* UIKit */,
				E7BCF7BE18F9971C006D920E /* Network */,
				E7BCF69818F98C1F006D920E /* StoreKit */,
				E7522E5418EC43030087B95E /* Config */,
				E714E39718FE796600CAF140 /* ESFrameworkResources */,
				E7522DF218EC427E0087B95E /* Frameworks */,
				E7522DF118EC427E0087B95E /* Products */,
			);
			sourceTree = "<group>";
		};
		E7522DF118EC427E0087B95E /* Products */ = {
			isa = PBXGroup;
			children = (
				E7BCF65618F98615006D920E /* ESFrameworkCore.a */,
				E7BCF69418F98B92006D920E /* ESFrameworkFoundation.a */,
				E7BCF6D218F98C27006D920E /* ESFrameworkUIKit.a */,
				E7BCF70C18F98C4B006D920E /* ESFrameworkStoreKit.a */,
				E7BCF7BD18F996F5006D920E /* ESFrameworkNetwork.a */,
				E714E39518FE796600CAF140 /* ESFrameworkResources.bundle */,
			);
			name = Products;
			sourceTree = "<group>";
		};
		E7522DF218EC427E0087B95E /* Frameworks */ = {
			isa = PBXGroup;
			children = (
				E7522DF318EC427E0087B95E /* Foundation.framework */,
				E7C9469A18FBC9500034B110 /* CoreFoundation.framework */,
			);
			name = Frameworks;
			sourceTree = "<group>";
		};
		E7522E5418EC43030087B95E /* Config */ = {
			isa = PBXGroup;
			children = (
				E7522E5818EC438B0087B95E /* Shared.xcconfig */,
				E7EDF3F318FBA2ED0067E849 /* Debug.xcconfig */,
				E7EDF3F418FBA2F50067E849 /* Release.xcconfig */,
				E7522E5718EC438B0087B95E /* Prefix.pch */,
				E7C946A618FBC9EC0034B110 /* Bundle.xcconfig */,
			);
			path = Config;
			sourceTree = "<group>";
		};
		E757A05C18FE63F4000DCDBD /* Additions */ = {
			isa = PBXGroup;
			children = (
				E757A06118FE63F4000DCDBD /* NSString+ESAdditions.h */,
				E757A06218FE63F4000DCDBD /* NSString+ESAdditions.m */,
				E757A06318FE63F4000DCDBD /* NSURL+ESAdditions.h */,
				E757A06418FE63F4000DCDBD /* NSURL+ESAdditions.m */,
				E757A06518FE63F4000DCDBD /* NSUserDefaults+ESAdditions.h */,
				E757A06618FE63F4000DCDBD /* NSUserDefaults+ESAdditions.m */,
				E757A05D18FE63F4000DCDBD /* NSDate+ESAdditions.h */,
				E757A05E18FE63F4000DCDBD /* NSDate+ESAdditions.m */,
				E74A307118FFD22700F91D6D /* NSArray+ESAdditions.h */,
				E74A307218FFD22700F91D6D /* NSArray+ESAdditions.m */,
				E757A05F18FE63F4000DCDBD /* NSDictionary+ESAdditions.h */,
				E757A06018FE63F4000DCDBD /* NSDictionary+ESAdditions.m */,
				E74A3075190064B100F91D6D /* NSSet+ESAdditions.h */,
				E74A3076190064B100F91D6D /* NSSet+ESAdditions.m */,
				E74A307919006DD500F91D6D /* NSOrderedSet+ESAdditions.h */,
				E74A307A19006DD500F91D6D /* NSOrderedSet+ESAdditions.m */,
				E74A307D1900733000F91D6D /* NSTimer+ESAdditions.h */,
				E74A307E1900733000F91D6D /* NSTimer+ESAdditions.m */,
			);
			path = Additions;
			sourceTree = "<group>";
		};
		E757A06718FE63F4000DCDBD /* Formatter */ = {
			isa = PBXGroup;
			children = (
				E757A06818FE63F4000DCDBD /* ESFormatter.h */,
				E757A06918FE63F4000DCDBD /* ESFormatter.m */,
				E7223F4B18FE83D9006BCC0D /* ESTimeIntervalFormatter.h */,
				E7223F4C18FE83D9006BCC0D /* ESTimeIntervalFormatter.m */,
			);
			path = Formatter;
			sourceTree = "<group>";
		};
		E757A06A18FE63F4000DCDBD /* Utilities */ = {
			isa = PBXGroup;
			children = (
				E757A06B18FE63F4000DCDBD /* ESHash.h */,
				E757A06C18FE63F4000DCDBD /* ESHash.m */,
			);
			path = Utilities;
			sourceTree = "<group>";
		};
		E793AAE418FDCF5A00487E34 /* Vendor */ = {
			isa = PBXGroup;
			children = (
				E793AAE518FDCF5A00487E34 /* SwipeView */,
			);
			path = Vendor;
			sourceTree = "<group>";
		};
		E793AAE518FDCF5A00487E34 /* SwipeView */ = {
			isa = PBXGroup;
			children = (
				E793AB7418FDD03300487E34 /* SwipeView.h */,
				E793AB7518FDD03300487E34 /* SwipeView.m */,
				E793AB0C18FDCF5A00487E34 /* README.md */,
			);
			path = SwipeView;
			sourceTree = "<group>";
		};
		E793AB7D18FDDC3F00487E34 /* Additions */ = {
			isa = PBXGroup;
			children = (
				E793AB8218FDDC3F00487E34 /* UIBarButtonItem+ESAdditions.h */,
				E793AB8318FDDC3F00487E34 /* UIBarButtonItem+ESAdditions.m */,
				E70F7E5E1901143C007A6ACB /* UIControl+ESAdditions.h */,
				E70F7E5F1901143C007A6ACB /* UIControl+ESAdditions.m */,
				E70F7E6619029CC7007A6ACB /* UIGestureRecognizer+ESAdditions.h */,
				E70F7E6719029CC7007A6ACB /* UIGestureRecognizer+ESAdditions.m */,
				E793AB8418FDDC3F00487E34 /* UIColor+ESFormat.h */,
				E793AB8518FDDC3F00487E34 /* UIColor+ESFormat.m */,
				E793AB8618FDDC3F00487E34 /* UIImage+ESAdditions.h */,
				E793AB8718FDDC3F00487E34 /* UIImage+ESAdditions.m */,
				E793AB8818FDDC3F00487E34 /* UIView+ESAdditions.h */,
				E793AB8918FDDC3F00487E34 /* UIView+ESAdditions.m */,
			);
			path = Additions;
			sourceTree = "<group>";
		};
		E793AB8C18FDDC3F00487E34 /* Animations */ = {
			isa = PBXGroup;
			children = (
				E793AB8D18FDDC3F00487E34 /* ESAnimations.h */,
				E793AB8E18FDDC3F00487E34 /* ESAnimations.m */,
			);
			path = Animations;
			sourceTree = "<group>";
		};
		E7BCF61818F985C4006D920E /* Core */ = {
			isa = PBXGroup;
			children = (
				E7FEF4F018FA64DE006E1682 /* ESFrameworkCore.h */,
				E7C9472D18FBE0530034B110 /* ESDefines.h */,
				E7C9472E18FBE0530034B110 /* ESDefines.m */,
				E7BCF71118F98ED6006D920E /* ESApp.h */,
				E7BCF71218F98ED6006D920E /* ESApp.m */,
				E7BCF71318F98ED6006D920E /* ESApp+Helper.m */,
				E7BCF71518F98ED6006D920E /* ESApp+UI.m */,
				E7BCF7C018F99825006D920E /* ESValue.h */,
				E7BCF7C118F99825006D920E /* ESValue.m */,
				E7BCF7C418FA5AB1006D920E /* UIDevice+ESInfo.h */,
				E7BCF7C518FA5AB1006D920E /* UIDevice+ESInfo.m */,
				E74A30811900C88A00F91D6D /* UIActionSheet+ESBlock.h */,
				E74A30821900C88A00F91D6D /* UIActionSheet+ESBlock.m */,
				E74A30831900C88A00F91D6D /* UIAlertView+ESBlock.h */,
				E74A30841900C88A00F91D6D /* UIAlertView+ESBlock.m */,
				E74A30851900C88A00F91D6D /* UIView+ESShortcut.h */,
				E74A30861900C88A00F91D6D /* UIView+ESShortcut.m */,
				E7FEF4F418FA7114006E1682 /* Vendor */,
				E7BCF65718F9863B006D920E /* CoreDebug.xcconfig */,
				E7EDF3F518FBA5430067E849 /* CoreRelease.xcconfig */,
			);
			path = Core;
			sourceTree = "<group>";
		};
		E7BCF65A18F98B8E006D920E /* Foundation */ = {
			isa = PBXGroup;
			children = (
				E7BCF72F18F98F27006D920E /* ESFrameworkFoundation.h */,
				E757A05C18FE63F4000DCDBD /* Additions */,
				E757A06718FE63F4000DCDBD /* Formatter */,
				E757A06A18FE63F4000DCDBD /* Utilities */,
				E7BCF69518F98BB8006D920E /* FoundationDebug.xcconfig */,
				E7EDF3F618FBA5630067E849 /* FoundationRelease.xcconfig */,
			);
			path = Foundation;
			sourceTree = "<group>";
		};
		E7BCF69618F98BF5006D920E /* UIKit */ = {
			isa = PBXGroup;
			children = (
				E7BCF75218F98F51006D920E /* ESFrameworkUIKit.h */,
				E793AB7D18FDDC3F00487E34 /* Additions */,
				E793AB8C18FDDC3F00487E34 /* Animations */,
				E7C9474E18FC7E650034B110 /* BadgeView */,
				E793AAE418FDCF5A00487E34 /* Vendor */,
				E7BCF69718F98C01006D920E /* UIKitDebug.xcconfig */,
				E7EDF3F718FBA5840067E849 /* UIKitRelease.xcconfig */,
			);
			path = UIKit;
			sourceTree = "<group>";
		};
		E7BCF69818F98C1F006D920E /* StoreKit */ = {
			isa = PBXGroup;
			children = (
				E7BCF77D18F98F78006D920E /* ESFrameworkStoreKit.h */,
				E7BCF77E18F98F78006D920E /* ESStoreProductViewControllerManager.h */,
				E7BCF77F18F98F78006D920E /* ESStoreProductViewControllerManager.m */,
				E7BCF78018F98F78006D920E /* ESStoreUtilities.h */,
				E7BCF78118F98F78006D920E /* ESStoreUtilities.m */,
				E7BCF70D18F98C5E006D920E /* StoreKitDebug.xcconfig */,
				E7EDF3F918FBA5A60067E849 /* StoreKitRelease.xcconfig */,
			);
			path = StoreKit;
			sourceTree = "<group>";
		};
		E7BCF7BE18F9971C006D920E /* Network */ = {
			isa = PBXGroup;
			children = (
				E7FEF50718FA71C2006E1682 /* ESFrameworkNetwork.h */,
				E7FEF4FB18FA7193006E1682 /* Vendor */,
				E7BCF7BF18F99735006D920E /* NetworkDebug.xcconfig */,
				E7EDF3F818FBA5990067E849 /* NetworkRelease.xcconfig */,
			);
			path = Network;
			sourceTree = "<group>";
		};
		E7C9474E18FC7E650034B110 /* BadgeView */ = {
			isa = PBXGroup;
			children = (
				E7C9474F18FC7E7C0034B110 /* ESBadgeView.h */,
				E7C9475018FC7E7C0034B110 /* ESBadgeView.m */,
			);
			path = BadgeView;
			sourceTree = "<group>";
		};
		E7FEF4F418FA7114006E1682 /* Vendor */ = {
			isa = PBXGroup;
			children = (
				E7FEF4F518FA7114006E1682 /* OpenUDID */,
			);
			path = Vendor;
			sourceTree = "<group>";
		};
		E7FEF4F518FA7114006E1682 /* OpenUDID */ = {
			isa = PBXGroup;
			children = (
				E7FEF4F618FA7114006E1682 /* OpenUDID.h */,
				E7FEF4F718FA7114006E1682 /* OpenUDID.m */,
				E7FEF4F818FA7114006E1682 /* README.md */,
			);
			path = OpenUDID;
			sourceTree = "<group>";
		};
		E7FEF4FB18FA7193006E1682 /* Vendor */ = {
			isa = PBXGroup;
			children = (
				E7FEF4FC18FA7193006E1682 /* Reachability */,
			);
			path = Vendor;
			sourceTree = "<group>";
		};
		E7FEF4FC18FA7193006E1682 /* Reachability */ = {
			isa = PBXGroup;
			children = (
				E7FEF4FE18FA7193006E1682 /* Reachability.h */,
				E7FEF4FF18FA7193006E1682 /* Reachability.m */,
				E7FEF50118FA7193006E1682 /* UIDevice+Reachability.h */,
				E7FEF50218FA7193006E1682 /* UIDevice+Reachability.m */,
				E7FEF50018FA7193006E1682 /* README.md */,
			);
			path = Reachability;
			sourceTree = "<group>";
		};
/* End PBXGroup section */

/* Begin PBXHeadersBuildPhase section */
		E7BCF63918F98614006D920E /* Headers */ = {
			isa = PBXHeadersBuildPhase;
			buildActionMask = 2147483647;
			files = (
				E7BCF7C218F99825006D920E /* ESValue.h in Headers */,
				E7FEF4F918FA7114006E1682 /* OpenUDID.h in Headers */,
				E74A30891900C88A00F91D6D /* UIAlertView+ESBlock.h in Headers */,
				E74A30871900C88A00F91D6D /* UIActionSheet+ESBlock.h in Headers */,
				E7BCF71C18F98ED6006D920E /* ESApp.h in Headers */,
				E7FEF4F118FA64DE006E1682 /* ESFrameworkCore.h in Headers */,
				E74A308B1900C88A00F91D6D /* UIView+ESShortcut.h in Headers */,
				E7BCF7C618FA5AB1006D920E /* UIDevice+ESInfo.h in Headers */,
				E7C9472F18FBE0530034B110 /* ESDefines.h in Headers */,
			);
			runOnlyForDeploymentPostprocessing = 0;
		};
		E7BCF67718F98B92006D920E /* Headers */ = {
			isa = PBXHeadersBuildPhase;
			buildActionMask = 2147483647;
			files = (
				E74A307B19006DD500F91D6D /* NSOrderedSet+ESAdditions.h in Headers */,
				E757A06F18FE63F4000DCDBD /* NSDictionary+ESAdditions.h in Headers */,
				E74A307F1900733000F91D6D /* NSTimer+ESAdditions.h in Headers */,
				E7BCF73B18F98F27006D920E /* ESFrameworkFoundation.h in Headers */,
				E757A07918FE63F4000DCDBD /* ESHash.h in Headers */,
				E74A3077190064B100F91D6D /* NSSet+ESAdditions.h in Headers */,
				E757A07318FE63F4000DCDBD /* NSURL+ESAdditions.h in Headers */,
				E7223F4D18FE83D9006BCC0D /* ESTimeIntervalFormatter.h in Headers */,
				E74A307318FFD22700F91D6D /* NSArray+ESAdditions.h in Headers */,
				E757A07118FE63F4000DCDBD /* NSString+ESAdditions.h in Headers */,
				E757A07518FE63F4000DCDBD /* NSUserDefaults+ESAdditions.h in Headers */,
				E757A06D18FE63F4000DCDBD /* NSDate+ESAdditions.h in Headers */,
				E757A07718FE63F4000DCDBD /* ESFormatter.h in Headers */,
			);
			runOnlyForDeploymentPostprocessing = 0;
		};
		E7BCF6B518F98C27006D920E /* Headers */ = {
			isa = PBXHeadersBuildPhase;
			buildActionMask = 2147483647;
			files = (
				E70F7E6819029CC7007A6ACB /* UIGestureRecognizer+ESAdditions.h in Headers */,
				E793AB9D18FDDC3F00487E34 /* ESAnimations.h in Headers */,
				E70F7E64190142BE007A6ACB /* UIControl+ESAdditions.h in Headers */,
				E793AB9518FDDC3F00487E34 /* UIColor+ESFormat.h in Headers */,
				E793AB9918FDDC3F00487E34 /* UIView+ESAdditions.h in Headers */,
				E7C9475118FC7E7C0034B110 /* ESBadgeView.h in Headers */,
				E730A8471900CA5100D0BC32 /* ESFrameworkUIKit.h in Headers */,
				E793AB7618FDD03300487E34 /* SwipeView.h in Headers */,
				E793AB9718FDDC3F00487E34 /* UIImage+ESAdditions.h in Headers */,
				E793AB9318FDDC3F00487E34 /* UIBarButtonItem+ESAdditions.h in Headers */,
			);
			runOnlyForDeploymentPostprocessing = 0;
		};
		E7BCF6EF18F98C4B006D920E /* Headers */ = {
			isa = PBXHeadersBuildPhase;
			buildActionMask = 2147483647;
			files = (
				E7FEF50918FA728F006E1682 /* ESFrameworkStoreKit.h in Headers */,
				E7FEF50B18FA728F006E1682 /* ESStoreUtilities.h in Headers */,
				E7FEF50A18FA728F006E1682 /* ESStoreProductViewControllerManager.h in Headers */,
			);
			runOnlyForDeploymentPostprocessing = 0;
		};
		E7BCF7B918F996F5006D920E /* Headers */ = {
			isa = PBXHeadersBuildPhase;
			buildActionMask = 2147483647;
			files = (
				E7FEF50818FA71C9006E1682 /* ESFrameworkNetwork.h in Headers */,
				E7FEF50318FA7193006E1682 /* Reachability.h in Headers */,
				E7FEF50518FA7193006E1682 /* UIDevice+Reachability.h in Headers */,
			);
			runOnlyForDeploymentPostprocessing = 0;
		};
/* End PBXHeadersBuildPhase section */

/* Begin PBXNativeTarget section */
		E714E39418FE796600CAF140 /* ESFrameworkResources */ = {
			isa = PBXNativeTarget;
			buildConfigurationList = E714E39E18FE796600CAF140 /* Build configuration list for PBXNativeTarget "ESFrameworkResources" */;
			buildPhases = (
				E714E39118FE796600CAF140 /* Sources */,
				E714E39218FE796600CAF140 /* Frameworks */,
				E714E39318FE796600CAF140 /* Resources */,
			);
			buildRules = (
			);
			dependencies = (
			);
			name = ESFrameworkResources;
			productName = ESFrameworkResources;
			productReference = E714E39518FE796600CAF140 /* ESFrameworkResources.bundle */;
			productType = "com.apple.product-type.bundle";
		};
		E7BCF61D18F98614006D920E /* Core */ = {
			isa = PBXNativeTarget;
			buildConfigurationList = E7BCF65318F98614006D920E /* Build configuration list for PBXNativeTarget "Core" */;
			buildPhases = (
				E7BCF61E18F98614006D920E /* Sources */,
				E7BCF63618F98614006D920E /* Frameworks */,
				E7BCF63818F98614006D920E /* CopyFiles */,
				E7BCF63918F98614006D920E /* Headers */,
				E7926A4B18FBBBB900CD276F /* Prepare Framework */,
				E7C9472618FBD6890034B110 /* Resources */,
			);
			buildRules = (
			);
			dependencies = (
			);
			name = Core;
			productName = ESFramework;
			productReference = E7BCF65618F98615006D920E /* ESFrameworkCore.a */;
			productType = "com.apple.product-type.library.static";
		};
		E7BCF65B18F98B92006D920E /* Foundation */ = {
			isa = PBXNativeTarget;
			buildConfigurationList = E7BCF69118F98B92006D920E /* Build configuration list for PBXNativeTarget "Foundation" */;
			buildPhases = (
				E7BCF65C18F98B92006D920E /* Sources */,
				E7BCF67418F98B92006D920E /* Frameworks */,
				E7BCF67618F98B92006D920E /* CopyFiles */,
				E7BCF67718F98B92006D920E /* Headers */,
				E7C946B918FBD3F10034B110 /* Prepare Framework */,
			);
			buildRules = (
			);
			dependencies = (
				E7223F5018FE83F9006BCC0D /* PBXTargetDependency */,
			);
			name = Foundation;
			productName = ESFramework;
			productReference = E7BCF69418F98B92006D920E /* ESFrameworkFoundation.a */;
			productType = "com.apple.product-type.library.static";
		};
		E7BCF69918F98C27006D920E /* UIKit */ = {
			isa = PBXNativeTarget;
			buildConfigurationList = E7BCF6CF18F98C27006D920E /* Build configuration list for PBXNativeTarget "UIKit" */;
			buildPhases = (
				E7BCF69A18F98C27006D920E /* Sources */,
				E7BCF6B218F98C27006D920E /* Frameworks */,
				E7BCF6B418F98C27006D920E /* CopyFiles */,
				E7BCF6B518F98C27006D920E /* Headers */,
				E7C946BA18FBD4050034B110 /* Prepare framework */,
			);
			buildRules = (
			);
			dependencies = (
			);
			name = UIKit;
			productName = ESFramework;
			productReference = E7BCF6D218F98C27006D920E /* ESFrameworkUIKit.a */;
			productType = "com.apple.product-type.library.static";
		};
		E7BCF6D318F98C4B006D920E /* StoreKit */ = {
			isa = PBXNativeTarget;
			buildConfigurationList = E7BCF70918F98C4B006D920E /* Build configuration list for PBXNativeTarget "StoreKit" */;
			buildPhases = (
				E7BCF6D418F98C4B006D920E /* Sources */,
				E7BCF6EC18F98C4B006D920E /* Frameworks */,
				E7BCF6EE18F98C4B006D920E /* CopyFiles */,
				E7BCF6EF18F98C4B006D920E /* Headers */,
				E7C946BB18FBD4140034B110 /* Prepare Framework */,
			);
			buildRules = (
			);
			dependencies = (
			);
			name = StoreKit;
			productName = ESFramework;
			productReference = E7BCF70C18F98C4B006D920E /* ESFrameworkStoreKit.a */;
			productType = "com.apple.product-type.library.static";
		};
		E7BCF7B418F996F5006D920E /* Network */ = {
			isa = PBXNativeTarget;
			buildConfigurationList = E7BCF7BA18F996F5006D920E /* Build configuration list for PBXNativeTarget "Network" */;
			buildPhases = (
				E7BCF7B518F996F5006D920E /* Sources */,
				E7BCF7B618F996F5006D920E /* Frameworks */,
				E7BCF7B818F996F5006D920E /* CopyFiles */,
				E7BCF7B918F996F5006D920E /* Headers */,
				E7C946BC18FBD4240034B110 /* Prepare Framework */,
			);
			buildRules = (
			);
			dependencies = (
			);
			name = Network;
			productName = ESFramework;
			productReference = E7BCF7BD18F996F5006D920E /* ESFrameworkNetwork.a */;
			productType = "com.apple.product-type.library.static";
		};
/* End PBXNativeTarget section */

/* Begin PBXProject section */
		E7522DE818EC427E0087B95E /* Project object */ = {
			isa = PBXProject;
			attributes = {
				LastUpgradeCheck = 0510;
				ORGANIZATIONNAME = www.0x123.com;
			};
			buildConfigurationList = E7522DEB18EC427E0087B95E /* Build configuration list for PBXProject "ESFramework" */;
			compatibilityVersion = "Xcode 3.2";
			developmentRegion = English;
			hasScannedForEncodings = 0;
			knownRegions = (
				en,
				"zh-Hans",
			);
			mainGroup = E7522DE718EC427E0087B95E;
			productRefGroup = E7522DF118EC427E0087B95E /* Products */;
			projectDirPath = "";
			projectRoot = "";
			targets = (
				E7BCF61D18F98614006D920E /* Core */,
				E7BCF65B18F98B92006D920E /* Foundation */,
				E7BCF69918F98C27006D920E /* UIKit */,
				E7BCF6D318F98C4B006D920E /* StoreKit */,
				E7BCF7B418F996F5006D920E /* Network */,
				E714E39418FE796600CAF140 /* ESFrameworkResources */,
				E7926A5618FBC16500CD276F /* ESFrameworkCore */,
				E7C946B218FBD3050034B110 /* ESFrameworkFoundation */,
				E7C946BD18FBD4480034B110 /* ESFrameworkUIKit */,
				E7C946C118FBD4560034B110 /* ESFrameworkNetwork */,
				E7C946C518FBD45D0034B110 /* ESFrameworkStoreKit */,
			);
		};
/* End PBXProject section */

/* Begin PBXResourcesBuildPhase section */
		E714E39318FE796600CAF140 /* Resources */ = {
			isa = PBXResourcesBuildPhase;
			buildActionMask = 2147483647;
			files = (
				E7223F3818FE7BEC006BCC0D /* Localizable.strings in Resources */,
			);
			runOnlyForDeploymentPostprocessing = 0;
		};
		E7C9472618FBD6890034B110 /* Resources */ = {
			isa = PBXResourcesBuildPhase;
			buildActionMask = 2147483647;
			files = (
			);
			runOnlyForDeploymentPostprocessing = 0;
		};
/* End PBXResourcesBuildPhase section */

/* Begin PBXShellScriptBuildPhase section */
		E7926A4B18FBBBB900CD276F /* Prepare Framework */ = {
			isa = PBXShellScriptBuildPhase;
			buildActionMask = 2147483647;
			files = (
			);
			inputPaths = (
			);
			name = "Prepare Framework";
			outputPaths = (
			);
			runOnlyForDeploymentPostprocessing = 0;
			shellPath = "/bin/sh ../scripts/prepare_framework.sh";
			shellScript = "";
		};
		E7926A5C18FBC17700CD276F /* Build Framework */ = {
			isa = PBXShellScriptBuildPhase;
			buildActionMask = 2147483647;
			files = (
			);
			inputPaths = (
			);
			name = "Build Framework";
			outputPaths = (
			);
			runOnlyForDeploymentPostprocessing = 0;
			shellPath = "/bin/sh ../scripts/build_framework.sh";
			shellScript = "";
		};
		E7C946B818FBD3560034B110 /* Build Framework */ = {
			isa = PBXShellScriptBuildPhase;
			buildActionMask = 2147483647;
			files = (
			);
			inputPaths = (
			);
			name = "Build Framework";
			outputPaths = (
			);
			runOnlyForDeploymentPostprocessing = 0;
			shellPath = "/bin/sh ../scripts/build_framework.sh";
			shellScript = "";
		};
		E7C946B918FBD3F10034B110 /* Prepare Framework */ = {
			isa = PBXShellScriptBuildPhase;
			buildActionMask = 2147483647;
			files = (
			);
			inputPaths = (
			);
			name = "Prepare Framework";
			outputPaths = (
			);
			runOnlyForDeploymentPostprocessing = 0;
			shellPath = "/bin/sh ../scripts/prepare_framework.sh";
			shellScript = "";
		};
		E7C946BA18FBD4050034B110 /* Prepare framework */ = {
			isa = PBXShellScriptBuildPhase;
			buildActionMask = 2147483647;
			files = (
			);
			inputPaths = (
			);
			name = "Prepare framework";
			outputPaths = (
			);
			runOnlyForDeploymentPostprocessing = 0;
			shellPath = "/bin/sh ../scripts/prepare_framework.sh";
			shellScript = "";
		};
		E7C946BB18FBD4140034B110 /* Prepare Framework */ = {
			isa = PBXShellScriptBuildPhase;
			buildActionMask = 2147483647;
			files = (
			);
			inputPaths = (
			);
			name = "Prepare Framework";
			outputPaths = (
			);
			runOnlyForDeploymentPostprocessing = 0;
			shellPath = "/bin/sh ../scripts/prepare_framework.sh";
			shellScript = "";
		};
		E7C946BC18FBD4240034B110 /* Prepare Framework */ = {
			isa = PBXShellScriptBuildPhase;
			buildActionMask = 2147483647;
			files = (
			);
			inputPaths = (
			);
			name = "Prepare Framework";
			outputPaths = (
			);
			runOnlyForDeploymentPostprocessing = 0;
			shellPath = "/bin/sh ../scripts/prepare_framework.sh";
			shellScript = "";
		};
		E7C946C918FBD46C0034B110 /* Build Framework */ = {
			isa = PBXShellScriptBuildPhase;
			buildActionMask = 2147483647;
			files = (
			);
			inputPaths = (
			);
			name = "Build Framework";
			outputPaths = (
			);
			runOnlyForDeploymentPostprocessing = 0;
			shellPath = "/bin/sh ../scripts/build_framework.sh";
			shellScript = "";
		};
		E7C946CE18FBD4800034B110 /* Build Framework */ = {
			isa = PBXShellScriptBuildPhase;
			buildActionMask = 2147483647;
			files = (
			);
			inputPaths = (
			);
			name = "Build Framework";
			outputPaths = (
			);
			runOnlyForDeploymentPostprocessing = 0;
			shellPath = "/bin/sh ../scripts/build_framework.sh";
			shellScript = "";
		};
		E7C946D118FBD48A0034B110 /* Build Framework */ = {
			isa = PBXShellScriptBuildPhase;
			buildActionMask = 2147483647;
			files = (
			);
			inputPaths = (
			);
			name = "Build Framework";
			outputPaths = (
			);
			runOnlyForDeploymentPostprocessing = 0;
			shellPath = "/bin/sh ../scripts/build_framework.sh";
			shellScript = "";
		};
/* End PBXShellScriptBuildPhase section */

/* Begin PBXSourcesBuildPhase section */
		E714E39118FE796600CAF140 /* Sources */ = {
			isa = PBXSourcesBuildPhase;
			buildActionMask = 2147483647;
			files = (
			);
			runOnlyForDeploymentPostprocessing = 0;
		};
		E7BCF61E18F98614006D920E /* Sources */ = {
			isa = PBXSourcesBuildPhase;
			buildActionMask = 2147483647;
			files = (
				E7C9473018FBE0530034B110 /* ESDefines.m in Sources */,
				E7BCF7C318F99825006D920E /* ESValue.m in Sources */,
				E74A308A1900C88A00F91D6D /* UIAlertView+ESBlock.m in Sources */,
				E7BCF71E18F98ED6006D920E /* ESApp.m in Sources */,
				E7FEF4FA18FA7114006E1682 /* OpenUDID.m in Sources */,
				E7BCF72018F98ED6006D920E /* ESApp+Helper.m in Sources */,
				E74A308C1900C88A00F91D6D /* UIView+ESShortcut.m in Sources */,
				E74A30881900C88A00F91D6D /* UIActionSheet+ESBlock.m in Sources */,
				E7BCF72418F98ED6006D920E /* ESApp+UI.m in Sources */,
				E7BCF7C718FA5AB1006D920E /* UIDevice+ESInfo.m in Sources */,
			);
			runOnlyForDeploymentPostprocessing = 0;
		};
		E7BCF65C18F98B92006D920E /* Sources */ = {
			isa = PBXSourcesBuildPhase;
			buildActionMask = 2147483647;
			files = (
				E74A30801900733000F91D6D /* NSTimer+ESAdditions.m in Sources */,
				E757A07818FE63F4000DCDBD /* ESFormatter.m in Sources */,
				E74A3078190064B100F91D6D /* NSSet+ESAdditions.m in Sources */,
				E74A307418FFD22700F91D6D /* NSArray+ESAdditions.m in Sources */,
				E757A07A18FE63F4000DCDBD /* ESHash.m in Sources */,
				E757A07418FE63F4000DCDBD /* NSURL+ESAdditions.m in Sources */,
				E74A307C19006DD500F91D6D /* NSOrderedSet+ESAdditions.m in Sources */,
				E757A07618FE63F4000DCDBD /* NSUserDefaults+ESAdditions.m in Sources */,
				E7223F4E18FE83D9006BCC0D /* ESTimeIntervalFormatter.m in Sources */,
				E757A07018FE63F4000DCDBD /* NSDictionary+ESAdditions.m in Sources */,
				E757A07218FE63F4000DCDBD /* NSString+ESAdditions.m in Sources */,
				E757A06E18FE63F4000DCDBD /* NSDate+ESAdditions.m in Sources */,
			);
			runOnlyForDeploymentPostprocessing = 0;
		};
		E7BCF69A18F98C27006D920E /* Sources */ = {
			isa = PBXSourcesBuildPhase;
			buildActionMask = 2147483647;
			files = (
				E793AB7718FDD03300487E34 /* SwipeView.m in Sources */,
				E7C9475218FC7E7C0034B110 /* ESBadgeView.m in Sources */,
				E70F7E6919029CC7007A6ACB /* UIGestureRecognizer+ESAdditions.m in Sources */,
				E793AB9A18FDDC3F00487E34 /* UIView+ESAdditions.m in Sources */,
				E70F7E611901143C007A6ACB /* UIControl+ESAdditions.m in Sources */,
				E793AB9818FDDC3F00487E34 /* UIImage+ESAdditions.m in Sources */,
				E793AB9E18FDDC3F00487E34 /* ESAnimations.m in Sources */,
				E793AB9618FDDC3F00487E34 /* UIColor+ESFormat.m in Sources */,
				E793AB9418FDDC3F00487E34 /* UIBarButtonItem+ESAdditions.m in Sources */,
			);
			runOnlyForDeploymentPostprocessing = 0;
		};
		E7BCF6D418F98C4B006D920E /* Sources */ = {
			isa = PBXSourcesBuildPhase;
			buildActionMask = 2147483647;
			files = (
				E7FEF50D18FA7297006E1682 /* ESStoreUtilities.m in Sources */,
				E7FEF50C18FA7297006E1682 /* ESStoreProductViewControllerManager.m in Sources */,
			);
			runOnlyForDeploymentPostprocessing = 0;
		};
		E7BCF7B518F996F5006D920E /* Sources */ = {
			isa = PBXSourcesBuildPhase;
			buildActionMask = 2147483647;
			files = (
				E7FEF50618FA7193006E1682 /* UIDevice+Reachability.m in Sources */,
				E7FEF50418FA7193006E1682 /* Reachability.m in Sources */,
			);
			runOnlyForDeploymentPostprocessing = 0;
		};
/* End PBXSourcesBuildPhase section */

/* Begin PBXTargetDependency section */
		E7223F5018FE83F9006BCC0D /* PBXTargetDependency */ = {
			isa = PBXTargetDependency;
			target = E714E39418FE796600CAF140 /* ESFrameworkResources */;
			targetProxy = E7223F4F18FE83F9006BCC0D /* PBXContainerItemProxy */;
		};
		E7926A5B18FBC16A00CD276F /* PBXTargetDependency */ = {
			isa = PBXTargetDependency;
			target = E7BCF61D18F98614006D920E /* Core */;
			targetProxy = E7926A5A18FBC16A00CD276F /* PBXContainerItemProxy */;
		};
		E7C946B718FBD30D0034B110 /* PBXTargetDependency */ = {
			isa = PBXTargetDependency;
			target = E7BCF65B18F98B92006D920E /* Foundation */;
			targetProxy = E7C946B618FBD30D0034B110 /* PBXContainerItemProxy */;
		};
		E7C946CB18FBD4740034B110 /* PBXTargetDependency */ = {
			isa = PBXTargetDependency;
			target = E7BCF69918F98C27006D920E /* UIKit */;
			targetProxy = E7C946CA18FBD4740034B110 /* PBXContainerItemProxy */;
		};
		E7C946CD18FBD47D0034B110 /* PBXTargetDependency */ = {
			isa = PBXTargetDependency;
			target = E7BCF7B418F996F5006D920E /* Network */;
			targetProxy = E7C946CC18FBD47D0034B110 /* PBXContainerItemProxy */;
		};
		E7C946D018FBD4880034B110 /* PBXTargetDependency */ = {
			isa = PBXTargetDependency;
			target = E7BCF6D318F98C4B006D920E /* StoreKit */;
			targetProxy = E7C946CF18FBD4880034B110 /* PBXContainerItemProxy */;
		};
/* End PBXTargetDependency section */

/* Begin PBXVariantGroup section */
		E7223F3A18FE7BEC006BCC0D /* Localizable.strings */ = {
			isa = PBXVariantGroup;
			children = (
				E7223F3918FE7BEC006BCC0D /* en */,
				E7223F3B18FE7BF3006BCC0D /* zh-Hans */,
			);
			name = Localizable.strings;
			sourceTree = "<group>";
		};
/* End PBXVariantGroup section */

/* Begin XCBuildConfiguration section */
		E714E39F18FE796600CAF140 /* Debug */ = {
			isa = XCBuildConfiguration;
			baseConfigurationReference = E7C946A618FBC9EC0034B110 /* Bundle.xcconfig */;
			buildSettings = {
				GCC_ENABLE_OBJC_EXCEPTIONS = YES;
				GCC_PRECOMPILE_PREFIX_HEADER = YES;
				GCC_PREFIX_HEADER = "ESFrameworkResources/ESFrameworkResources-Prefix.pch";
				GCC_PREPROCESSOR_DEFINITIONS = (
					"DEBUG=1",
					"$(inherited)",
				);
				INSTALL_PATH = "$(LOCAL_LIBRARY_DIR)/Bundles";
			};
			name = Debug;
		};
		E714E3A018FE796600CAF140 /* Release */ = {
			isa = XCBuildConfiguration;
			baseConfigurationReference = E7C946A618FBC9EC0034B110 /* Bundle.xcconfig */;
			buildSettings = {
				DEBUG_INFORMATION_FORMAT = "dwarf-with-dsym";
				GCC_ENABLE_OBJC_EXCEPTIONS = YES;
				GCC_PRECOMPILE_PREFIX_HEADER = YES;
				GCC_PREFIX_HEADER = "ESFrameworkResources/ESFrameworkResources-Prefix.pch";
				INSTALL_PATH = "$(LOCAL_LIBRARY_DIR)/Bundles";
			};
			name = Release;
		};
		E7522E1118EC427E0087B95E /* Debug */ = {
			isa = XCBuildConfiguration;
			buildSettings = {
				ALWAYS_SEARCH_USER_PATHS = NO;
				CLANG_CXX_LANGUAGE_STANDARD = "gnu++0x";
				CLANG_CXX_LIBRARY = "libc++";
				CLANG_ENABLE_MODULES = YES;
				CLANG_ENABLE_OBJC_ARC = YES;
				CLANG_WARN_BOOL_CONVERSION = YES;
				CLANG_WARN_CONSTANT_CONVERSION = YES;
				CLANG_WARN_DIRECT_OBJC_ISA_USAGE = YES_ERROR;
				CLANG_WARN_EMPTY_BODY = YES;
				CLANG_WARN_ENUM_CONVERSION = YES;
				CLANG_WARN_INT_CONVERSION = YES;
				CLANG_WARN_OBJC_ROOT_CLASS = YES_ERROR;
				CLANG_WARN__DUPLICATE_METHOD_MATCH = YES;
				GCC_C_LANGUAGE_STANDARD = gnu99;
				GCC_DYNAMIC_NO_PIC = NO;
				GCC_OPTIMIZATION_LEVEL = 0;
				GCC_PREPROCESSOR_DEFINITIONS = (
					"DEBUG=1",
					"$(inherited)",
				);
				GCC_SYMBOLS_PRIVATE_EXTERN = NO;
				GCC_WARN_64_TO_32_BIT_CONVERSION = YES;
				GCC_WARN_ABOUT_RETURN_TYPE = YES_ERROR;
				GCC_WARN_UNDECLARED_SELECTOR = YES;
				GCC_WARN_UNINITIALIZED_AUTOS = YES_AGGRESSIVE;
				GCC_WARN_UNUSED_FUNCTION = YES;
				GCC_WARN_UNUSED_VARIABLE = YES;
				IPHONEOS_DEPLOYMENT_TARGET = 7.1;
				ONLY_ACTIVE_ARCH = YES;
				SDKROOT = iphoneos;
			};
			name = Debug;
		};
		E7522E1218EC427E0087B95E /* Release */ = {
			isa = XCBuildConfiguration;
			buildSettings = {
				ALWAYS_SEARCH_USER_PATHS = NO;
				CLANG_CXX_LANGUAGE_STANDARD = "gnu++0x";
				CLANG_CXX_LIBRARY = "libc++";
				CLANG_ENABLE_MODULES = YES;
				CLANG_ENABLE_OBJC_ARC = YES;
				CLANG_WARN_BOOL_CONVERSION = YES;
				CLANG_WARN_CONSTANT_CONVERSION = YES;
				CLANG_WARN_DIRECT_OBJC_ISA_USAGE = YES_ERROR;
				CLANG_WARN_EMPTY_BODY = YES;
				CLANG_WARN_ENUM_CONVERSION = YES;
				CLANG_WARN_INT_CONVERSION = YES;
				CLANG_WARN_OBJC_ROOT_CLASS = YES_ERROR;
				CLANG_WARN__DUPLICATE_METHOD_MATCH = YES;
				ENABLE_NS_ASSERTIONS = NO;
				GCC_C_LANGUAGE_STANDARD = gnu99;
				GCC_WARN_64_TO_32_BIT_CONVERSION = YES;
				GCC_WARN_ABOUT_RETURN_TYPE = YES_ERROR;
				GCC_WARN_UNDECLARED_SELECTOR = YES;
				GCC_WARN_UNINITIALIZED_AUTOS = YES_AGGRESSIVE;
				GCC_WARN_UNUSED_FUNCTION = YES;
				GCC_WARN_UNUSED_VARIABLE = YES;
				IPHONEOS_DEPLOYMENT_TARGET = 7.1;
				SDKROOT = iphoneos;
				VALIDATE_PRODUCT = YES;
			};
			name = Release;
		};
		E7926A5818FBC16500CD276F /* Debug */ = {
			isa = XCBuildConfiguration;
			buildSettings = {
				PRODUCT_NAME = "$(TARGET_NAME)";
			};
			name = Debug;
		};
		E7926A5918FBC16500CD276F /* Release */ = {
			isa = XCBuildConfiguration;
			buildSettings = {
				PRODUCT_NAME = "$(TARGET_NAME)";
			};
			name = Release;
		};
		E7BCF65418F98614006D920E /* Debug */ = {
			isa = XCBuildConfiguration;
			baseConfigurationReference = E7BCF65718F9863B006D920E /* CoreDebug.xcconfig */;
			buildSettings = {
				DSTROOT = /tmp/ESFramework.dst;
			};
			name = Debug;
		};
		E7BCF65518F98614006D920E /* Release */ = {
			isa = XCBuildConfiguration;
			baseConfigurationReference = E7EDF3F518FBA5430067E849 /* CoreRelease.xcconfig */;
			buildSettings = {
				DSTROOT = /tmp/ESFramework.dst;
			};
			name = Release;
		};
		E7BCF69218F98B92006D920E /* Debug */ = {
			isa = XCBuildConfiguration;
			baseConfigurationReference = E7BCF69518F98BB8006D920E /* FoundationDebug.xcconfig */;
			buildSettings = {
				DSTROOT = /tmp/ESFramework.dst;
			};
			name = Debug;
		};
		E7BCF69318F98B92006D920E /* Release */ = {
			isa = XCBuildConfiguration;
			baseConfigurationReference = E7EDF3F618FBA5630067E849 /* FoundationRelease.xcconfig */;
			buildSettings = {
				DSTROOT = /tmp/ESFramework.dst;
			};
			name = Release;
		};
		E7BCF6D018F98C27006D920E /* Debug */ = {
			isa = XCBuildConfiguration;
			baseConfigurationReference = E7BCF69718F98C01006D920E /* UIKitDebug.xcconfig */;
			buildSettings = {
				DSTROOT = /tmp/ESFramework.dst;
			};
			name = Debug;
		};
		E7BCF6D118F98C27006D920E /* Release */ = {
			isa = XCBuildConfiguration;
			baseConfigurationReference = E7EDF3F718FBA5840067E849 /* UIKitRelease.xcconfig */;
			buildSettings = {
				DSTROOT = /tmp/ESFramework.dst;
			};
			name = Release;
		};
		E7BCF70A18F98C4B006D920E /* Debug */ = {
			isa = XCBuildConfiguration;
			baseConfigurationReference = E7BCF70D18F98C5E006D920E /* StoreKitDebug.xcconfig */;
			buildSettings = {
				DSTROOT = /tmp/ESFramework.dst;
			};
			name = Debug;
		};
		E7BCF70B18F98C4B006D920E /* Release */ = {
			isa = XCBuildConfiguration;
			baseConfigurationReference = E7EDF3F918FBA5A60067E849 /* StoreKitRelease.xcconfig */;
			buildSettings = {
				DSTROOT = /tmp/ESFramework.dst;
			};
			name = Release;
		};
		E7BCF7BB18F996F5006D920E /* Debug */ = {
			isa = XCBuildConfiguration;
			baseConfigurationReference = E7BCF7BF18F99735006D920E /* NetworkDebug.xcconfig */;
			buildSettings = {
				DSTROOT = /tmp/ESFramework.dst;
			};
			name = Debug;
		};
		E7BCF7BC18F996F5006D920E /* Release */ = {
			isa = XCBuildConfiguration;
			baseConfigurationReference = E7EDF3F818FBA5990067E849 /* NetworkRelease.xcconfig */;
			buildSettings = {
				DSTROOT = /tmp/ESFramework.dst;
			};
			name = Release;
		};
		E7C946B418FBD3050034B110 /* Debug */ = {
			isa = XCBuildConfiguration;
			buildSettings = {
				PRODUCT_NAME = "$(TARGET_NAME)";
			};
			name = Debug;
		};
		E7C946B518FBD3050034B110 /* Release */ = {
			isa = XCBuildConfiguration;
			buildSettings = {
				PRODUCT_NAME = "$(TARGET_NAME)";
			};
			name = Release;
		};
		E7C946BF18FBD4480034B110 /* Debug */ = {
			isa = XCBuildConfiguration;
			buildSettings = {
				PRODUCT_NAME = "$(TARGET_NAME)";
			};
			name = Debug;
		};
		E7C946C018FBD4480034B110 /* Release */ = {
			isa = XCBuildConfiguration;
			buildSettings = {
				PRODUCT_NAME = "$(TARGET_NAME)";
			};
			name = Release;
		};
		E7C946C318FBD4560034B110 /* Debug */ = {
			isa = XCBuildConfiguration;
			buildSettings = {
				PRODUCT_NAME = "$(TARGET_NAME)";
			};
			name = Debug;
		};
		E7C946C418FBD4560034B110 /* Release */ = {
			isa = XCBuildConfiguration;
			buildSettings = {
				PRODUCT_NAME = "$(TARGET_NAME)";
			};
			name = Release;
		};
		E7C946C718FBD45D0034B110 /* Debug */ = {
			isa = XCBuildConfiguration;
			buildSettings = {
				PRODUCT_NAME = "$(TARGET_NAME)";
			};
			name = Debug;
		};
		E7C946C818FBD45D0034B110 /* Release */ = {
			isa = XCBuildConfiguration;
			buildSettings = {
				PRODUCT_NAME = "$(TARGET_NAME)";
			};
			name = Release;
		};
/* End XCBuildConfiguration section */

/* Begin XCConfigurationList section */
		E714E39E18FE796600CAF140 /* Build configuration list for PBXNativeTarget "ESFrameworkResources" */ = {
			isa = XCConfigurationList;
			buildConfigurations = (
				E714E39F18FE796600CAF140 /* Debug */,
				E714E3A018FE796600CAF140 /* Release */,
			);
			defaultConfigurationIsVisible = 0;
			defaultConfigurationName = Release;
		};
		E7522DEB18EC427E0087B95E /* Build configuration list for PBXProject "ESFramework" */ = {
			isa = XCConfigurationList;
			buildConfigurations = (
				E7522E1118EC427E0087B95E /* Debug */,
				E7522E1218EC427E0087B95E /* Release */,
			);
			defaultConfigurationIsVisible = 0;
			defaultConfigurationName = Release;
		};
		E7926A5718FBC16500CD276F /* Build configuration list for PBXAggregateTarget "ESFrameworkCore" */ = {
			isa = XCConfigurationList;
			buildConfigurations = (
				E7926A5818FBC16500CD276F /* Debug */,
				E7926A5918FBC16500CD276F /* Release */,
			);
			defaultConfigurationIsVisible = 0;
			defaultConfigurationName = Release;
		};
		E7BCF65318F98614006D920E /* Build configuration list for PBXNativeTarget "Core" */ = {
			isa = XCConfigurationList;
			buildConfigurations = (
				E7BCF65418F98614006D920E /* Debug */,
				E7BCF65518F98614006D920E /* Release */,
			);
			defaultConfigurationIsVisible = 0;
			defaultConfigurationName = Release;
		};
		E7BCF69118F98B92006D920E /* Build configuration list for PBXNativeTarget "Foundation" */ = {
			isa = XCConfigurationList;
			buildConfigurations = (
				E7BCF69218F98B92006D920E /* Debug */,
				E7BCF69318F98B92006D920E /* Release */,
			);
			defaultConfigurationIsVisible = 0;
			defaultConfigurationName = Release;
		};
		E7BCF6CF18F98C27006D920E /* Build configuration list for PBXNativeTarget "UIKit" */ = {
			isa = XCConfigurationList;
			buildConfigurations = (
				E7BCF6D018F98C27006D920E /* Debug */,
				E7BCF6D118F98C27006D920E /* Release */,
			);
			defaultConfigurationIsVisible = 0;
			defaultConfigurationName = Release;
		};
		E7BCF70918F98C4B006D920E /* Build configuration list for PBXNativeTarget "StoreKit" */ = {
			isa = XCConfigurationList;
			buildConfigurations = (
				E7BCF70A18F98C4B006D920E /* Debug */,
				E7BCF70B18F98C4B006D920E /* Release */,
			);
			defaultConfigurationIsVisible = 0;
			defaultConfigurationName = Release;
		};
		E7BCF7BA18F996F5006D920E /* Build configuration list for PBXNativeTarget "Network" */ = {
			isa = XCConfigurationList;
			buildConfigurations = (
				E7BCF7BB18F996F5006D920E /* Debug */,
				E7BCF7BC18F996F5006D920E /* Release */,
			);
			defaultConfigurationIsVisible = 0;
			defaultConfigurationName = Release;
		};
		E7C946B318FBD3050034B110 /* Build configuration list for PBXAggregateTarget "ESFrameworkFoundation" */ = {
			isa = XCConfigurationList;
			buildConfigurations = (
				E7C946B418FBD3050034B110 /* Debug */,
				E7C946B518FBD3050034B110 /* Release */,
			);
			defaultConfigurationIsVisible = 0;
			defaultConfigurationName = Release;
		};
		E7C946BE18FBD4480034B110 /* Build configuration list for PBXAggregateTarget "ESFrameworkUIKit" */ = {
			isa = XCConfigurationList;
			buildConfigurations = (
				E7C946BF18FBD4480034B110 /* Debug */,
				E7C946C018FBD4480034B110 /* Release */,
			);
			defaultConfigurationIsVisible = 0;
			defaultConfigurationName = Release;
		};
		E7C946C218FBD4560034B110 /* Build configuration list for PBXAggregateTarget "ESFrameworkNetwork" */ = {
			isa = XCConfigurationList;
			buildConfigurations = (
				E7C946C318FBD4560034B110 /* Debug */,
				E7C946C418FBD4560034B110 /* Release */,
			);
			defaultConfigurationIsVisible = 0;
			defaultConfigurationName = Release;
		};
		E7C946C618FBD45D0034B110 /* Build configuration list for PBXAggregateTarget "ESFrameworkStoreKit" */ = {
			isa = XCConfigurationList;
			buildConfigurations = (
				E7C946C718FBD45D0034B110 /* Debug */,
				E7C946C818FBD45D0034B110 /* Release */,
			);
			defaultConfigurationIsVisible = 0;
			defaultConfigurationName = Release;
		};
/* End XCConfigurationList section */
	};
	rootObject = E7522DE818EC427E0087B95E /* Project object */;
}
