// !$*UTF8*$!
{
	archiveVersion = 1;
	classes = {
	};
	objectVersion = 51;
	objects = {

/* Begin PBXBuildFile section */
		131AD1B12EFEB324DBF3B70C /* AppDelegate.m in Sources */ = {isa = PBXBuildFile; fileRef = B81EB0917FB4278E8BFFFD44 /* AppDelegate.m */; };
		183B652C307147541E0B967D /* AppDelegate.m in Sources */ = {isa = PBXBuildFile; fileRef = 648C01DC5C3868048403FB9A /* AppDelegate.m */; };
		1CBFE9ED94196F4156EDA2DA /* watchOS Example Extension.appex in Embed App Extensions */ = {isa = PBXBuildFile; fileRef = 5F82A95CA1CBFB21F62B1805 /* watchOS Example Extension.appex */; settings = {ATTRIBUTES = (RemoveHeadersOnCopy, ); }; };
		1E3FCD3ADF09F20C09383812 /* ESFramework.framework in Embed Frameworks */ = {isa = PBXBuildFile; fileRef = E7EEC6D1BC18A69A9BD5EDDA /* ESFramework.framework */; settings = {ATTRIBUTES = (CodeSignOnCopy, RemoveHeadersOnCopy, ); }; };
		1FC2152083E1124FC85E5D2D /* Interface.storyboard in Resources */ = {isa = PBXBuildFile; fileRef = B8344618A36E714F8BE418B1 /* Interface.storyboard */; };
		2396C1D5DDB3D484D7ACD0EF /* ESFramework.framework in Frameworks */ = {isa = PBXBuildFile; fileRef = E7EEC6D1BC18A69A9BD5EDDA /* ESFramework.framework */; };
		263753C821459CAFFA7C25BF /* Assets.xcassets in Resources */ = {isa = PBXBuildFile; fileRef = 3A69F85FCEDEE058F1EFF9AA /* Assets.xcassets */; };
		26AAF0857B8F878CB99CF69E /* AppDelegate.m in Sources */ = {isa = PBXBuildFile; fileRef = 660D24861298137EEB7A246E /* AppDelegate.m */; };
		349BCC8C4739AFA9024C497F /* Assets.xcassets in Resources */ = {isa = PBXBuildFile; fileRef = 792EE84FF69EB63204956E61 /* Assets.xcassets */; };
		37F1FF6F01D34E58B53FA8B0 /* ESFramework.framework in Frameworks */ = {isa = PBXBuildFile; fileRef = E7EEC6D1BC18A69A9BD5EDDA /* ESFramework.framework */; };
		383BE941DCC1312ED6DC8348 /* ESFramework.framework in Embed Frameworks */ = {isa = PBXBuildFile; fileRef = E7EEC6D1BC18A69A9BD5EDDA /* ESFramework.framework */; settings = {ATTRIBUTES = (CodeSignOnCopy, RemoveHeadersOnCopy, ); }; };
		3B445060603999E2217A4179 /* Assets.xcassets in Resources */ = {isa = PBXBuildFile; fileRef = 3E858E2D040C621A3191AE8F /* Assets.xcassets */; };
		3B7752ED9B7F1928F2121AD8 /* ExtensionDelegate.m in Sources */ = {isa = PBXBuildFile; fileRef = CF0E712E7B9A8448DFB25219 /* ExtensionDelegate.m */; };
		3C0C08E1A5BEB6573DE23DB2 /* TestViewController.m in Sources */ = {isa = PBXBuildFile; fileRef = D6FF028DC8B669D7F82292FC /* TestViewController.m */; };
		4D932EB66A9F67C394533B46 /* ESFramework.framework in Embed Frameworks */ = {isa = PBXBuildFile; fileRef = E7EEC6D1BC18A69A9BD5EDDA /* ESFramework.framework */; settings = {ATTRIBUTES = (CodeSignOnCopy, RemoveHeadersOnCopy, ); }; };
		59120F279A2E9388AEA3E571 /* main.m in Sources */ = {isa = PBXBuildFile; fileRef = F2738B379332FE795E9B7FAB /* main.m */; };
		5B18A7D7A58C299B91C8E4CC /* User.m in Sources */ = {isa = PBXBuildFile; fileRef = 1BAC73BEB3FB425B3CDD82F9 /* User.m */; };
		6C0585A15AE23846558AB4F7 /* ESFramework.framework in Frameworks */ = {isa = PBXBuildFile; fileRef = E7EEC6D1BC18A69A9BD5EDDA /* ESFramework.framework */; };
		76F46AE4B920A5C43A21AF26 /* main.m in Sources */ = {isa = PBXBuildFile; fileRef = 7B6B1A70AD751F51575B2768 /* main.m */; };
		8E3AD0F1449525EEF2D2EEF3 /* MainMenu.xib in Resources */ = {isa = PBXBuildFile; fileRef = 23CF91ABEEAF5864D35942A7 /* MainMenu.xib */; };
		96BFEB116F309913190F32F7 /* RootViewController.m in Sources */ = {isa = PBXBuildFile; fileRef = FAC133443870FEF761A0E3DC /* RootViewController.m */; };
		9A8C657BCBFD36A3D29910A9 /* Assets.xcassets in Resources */ = {isa = PBXBuildFile; fileRef = DAD5BF0B5D72A45CED8C651B /* Assets.xcassets */; };
		A84A23DFF95598D757DBE640 /* Main.storyboard in Resources */ = {isa = PBXBuildFile; fileRef = 1EA79455BEF7D37D5469DC36 /* Main.storyboard */; };
		A860AFCB61D16BD11BD8B4BA /* watchOS Example.app in Embed Watch Content */ = {isa = PBXBuildFile; fileRef = EEF4316F1A88881056333DE1 /* watchOS Example.app */; settings = {ATTRIBUTES = (RemoveHeadersOnCopy, ); }; };
		B2200A9E843E9690E6F8CBF5 /* ViewController.m in Sources */ = {isa = PBXBuildFile; fileRef = 246C2D14889736EF11E442E4 /* ViewController.m */; };
		B953E0D2763318FF652EC600 /* main.m in Sources */ = {isa = PBXBuildFile; fileRef = 088FD0A6BCC8080EA62DA126 /* main.m */; };
		CC02B81CFF79F4D904BD653E /* LaunchScreen.storyboard in Resources */ = {isa = PBXBuildFile; fileRef = 3D5FE873ED0F74F7FE75D018 /* LaunchScreen.storyboard */; };
		FA5393EA7CECD6124D8D580D /* Assets.xcassets in Resources */ = {isa = PBXBuildFile; fileRef = 2A4B782F2D60973B8208F1F2 /* Assets.xcassets */; };
		FACCEF5A96BED2DA16F4C625 /* InterfaceController.m in Sources */ = {isa = PBXBuildFile; fileRef = CD2E0546C5B35A27EE9BFBA2 /* InterfaceController.m */; };
/* End PBXBuildFile section */

/* Begin PBXContainerItemProxy section */
		2453DB5B71DA1D94B7AD5C4A /* PBXContainerItemProxy */ = {
			isa = PBXContainerItemProxy;
			containerPortal = CA8E1E974698BC95958F017F /* Project object */;
			proxyType = 1;
			remoteGlobalIDString = 156D6118A08805C22F93A4F9;
			remoteInfo = "watchOS Example Extension";
		};
		D375181BB15479D2294124A4 /* PBXContainerItemProxy */ = {
			isa = PBXContainerItemProxy;
			containerPortal = CA8E1E974698BC95958F017F /* Project object */;
			proxyType = 1;
			remoteGlobalIDString = D0FC1E03D7C13A6C51FA9102;
			remoteInfo = "watchOS Example";
		};
/* End PBXContainerItemProxy section */

/* Begin PBXCopyFilesBuildPhase section */
		162A46C84556358D671D3FC2 /* Embed Frameworks */ = {
			isa = PBXCopyFilesBuildPhase;
			buildActionMask = 2147483647;
			dstPath = "";
			dstSubfolderSpec = 10;
			files = (
				383BE941DCC1312ED6DC8348 /* ESFramework.framework in Embed Frameworks */,
			);
			name = "Embed Frameworks";
			runOnlyForDeploymentPostprocessing = 0;
		};
		613DA8A96BA51509E63A6D03 /* Embed App Extensions */ = {
			isa = PBXCopyFilesBuildPhase;
			buildActionMask = 2147483647;
			dstPath = "";
			dstSubfolderSpec = 13;
			files = (
				1CBFE9ED94196F4156EDA2DA /* watchOS Example Extension.appex in Embed App Extensions */,
			);
			name = "Embed App Extensions";
			runOnlyForDeploymentPostprocessing = 0;
		};
		83F7364C8DDEED088220EAA2 /* Embed Frameworks */ = {
			isa = PBXCopyFilesBuildPhase;
			buildActionMask = 2147483647;
			dstPath = "";
			dstSubfolderSpec = 10;
			files = (
				1E3FCD3ADF09F20C09383812 /* ESFramework.framework in Embed Frameworks */,
			);
			name = "Embed Frameworks";
			runOnlyForDeploymentPostprocessing = 0;
		};
		D73421F203DD7EF642AFD0E1 /* Embed Watch Content */ = {
			isa = PBXCopyFilesBuildPhase;
			buildActionMask = 2147483647;
			dstPath = "$(CONTENTS_FOLDER_PATH)/Watch";
			dstSubfolderSpec = 16;
			files = (
				A860AFCB61D16BD11BD8B4BA /* watchOS Example.app in Embed Watch Content */,
			);
			name = "Embed Watch Content";
			runOnlyForDeploymentPostprocessing = 0;
		};
		EF4ED118338A560C07797E29 /* Embed Frameworks */ = {
			isa = PBXCopyFilesBuildPhase;
			buildActionMask = 2147483647;
			dstPath = "";
			dstSubfolderSpec = 10;
			files = (
				4D932EB66A9F67C394533B46 /* ESFramework.framework in Embed Frameworks */,
			);
			name = "Embed Frameworks";
			runOnlyForDeploymentPostprocessing = 0;
		};
/* End PBXCopyFilesBuildPhase section */

/* Begin PBXFileReference section */
		01EB65C57B608B726D2A4A1E /* ViewController.h */ = {isa = PBXFileReference; lastKnownFileType = sourcecode.c.h; path = ViewController.h; sourceTree = "<group>"; };
		088FD0A6BCC8080EA62DA126 /* main.m */ = {isa = PBXFileReference; lastKnownFileType = sourcecode.c.objc; path = main.m; sourceTree = "<group>"; };
		095AA506AC8C455198E68E2B /* Base */ = {isa = PBXFileReference; lastKnownFileType = file.xib; name = Base; path = Base.lproj/MainMenu.xib; sourceTree = "<group>"; };
		09C68B2BB6C8B18EDED81274 /* Info.plist */ = {isa = PBXFileReference; lastKnownFileType = text.plist; path = Info.plist; sourceTree = "<group>"; };
		0B878EB7B94CD9ADA3A5F6C9 /* User.h */ = {isa = PBXFileReference; lastKnownFileType = sourcecode.c.h; path = User.h; sourceTree = "<group>"; };
		1BAC73BEB3FB425B3CDD82F9 /* User.m */ = {isa = PBXFileReference; lastKnownFileType = sourcecode.c.objc; path = User.m; sourceTree = "<group>"; };
		246C2D14889736EF11E442E4 /* ViewController.m */ = {isa = PBXFileReference; lastKnownFileType = sourcecode.c.objc; path = ViewController.m; sourceTree = "<group>"; };
		2A4B782F2D60973B8208F1F2 /* Assets.xcassets */ = {isa = PBXFileReference; lastKnownFileType = folder.assetcatalog; path = Assets.xcassets; sourceTree = "<group>"; };
		3A69F85FCEDEE058F1EFF9AA /* Assets.xcassets */ = {isa = PBXFileReference; lastKnownFileType = folder.assetcatalog; path = Assets.xcassets; sourceTree = "<group>"; };
		3E858E2D040C621A3191AE8F /* Assets.xcassets */ = {isa = PBXFileReference; lastKnownFileType = folder.assetcatalog; path = Assets.xcassets; sourceTree = "<group>"; };
		3F3B21C6727C539E87CC95CF /* AppDelegate.h */ = {isa = PBXFileReference; lastKnownFileType = sourcecode.c.h; path = AppDelegate.h; sourceTree = "<group>"; };
		47AAFB4FB9A2640E75B80A3F /* Info.plist */ = {isa = PBXFileReference; lastKnownFileType = text.plist; path = Info.plist; sourceTree = "<group>"; };
		514949CF6D850BA7861C29E6 /* iOS Example.entitlements */ = {isa = PBXFileReference; lastKnownFileType = text.plist.entitlements; path = "iOS Example.entitlements"; sourceTree = "<group>"; };
		5401FBF8E221F31CBBB7E8F9 /* macOS Example.entitlements */ = {isa = PBXFileReference; lastKnownFileType = text.plist.entitlements; path = "macOS Example.entitlements"; sourceTree = "<group>"; };
		5F82A95CA1CBFB21F62B1805 /* watchOS Example Extension.appex */ = {isa = PBXFileReference; explicitFileType = "wrapper.app-extension"; includeInIndex = 0; path = "watchOS Example Extension.appex"; sourceTree = BUILT_PRODUCTS_DIR; };
		6405E337A121DE789580120B /* zh-Hans */ = {isa = PBXFileReference; lastKnownFileType = text.plist.strings; name = "zh-Hans"; path = "zh-Hans.lproj/MainMenu.strings"; sourceTree = "<group>"; };
		648C01DC5C3868048403FB9A /* AppDelegate.m */ = {isa = PBXFileReference; lastKnownFileType = sourcecode.c.objc; path = AppDelegate.m; sourceTree = "<group>"; };
		660D24861298137EEB7A246E /* AppDelegate.m */ = {isa = PBXFileReference; lastKnownFileType = sourcecode.c.objc; path = AppDelegate.m; sourceTree = "<group>"; };
		6968C58403B7F63BA82F0553 /* tvOS Example.app */ = {isa = PBXFileReference; includeInIndex = 0; lastKnownFileType = wrapper.application; path = "tvOS Example.app"; sourceTree = BUILT_PRODUCTS_DIR; };
		6ECC4D3951024D2AEF61E737 /* Base */ = {isa = PBXFileReference; lastKnownFileType = file.storyboard; name = Base; path = Base.lproj/LaunchScreen.storyboard; sourceTree = "<group>"; };
		71BEC9EB8C244803F0D00742 /* RootViewController.h */ = {isa = PBXFileReference; lastKnownFileType = sourcecode.c.h; path = RootViewController.h; sourceTree = "<group>"; };
		7685BE431A622678A62DFC11 /* Base */ = {isa = PBXFileReference; lastKnownFileType = file.storyboard; name = Base; path = Base.lproj/Interface.storyboard; sourceTree = "<group>"; };
		792EE84FF69EB63204956E61 /* Assets.xcassets */ = {isa = PBXFileReference; lastKnownFileType = folder.assetcatalog; path = Assets.xcassets; sourceTree = "<group>"; };
		7B6B1A70AD751F51575B2768 /* main.m */ = {isa = PBXFileReference; lastKnownFileType = sourcecode.c.objc; path = main.m; sourceTree = "<group>"; };
		8A2327FD4C820EEE59C9F40D /* Base */ = {isa = PBXFileReference; lastKnownFileType = file.storyboard; name = Base; path = Base.lproj/Main.storyboard; sourceTree = "<group>"; };
		8ACE1992AE9E5E1DA92B255A /* InterfaceController.h */ = {isa = PBXFileReference; lastKnownFileType = sourcecode.c.h; path = InterfaceController.h; sourceTree = "<group>"; };
		90BA0767B46A94977CD79C90 /* TestViewController.h */ = {isa = PBXFileReference; lastKnownFileType = sourcecode.c.h; path = TestViewController.h; sourceTree = "<group>"; };
		9807B854872B8C7E594D3F57 /* Info.plist */ = {isa = PBXFileReference; lastKnownFileType = text.plist; path = Info.plist; sourceTree = "<group>"; };
		ABEC87730B636F41A368E11D /* Info.plist */ = {isa = PBXFileReference; lastKnownFileType = text.plist; path = Info.plist; sourceTree = "<group>"; };
		B81EB0917FB4278E8BFFFD44 /* AppDelegate.m */ = {isa = PBXFileReference; lastKnownFileType = sourcecode.c.objc; path = AppDelegate.m; sourceTree = "<group>"; };
		BE17ED8BD8C218CBE3115787 /* ExtensionDelegate.h */ = {isa = PBXFileReference; lastKnownFileType = sourcecode.c.h; path = ExtensionDelegate.h; sourceTree = "<group>"; };
		CD2E0546C5B35A27EE9BFBA2 /* InterfaceController.m */ = {isa = PBXFileReference; lastKnownFileType = sourcecode.c.objc; path = InterfaceController.m; sourceTree = "<group>"; };
		CF0E712E7B9A8448DFB25219 /* ExtensionDelegate.m */ = {isa = PBXFileReference; lastKnownFileType = sourcecode.c.objc; path = ExtensionDelegate.m; sourceTree = "<group>"; };
		D4EC1A2EF696FF0B91A63EDD /* macOS Example.app */ = {isa = PBXFileReference; explicitFileType = wrapper.application; includeInIndex = 0; path = "macOS Example.app"; sourceTree = BUILT_PRODUCTS_DIR; };
		D5087551606099E948669798 /* AppDelegate.h */ = {isa = PBXFileReference; lastKnownFileType = sourcecode.c.h; path = AppDelegate.h; sourceTree = "<group>"; };
		D6FF028DC8B669D7F82292FC /* TestViewController.m */ = {isa = PBXFileReference; lastKnownFileType = sourcecode.c.objc; path = TestViewController.m; sourceTree = "<group>"; };
		DAD5BF0B5D72A45CED8C651B /* Assets.xcassets */ = {isa = PBXFileReference; lastKnownFileType = folder.assetcatalog; path = Assets.xcassets; sourceTree = "<group>"; };
		E1CC82413255B44369F0ACD1 /* iOS Example.app */ = {isa = PBXFileReference; includeInIndex = 0; lastKnownFileType = wrapper.application; path = "iOS Example.app"; sourceTree = BUILT_PRODUCTS_DIR; };
		E7EEC6D1BC18A69A9BD5EDDA /* ESFramework.framework */ = {isa = PBXFileReference; lastKnownFileType = wrapper.framework; path = ESFramework.framework; sourceTree = BUILT_PRODUCTS_DIR; };
		EEF4316F1A88881056333DE1 /* watchOS Example.app */ = {isa = PBXFileReference; explicitFileType = wrapper.application; includeInIndex = 0; path = "watchOS Example.app"; sourceTree = BUILT_PRODUCTS_DIR; };
		F2738B379332FE795E9B7FAB /* main.m */ = {isa = PBXFileReference; lastKnownFileType = sourcecode.c.objc; path = main.m; sourceTree = "<group>"; };
		F5920DDD7F50CB80DDFCCCCF /* Info.plist */ = {isa = PBXFileReference; lastKnownFileType = text.plist; path = Info.plist; sourceTree = "<group>"; };
		FAC133443870FEF761A0E3DC /* RootViewController.m */ = {isa = PBXFileReference; lastKnownFileType = sourcecode.c.objc; path = RootViewController.m; sourceTree = "<group>"; };
		FC01135EED8D4E6712B98212 /* AppDelegate.h */ = {isa = PBXFileReference; lastKnownFileType = sourcecode.c.h; path = AppDelegate.h; sourceTree = "<group>"; };
/* End PBXFileReference section */

/* Begin PBXFrameworksBuildPhase section */
		41312FF311B59363C1501F96 /* Frameworks */ = {
			isa = PBXFrameworksBuildPhase;
			buildActionMask = 2147483647;
			files = (
				6C0585A15AE23846558AB4F7 /* ESFramework.framework in Frameworks */,
			);
			runOnlyForDeploymentPostprocessing = 0;
		};
		4FFCBF65B857AA68C07DDC6E /* Frameworks */ = {
			isa = PBXFrameworksBuildPhase;
			buildActionMask = 2147483647;
			files = (
				37F1FF6F01D34E58B53FA8B0 /* ESFramework.framework in Frameworks */,
			);
			runOnlyForDeploymentPostprocessing = 0;
		};
		F981A470EB3A6512D4E7AA40 /* Frameworks */ = {
			isa = PBXFrameworksBuildPhase;
			buildActionMask = 2147483647;
			files = (
				2396C1D5DDB3D484D7ACD0EF /* ESFramework.framework in Frameworks */,
			);
			runOnlyForDeploymentPostprocessing = 0;
		};
/* End PBXFrameworksBuildPhase section */

/* Begin PBXGroup section */
		2CEAE798A4FDAE0FF6B6A8DA /* iOS Example */ = {
			isa = PBXGroup;
			children = (
				D5087551606099E948669798 /* AppDelegate.h */,
				660D24861298137EEB7A246E /* AppDelegate.m */,
				3A69F85FCEDEE058F1EFF9AA /* Assets.xcassets */,
				F5920DDD7F50CB80DDFCCCCF /* Info.plist */,
				514949CF6D850BA7861C29E6 /* iOS Example.entitlements */,
				3D5FE873ED0F74F7FE75D018 /* LaunchScreen.storyboard */,
				F2738B379332FE795E9B7FAB /* main.m */,
				71BEC9EB8C244803F0D00742 /* RootViewController.h */,
				FAC133443870FEF761A0E3DC /* RootViewController.m */,
				90BA0767B46A94977CD79C90 /* TestViewController.h */,
				D6FF028DC8B669D7F82292FC /* TestViewController.m */,
			);
			path = "iOS Example";
			sourceTree = "<group>";
		};
		3031F8ABC084F8D43CC56342 /* Products */ = {
			isa = PBXGroup;
			children = (
				E1CC82413255B44369F0ACD1 /* iOS Example.app */,
				D4EC1A2EF696FF0B91A63EDD /* macOS Example.app */,
				6968C58403B7F63BA82F0553 /* tvOS Example.app */,
				5F82A95CA1CBFB21F62B1805 /* watchOS Example Extension.appex */,
				EEF4316F1A88881056333DE1 /* watchOS Example.app */,
			);
			name = Products;
			sourceTree = "<group>";
		};
		54E0667A38E60354DB90F776 = {
			isa = PBXGroup;
			children = (
				2CEAE798A4FDAE0FF6B6A8DA /* iOS Example */,
				6D454DDB09CDC6EECDBCC1ED /* macOS Example */,
				E0F2618CE9C52B18DBBBEA5E /* Model */,
				E8B8B057F560B857892B258C /* tvOS Example */,
				88ABBC8A4CE7D19A815AD91E /* watchOS Example */,
				967D064337FF13460B3A3C24 /* watchOS Example Extension */,
				E0BB2731AA8027A9634A6861 /* Frameworks */,
				3031F8ABC084F8D43CC56342 /* Products */,
			);
			indentWidth = 4;
			sourceTree = "<group>";
			tabWidth = 4;
			usesTabs = 0;
		};
		6D454DDB09CDC6EECDBCC1ED /* macOS Example */ = {
			isa = PBXGroup;
			children = (
				3F3B21C6727C539E87CC95CF /* AppDelegate.h */,
				B81EB0917FB4278E8BFFFD44 /* AppDelegate.m */,
				DAD5BF0B5D72A45CED8C651B /* Assets.xcassets */,
				ABEC87730B636F41A368E11D /* Info.plist */,
				5401FBF8E221F31CBBB7E8F9 /* macOS Example.entitlements */,
				088FD0A6BCC8080EA62DA126 /* main.m */,
				23CF91ABEEAF5864D35942A7 /* MainMenu.xib */,
			);
			path = "macOS Example";
			sourceTree = "<group>";
		};
		88ABBC8A4CE7D19A815AD91E /* watchOS Example */ = {
			isa = PBXGroup;
			children = (
				2A4B782F2D60973B8208F1F2 /* Assets.xcassets */,
				9807B854872B8C7E594D3F57 /* Info.plist */,
				B8344618A36E714F8BE418B1 /* Interface.storyboard */,
			);
			path = "watchOS Example";
			sourceTree = "<group>";
		};
		967D064337FF13460B3A3C24 /* watchOS Example Extension */ = {
			isa = PBXGroup;
			children = (
				792EE84FF69EB63204956E61 /* Assets.xcassets */,
				BE17ED8BD8C218CBE3115787 /* ExtensionDelegate.h */,
				CF0E712E7B9A8448DFB25219 /* ExtensionDelegate.m */,
				47AAFB4FB9A2640E75B80A3F /* Info.plist */,
				8ACE1992AE9E5E1DA92B255A /* InterfaceController.h */,
				CD2E0546C5B35A27EE9BFBA2 /* InterfaceController.m */,
			);
			path = "watchOS Example Extension";
			sourceTree = "<group>";
		};
		E0BB2731AA8027A9634A6861 /* Frameworks */ = {
			isa = PBXGroup;
			children = (
				E7EEC6D1BC18A69A9BD5EDDA /* ESFramework.framework */,
			);
			name = Frameworks;
			sourceTree = "<group>";
		};
		E0F2618CE9C52B18DBBBEA5E /* Model */ = {
			isa = PBXGroup;
			children = (
				0B878EB7B94CD9ADA3A5F6C9 /* User.h */,
				1BAC73BEB3FB425B3CDD82F9 /* User.m */,
			);
			path = Model;
			sourceTree = "<group>";
		};
		E8B8B057F560B857892B258C /* tvOS Example */ = {
			isa = PBXGroup;
			children = (
				FC01135EED8D4E6712B98212 /* AppDelegate.h */,
				648C01DC5C3868048403FB9A /* AppDelegate.m */,
				3E858E2D040C621A3191AE8F /* Assets.xcassets */,
				09C68B2BB6C8B18EDED81274 /* Info.plist */,
				7B6B1A70AD751F51575B2768 /* main.m */,
				1EA79455BEF7D37D5469DC36 /* Main.storyboard */,
				01EB65C57B608B726D2A4A1E /* ViewController.h */,
				246C2D14889736EF11E442E4 /* ViewController.m */,
			);
			path = "tvOS Example";
			sourceTree = "<group>";
		};
/* End PBXGroup section */

/* Begin PBXNativeTarget section */
		156D6118A08805C22F93A4F9 /* watchOS Example Extension */ = {
			isa = PBXNativeTarget;
			buildConfigurationList = F4AFE00854DEB6B2B91C8CAA /* Build configuration list for PBXNativeTarget "watchOS Example Extension" */;
			buildPhases = (
				EA5558F114F1B8F672E78A40 /* Sources */,
				FF1F3B3535AB196E23D2909B /* Resources */,
			);
			buildRules = (
			);
			dependencies = (
			);
			name = "watchOS Example Extension";
			productName = "watchOS Example Extension";
			productReference = 5F82A95CA1CBFB21F62B1805 /* watchOS Example Extension.appex */;
			productType = "com.apple.product-type.watchkit2-extension";
		};
		180A7FC2E230CE0338567B11 /* tvOS Example */ = {
			isa = PBXNativeTarget;
			buildConfigurationList = A95002D04C8E5E53F9A9FF6D /* Build configuration list for PBXNativeTarget "tvOS Example" */;
			buildPhases = (
				F8914375BF5A43A5F50FDD19 /* Sources */,
				9D65988C5D25EB19A3F9931A /* Resources */,
				4FFCBF65B857AA68C07DDC6E /* Frameworks */,
				83F7364C8DDEED088220EAA2 /* Embed Frameworks */,
			);
			buildRules = (
			);
			dependencies = (
			);
			name = "tvOS Example";
			productName = "tvOS Example";
			productReference = 6968C58403B7F63BA82F0553 /* tvOS Example.app */;
			productType = "com.apple.product-type.application";
		};
		6016E74BF5D33CB389ABC09C /* macOS Example */ = {
			isa = PBXNativeTarget;
			buildConfigurationList = 234A2CA25FC7669EE2A42E27 /* Build configuration list for PBXNativeTarget "macOS Example" */;
			buildPhases = (
				FAC1FBBFF38277F23463AA94 /* Sources */,
				45D036B949F0D9E05FB541D9 /* Resources */,
				F981A470EB3A6512D4E7AA40 /* Frameworks */,
				EF4ED118338A560C07797E29 /* Embed Frameworks */,
			);
			buildRules = (
			);
			dependencies = (
			);
			name = "macOS Example";
			productName = "macOS Example";
			productReference = D4EC1A2EF696FF0B91A63EDD /* macOS Example.app */;
			productType = "com.apple.product-type.application";
		};
		C580632556CB4489634395C7 /* iOS Example */ = {
			isa = PBXNativeTarget;
			buildConfigurationList = CA2F7038E19471C5EFEC2A82 /* Build configuration list for PBXNativeTarget "iOS Example" */;
			buildPhases = (
				A12BB375BED963CAC6985981 /* Sources */,
				D25503094E5BB6255D259350 /* Resources */,
				41312FF311B59363C1501F96 /* Frameworks */,
				162A46C84556358D671D3FC2 /* Embed Frameworks */,
				D73421F203DD7EF642AFD0E1 /* Embed Watch Content */,
			);
			buildRules = (
			);
			dependencies = (
				9B0275B9430ED31A5597C003 /* PBXTargetDependency */,
			);
			name = "iOS Example";
			productName = "iOS Example";
			productReference = E1CC82413255B44369F0ACD1 /* iOS Example.app */;
			productType = "com.apple.product-type.application";
		};
		D0FC1E03D7C13A6C51FA9102 /* watchOS Example */ = {
			isa = PBXNativeTarget;
			buildConfigurationList = 4EDF2F966B51BA336D91F288 /* Build configuration list for PBXNativeTarget "watchOS Example" */;
			buildPhases = (
				C1262302BB1C2B2A479F1060 /* Sources */,
				7298B847F715986439E989FE /* Resources */,
				613DA8A96BA51509E63A6D03 /* Embed App Extensions */,
			);
			buildRules = (
			);
			dependencies = (
				2854D8CA1C545FB6FF818C54 /* PBXTargetDependency */,
			);
			name = "watchOS Example";
			productName = "watchOS Example";
			productReference = EEF4316F1A88881056333DE1 /* watchOS Example.app */;
			productType = "com.apple.product-type.application.watchapp2";
		};
/* End PBXNativeTarget section */

/* Begin PBXProject section */
		CA8E1E974698BC95958F017F /* Project object */ = {
			isa = PBXProject;
			attributes = {
				LastUpgradeCheck = 1020;
				ORGANIZATIONNAME = "https://0x123.com ";
				TargetAttributes = {
					156D6118A08805C22F93A4F9 = {
						DevelopmentTeam = B86YZY7YJX;
					};
					180A7FC2E230CE0338567B11 = {
						DevelopmentTeam = B86YZY7YJX;
					};
					6016E74BF5D33CB389ABC09C = {
						DevelopmentTeam = B86YZY7YJX;
					};
					C580632556CB4489634395C7 = {
						DevelopmentTeam = B86YZY7YJX;
					};
					D0FC1E03D7C13A6C51FA9102 = {
						DevelopmentTeam = B86YZY7YJX;
					};
				};
			};
			buildConfigurationList = 36FC72E69D906F48675C62BF /* Build configuration list for PBXProject "Example" */;
			compatibilityVersion = "Xcode 10.0";
			developmentRegion = en;
			hasScannedForEncodings = 0;
			knownRegions = (
				Base,
				"zh-Hans",
			);
			mainGroup = 54E0667A38E60354DB90F776;
			projectDirPath = "";
			projectRoot = "";
			targets = (
				C580632556CB4489634395C7 /* iOS Example */,
				6016E74BF5D33CB389ABC09C /* macOS Example */,
				180A7FC2E230CE0338567B11 /* tvOS Example */,
				D0FC1E03D7C13A6C51FA9102 /* watchOS Example */,
				156D6118A08805C22F93A4F9 /* watchOS Example Extension */,
			);
		};
/* End PBXProject section */

/* Begin PBXResourcesBuildPhase section */
		45D036B949F0D9E05FB541D9 /* Resources */ = {
			isa = PBXResourcesBuildPhase;
			buildActionMask = 2147483647;
			files = (
				9A8C657BCBFD36A3D29910A9 /* Assets.xcassets in Resources */,
				8E3AD0F1449525EEF2D2EEF3 /* MainMenu.xib in Resources */,
			);
			runOnlyForDeploymentPostprocessing = 0;
		};
		7298B847F715986439E989FE /* Resources */ = {
			isa = PBXResourcesBuildPhase;
			buildActionMask = 2147483647;
			files = (
				FA5393EA7CECD6124D8D580D /* Assets.xcassets in Resources */,
				1FC2152083E1124FC85E5D2D /* Interface.storyboard in Resources */,
			);
			runOnlyForDeploymentPostprocessing = 0;
		};
		9D65988C5D25EB19A3F9931A /* Resources */ = {
			isa = PBXResourcesBuildPhase;
			buildActionMask = 2147483647;
			files = (
				3B445060603999E2217A4179 /* Assets.xcassets in Resources */,
				A84A23DFF95598D757DBE640 /* Main.storyboard in Resources */,
			);
			runOnlyForDeploymentPostprocessing = 0;
		};
		D25503094E5BB6255D259350 /* Resources */ = {
			isa = PBXResourcesBuildPhase;
			buildActionMask = 2147483647;
			files = (
				263753C821459CAFFA7C25BF /* Assets.xcassets in Resources */,
				CC02B81CFF79F4D904BD653E /* LaunchScreen.storyboard in Resources */,
			);
			runOnlyForDeploymentPostprocessing = 0;
		};
		FF1F3B3535AB196E23D2909B /* Resources */ = {
			isa = PBXResourcesBuildPhase;
			buildActionMask = 2147483647;
			files = (
				349BCC8C4739AFA9024C497F /* Assets.xcassets in Resources */,
			);
			runOnlyForDeploymentPostprocessing = 0;
		};
/* End PBXResourcesBuildPhase section */

/* Begin PBXSourcesBuildPhase section */
		A12BB375BED963CAC6985981 /* Sources */ = {
			isa = PBXSourcesBuildPhase;
			buildActionMask = 2147483647;
			files = (
				26AAF0857B8F878CB99CF69E /* AppDelegate.m in Sources */,
				96BFEB116F309913190F32F7 /* RootViewController.m in Sources */,
				3C0C08E1A5BEB6573DE23DB2 /* TestViewController.m in Sources */,
				5B18A7D7A58C299B91C8E4CC /* User.m in Sources */,
				59120F279A2E9388AEA3E571 /* main.m in Sources */,
			);
			runOnlyForDeploymentPostprocessing = 0;
		};
		C1262302BB1C2B2A479F1060 /* Sources */ = {
			isa = PBXSourcesBuildPhase;
			buildActionMask = 2147483647;
			files = (
			);
			runOnlyForDeploymentPostprocessing = 0;
		};
		EA5558F114F1B8F672E78A40 /* Sources */ = {
			isa = PBXSourcesBuildPhase;
			buildActionMask = 2147483647;
			files = (
				3B7752ED9B7F1928F2121AD8 /* ExtensionDelegate.m in Sources */,
				FACCEF5A96BED2DA16F4C625 /* InterfaceController.m in Sources */,
			);
			runOnlyForDeploymentPostprocessing = 0;
		};
		F8914375BF5A43A5F50FDD19 /* Sources */ = {
			isa = PBXSourcesBuildPhase;
			buildActionMask = 2147483647;
			files = (
				183B652C307147541E0B967D /* AppDelegate.m in Sources */,
				B2200A9E843E9690E6F8CBF5 /* ViewController.m in Sources */,
				76F46AE4B920A5C43A21AF26 /* main.m in Sources */,
			);
			runOnlyForDeploymentPostprocessing = 0;
		};
		FAC1FBBFF38277F23463AA94 /* Sources */ = {
			isa = PBXSourcesBuildPhase;
			buildActionMask = 2147483647;
			files = (
				131AD1B12EFEB324DBF3B70C /* AppDelegate.m in Sources */,
				B953E0D2763318FF652EC600 /* main.m in Sources */,
			);
			runOnlyForDeploymentPostprocessing = 0;
		};
/* End PBXSourcesBuildPhase section */

/* Begin PBXTargetDependency section */
		2854D8CA1C545FB6FF818C54 /* PBXTargetDependency */ = {
			isa = PBXTargetDependency;
			target = 156D6118A08805C22F93A4F9 /* watchOS Example Extension */;
			targetProxy = 2453DB5B71DA1D94B7AD5C4A /* PBXContainerItemProxy */;
		};
		9B0275B9430ED31A5597C003 /* PBXTargetDependency */ = {
			isa = PBXTargetDependency;
			target = D0FC1E03D7C13A6C51FA9102 /* watchOS Example */;
			targetProxy = D375181BB15479D2294124A4 /* PBXContainerItemProxy */;
		};
/* End PBXTargetDependency section */

/* Begin PBXVariantGroup section */
		1EA79455BEF7D37D5469DC36 /* Main.storyboard */ = {
			isa = PBXVariantGroup;
			children = (
				8A2327FD4C820EEE59C9F40D /* Base */,
			);
			name = Main.storyboard;
			sourceTree = "<group>";
		};
		23CF91ABEEAF5864D35942A7 /* MainMenu.xib */ = {
			isa = PBXVariantGroup;
			children = (
				095AA506AC8C455198E68E2B /* Base */,
				6405E337A121DE789580120B /* zh-Hans */,
			);
			name = MainMenu.xib;
			sourceTree = "<group>";
		};
		3D5FE873ED0F74F7FE75D018 /* LaunchScreen.storyboard */ = {
			isa = PBXVariantGroup;
			children = (
				6ECC4D3951024D2AEF61E737 /* Base */,
			);
			name = LaunchScreen.storyboard;
			sourceTree = "<group>";
		};
		B8344618A36E714F8BE418B1 /* Interface.storyboard */ = {
			isa = PBXVariantGroup;
			children = (
				7685BE431A622678A62DFC11 /* Base */,
			);
			name = Interface.storyboard;
			sourceTree = "<group>";
		};
/* End PBXVariantGroup section */

/* Begin XCBuildConfiguration section */
		1D8AF6574AE49C08AC7A8F00 /* Release */ = {
			isa = XCBuildConfiguration;
			buildSettings = {
				ASSETCATALOG_COMPILER_APPICON_NAME = AppIcon;
				CLANG_ANALYZER_LOCALIZABILITY_NONLOCALIZED = YES;
				CODE_SIGN_ENTITLEMENTS = "macOS Example/macOS Example.entitlements";
				COMBINE_HIDPI_IMAGES = YES;
				DEVELOPMENT_TEAM = B86YZY7YJX;
				FRAMEWORK_SEARCH_PATHS = (
					"$(inherited)",
					"\".\"",
				);
				INFOPLIST_FILE = "macOS Example/Info.plist";
				LD_RUNPATH_SEARCH_PATHS = (
					"$(inherited)",
					"@executable_path/../Frameworks",
				);
				PRODUCT_BUNDLE_IDENTIFIER = com.0x123.ESFramework.macOSExample;
				PRODUCT_NAME = ESFramework;
				SDKROOT = macosx;
			};
			name = Release;
		};
		2200F7C243E62C2501BAB3EB /* Debug */ = {
			isa = XCBuildConfiguration;
			buildSettings = {
				ASSETCATALOG_COMPILER_APPICON_NAME = "App Icon & Top Shelf Image";
				ASSETCATALOG_COMPILER_LAUNCHIMAGE_NAME = LaunchImage;
				CLANG_ANALYZER_LOCALIZABILITY_NONLOCALIZED = YES;
				DEVELOPMENT_TEAM = B86YZY7YJX;
				FRAMEWORK_SEARCH_PATHS = (
					"$(inherited)",
					"\".\"",
				);
				INFOPLIST_FILE = "tvOS Example/Info.plist";
				LD_RUNPATH_SEARCH_PATHS = (
					"$(inherited)",
					"@executable_path/Frameworks",
				);
				PRODUCT_BUNDLE_IDENTIFIER = com.0x123.ESFramework.tvOSExample;
				PRODUCT_NAME = ESFramework;
				SDKROOT = appletvos;
				TARGETED_DEVICE_FAMILY = 3;
			};
			name = Debug;
		};
		398A5AFCD69E760DF19875AD /* Release */ = {
			isa = XCBuildConfiguration;
			buildSettings = {
				ALWAYS_SEARCH_USER_PATHS = NO;
				CLANG_ANALYZER_NONNULL = YES;
				CLANG_ANALYZER_NUMBER_OBJECT_CONVERSION = YES_AGGRESSIVE;
				CLANG_CXX_LANGUAGE_STANDARD = "gnu++14";
				CLANG_CXX_LIBRARY = "libc++";
				CLANG_ENABLE_MODULES = YES;
				CLANG_ENABLE_OBJC_ARC = YES;
				CLANG_WARN_BLOCK_CAPTURE_AUTORELEASING = YES;
				CLANG_WARN_BOOL_CONVERSION = YES;
				CLANG_WARN_COMMA = YES;
				CLANG_WARN_CONSTANT_CONVERSION = YES;
				CLANG_WARN_DEPRECATED_OBJC_IMPLEMENTATIONS = YES;
				CLANG_WARN_DIRECT_OBJC_ISA_USAGE = YES_ERROR;
				CLANG_WARN_DOCUMENTATION_COMMENTS = YES;
				CLANG_WARN_EMPTY_BODY = YES;
				CLANG_WARN_ENUM_CONVERSION = YES;
				CLANG_WARN_INFINITE_RECURSION = YES;
				CLANG_WARN_INT_CONVERSION = YES;
				CLANG_WARN_NON_LITERAL_NULL_CONVERSION = YES;
				CLANG_WARN_OBJC_IMPLICIT_RETAIN_SELF = YES;
				CLANG_WARN_OBJC_LITERAL_CONVERSION = YES;
				CLANG_WARN_OBJC_ROOT_CLASS = YES_ERROR;
				CLANG_WARN_RANGE_LOOP_ANALYSIS = YES;
				CLANG_WARN_STRICT_PROTOTYPES = YES;
				CLANG_WARN_SUSPICIOUS_MOVE = YES;
				CLANG_WARN_UNGUARDED_AVAILABILITY = YES_AGGRESSIVE;
				CLANG_WARN_UNREACHABLE_CODE = YES;
				CLANG_WARN__DUPLICATE_METHOD_MATCH = YES;
				COPY_PHASE_STRIP = NO;
				DEBUG_INFORMATION_FORMAT = "dwarf-with-dsym";
				ENABLE_NS_ASSERTIONS = NO;
				ENABLE_STRICT_OBJC_MSGSEND = YES;
				GCC_C_LANGUAGE_STANDARD = gnu11;
				GCC_NO_COMMON_BLOCKS = YES;
				GCC_WARN_64_TO_32_BIT_CONVERSION = YES;
				GCC_WARN_ABOUT_RETURN_TYPE = YES_ERROR;
				GCC_WARN_UNDECLARED_SELECTOR = YES;
				GCC_WARN_UNINITIALIZED_AUTOS = YES_AGGRESSIVE;
				GCC_WARN_UNUSED_FUNCTION = YES;
				GCC_WARN_UNUSED_VARIABLE = YES;
				IPHONEOS_DEPLOYMENT_TARGET = 9.0;
				MACOSX_DEPLOYMENT_TARGET = 10.11;
				PRODUCT_NAME = "$(TARGET_NAME)";
				SWIFT_COMPILATION_MODE = wholemodule;
				SWIFT_VERSION = 5.0;
				TVOS_DEPLOYMENT_TARGET = 9.0;
				VALIDATE_PRODUCT = YES;
				WATCHOS_DEPLOYMENT_TARGET = 2.0;
			};
			name = Release;
		};
		406115C4F47ACF2C8AD1DE6E /* Debug */ = {
			isa = XCBuildConfiguration;
			buildSettings = {
				ASSETCATALOG_COMPILER_APPICON_NAME = AppIcon;
				CLANG_ANALYZER_LOCALIZABILITY_NONLOCALIZED = YES;
				CODE_SIGN_ENTITLEMENTS = "iOS Example/iOS Example.entitlements";
				CODE_SIGN_IDENTITY = "iPhone Developer";
				DEVELOPMENT_TEAM = B86YZY7YJX;
				FRAMEWORK_SEARCH_PATHS = (
					"$(inherited)",
					"\".\"",
				);
				INFOPLIST_FILE = "iOS Example/Info.plist";
				LD_RUNPATH_SEARCH_PATHS = (
					"$(inherited)",
					"@executable_path/Frameworks",
				);
				PRODUCT_BUNDLE_IDENTIFIER = com.0x123.ESFramework.iOSExample;
				PRODUCT_NAME = ESFramework;
				SDKROOT = iphoneos;
				TARGETED_DEVICE_FAMILY = "1,2";
			};
			name = Debug;
		};
		526D563C514706B3800A771D /* Release */ = {
			isa = XCBuildConfiguration;
			buildSettings = {
				CLANG_ANALYZER_LOCALIZABILITY_NONLOCALIZED = YES;
				DEVELOPMENT_TEAM = B86YZY7YJX;
				INFOPLIST_FILE = "watchOS Example/Info.plist";
				PRODUCT_BUNDLE_IDENTIFIER = com.0x123.ESFramework.iOSExample.watchkitapp;
				PRODUCT_NAME = ESFramework;
				SDKROOT = watchos;
				SKIP_INSTALL = YES;
				TARGETED_DEVICE_FAMILY = 4;
			};
			name = Release;
		};
		547B3772BF48C734484A3AB3 /* Release */ = {
			isa = XCBuildConfiguration;
			buildSettings = {
				ASSETCATALOG_COMPILER_COMPLICATION_NAME = Complication;
				CLANG_ANALYZER_LOCALIZABILITY_NONLOCALIZED = YES;
				DEVELOPMENT_TEAM = B86YZY7YJX;
				INFOPLIST_FILE = "watchOS Example Extension/Info.plist";
				LD_RUNPATH_SEARCH_PATHS = (
					"$(inherited)",
					"@executable_path/Frameworks",
					"@executable_path/../../Frameworks",
				);
				PRODUCT_BUNDLE_IDENTIFIER = com.0x123.ESFramework.iOSExample.watchkitapp.watchkitextension;
				PRODUCT_NAME = ESFramework;
				SDKROOT = watchos;
				SKIP_INSTALL = YES;
				TARGETED_DEVICE_FAMILY = 4;
			};
			name = Release;
		};
		670ADAB5CA3EAE19C8194E68 /* Debug */ = {
			isa = XCBuildConfiguration;
			buildSettings = {
				CLANG_ANALYZER_LOCALIZABILITY_NONLOCALIZED = YES;
				DEVELOPMENT_TEAM = B86YZY7YJX;
				INFOPLIST_FILE = "watchOS Example/Info.plist";
				PRODUCT_BUNDLE_IDENTIFIER = com.0x123.ESFramework.iOSExample.watchkitapp;
				PRODUCT_NAME = ESFramework;
				SDKROOT = watchos;
				SKIP_INSTALL = YES;
				TARGETED_DEVICE_FAMILY = 4;
			};
			name = Debug;
		};
		72E0A95F8D852720A2F0CDCB /* Release */ = {
			isa = XCBuildConfiguration;
			buildSettings = {
				ASSETCATALOG_COMPILER_APPICON_NAME = "App Icon & Top Shelf Image";
				ASSETCATALOG_COMPILER_LAUNCHIMAGE_NAME = LaunchImage;
				CLANG_ANALYZER_LOCALIZABILITY_NONLOCALIZED = YES;
				DEVELOPMENT_TEAM = B86YZY7YJX;
				FRAMEWORK_SEARCH_PATHS = (
					"$(inherited)",
					"\".\"",
				);
				INFOPLIST_FILE = "tvOS Example/Info.plist";
				LD_RUNPATH_SEARCH_PATHS = (
					"$(inherited)",
					"@executable_path/Frameworks",
				);
				PRODUCT_BUNDLE_IDENTIFIER = com.0x123.ESFramework.tvOSExample;
				PRODUCT_NAME = ESFramework;
				SDKROOT = appletvos;
				TARGETED_DEVICE_FAMILY = 3;
			};
			name = Release;
		};
		824E42833F1F7FF756BC164D /* Debug */ = {
			isa = XCBuildConfiguration;
			buildSettings = {
				ASSETCATALOG_COMPILER_COMPLICATION_NAME = Complication;
				CLANG_ANALYZER_LOCALIZABILITY_NONLOCALIZED = YES;
				DEVELOPMENT_TEAM = B86YZY7YJX;
				INFOPLIST_FILE = "watchOS Example Extension/Info.plist";
				LD_RUNPATH_SEARCH_PATHS = (
					"$(inherited)",
					"@executable_path/Frameworks",
					"@executable_path/../../Frameworks",
				);
				PRODUCT_BUNDLE_IDENTIFIER = com.0x123.ESFramework.iOSExample.watchkitapp.watchkitextension;
				PRODUCT_NAME = ESFramework;
				SDKROOT = watchos;
				SKIP_INSTALL = YES;
				TARGETED_DEVICE_FAMILY = 4;
			};
			name = Debug;
		};
		F09233A8AA413A09384AA829 /* Debug */ = {
			isa = XCBuildConfiguration;
			buildSettings = {
				ASSETCATALOG_COMPILER_APPICON_NAME = AppIcon;
				CLANG_ANALYZER_LOCALIZABILITY_NONLOCALIZED = YES;
				CODE_SIGN_ENTITLEMENTS = "macOS Example/macOS Example.entitlements";
				COMBINE_HIDPI_IMAGES = YES;
				DEVELOPMENT_TEAM = B86YZY7YJX;
				FRAMEWORK_SEARCH_PATHS = (
					"$(inherited)",
					"\".\"",
				);
				INFOPLIST_FILE = "macOS Example/Info.plist";
				LD_RUNPATH_SEARCH_PATHS = (
					"$(inherited)",
					"@executable_path/../Frameworks",
				);
				PRODUCT_BUNDLE_IDENTIFIER = com.0x123.ESFramework.macOSExample;
				PRODUCT_NAME = ESFramework;
				SDKROOT = macosx;
			};
			name = Debug;
		};
		F92DAFD0CD6CB829E820A349 /* Debug */ = {
			isa = XCBuildConfiguration;
			buildSettings = {
				ALWAYS_SEARCH_USER_PATHS = NO;
				CLANG_ANALYZER_NONNULL = YES;
				CLANG_ANALYZER_NUMBER_OBJECT_CONVERSION = YES_AGGRESSIVE;
				CLANG_CXX_LANGUAGE_STANDARD = "gnu++14";
				CLANG_CXX_LIBRARY = "libc++";
				CLANG_ENABLE_MODULES = YES;
				CLANG_ENABLE_OBJC_ARC = YES;
				CLANG_WARN_BLOCK_CAPTURE_AUTORELEASING = YES;
				CLANG_WARN_BOOL_CONVERSION = YES;
				CLANG_WARN_COMMA = YES;
				CLANG_WARN_CONSTANT_CONVERSION = YES;
				CLANG_WARN_DEPRECATED_OBJC_IMPLEMENTATIONS = YES;
				CLANG_WARN_DIRECT_OBJC_ISA_USAGE = YES_ERROR;
				CLANG_WARN_DOCUMENTATION_COMMENTS = YES;
				CLANG_WARN_EMPTY_BODY = YES;
				CLANG_WARN_ENUM_CONVERSION = YES;
				CLANG_WARN_INFINITE_RECURSION = YES;
				CLANG_WARN_INT_CONVERSION = YES;
				CLANG_WARN_NON_LITERAL_NULL_CONVERSION = YES;
				CLANG_WARN_OBJC_IMPLICIT_RETAIN_SELF = YES;
				CLANG_WARN_OBJC_LITERAL_CONVERSION = YES;
				CLANG_WARN_OBJC_ROOT_CLASS = YES_ERROR;
				CLANG_WARN_RANGE_LOOP_ANALYSIS = YES;
				CLANG_WARN_STRICT_PROTOTYPES = YES;
				CLANG_WARN_SUSPICIOUS_MOVE = YES;
				CLANG_WARN_UNGUARDED_AVAILABILITY = YES_AGGRESSIVE;
				CLANG_WARN_UNREACHABLE_CODE = YES;
				CLANG_WARN__DUPLICATE_METHOD_MATCH = YES;
				COPY_PHASE_STRIP = NO;
				DEBUG_INFORMATION_FORMAT = dwarf;
				ENABLE_STRICT_OBJC_MSGSEND = YES;
				ENABLE_TESTABILITY = YES;
				GCC_C_LANGUAGE_STANDARD = gnu11;
				GCC_DYNAMIC_NO_PIC = NO;
				GCC_NO_COMMON_BLOCKS = YES;
				GCC_OPTIMIZATION_LEVEL = 0;
				GCC_PREPROCESSOR_DEFINITIONS = (
					"$(inherited)",
					"DEBUG=1",
				);
				GCC_WARN_64_TO_32_BIT_CONVERSION = YES;
				GCC_WARN_ABOUT_RETURN_TYPE = YES_ERROR;
				GCC_WARN_UNDECLARED_SELECTOR = YES;
				GCC_WARN_UNINITIALIZED_AUTOS = YES_AGGRESSIVE;
				GCC_WARN_UNUSED_FUNCTION = YES;
				GCC_WARN_UNUSED_VARIABLE = YES;
				IPHONEOS_DEPLOYMENT_TARGET = 9.0;
				MACOSX_DEPLOYMENT_TARGET = 10.11;
				MTL_ENABLE_DEBUG_INFO = YES;
				ONLY_ACTIVE_ARCH = YES;
				PRODUCT_NAME = "$(TARGET_NAME)";
				SWIFT_ACTIVE_COMPILATION_CONDITIONS = DEBUG;
				SWIFT_OPTIMIZATION_LEVEL = "-Onone";
				SWIFT_VERSION = 5.0;
				TVOS_DEPLOYMENT_TARGET = 9.0;
				WATCHOS_DEPLOYMENT_TARGET = 2.0;
			};
			name = Debug;
		};
		FF34801D915F3CF80BEA274B /* Release */ = {
			isa = XCBuildConfiguration;
			buildSettings = {
				ASSETCATALOG_COMPILER_APPICON_NAME = AppIcon;
				CLANG_ANALYZER_LOCALIZABILITY_NONLOCALIZED = YES;
				CODE_SIGN_ENTITLEMENTS = "iOS Example/iOS Example.entitlements";
				CODE_SIGN_IDENTITY = "iPhone Developer";
				DEVELOPMENT_TEAM = B86YZY7YJX;
				FRAMEWORK_SEARCH_PATHS = (
					"$(inherited)",
					"\".\"",
				);
				INFOPLIST_FILE = "iOS Example/Info.plist";
				LD_RUNPATH_SEARCH_PATHS = (
					"$(inherited)",
					"@executable_path/Frameworks",
				);
				PRODUCT_BUNDLE_IDENTIFIER = com.0x123.ESFramework.iOSExample;
				PRODUCT_NAME = ESFramework;
				SDKROOT = iphoneos;
				TARGETED_DEVICE_FAMILY = "1,2";
			};
			name = Release;
		};
/* End XCBuildConfiguration section */

/* Begin XCConfigurationList section */
		234A2CA25FC7669EE2A42E27 /* Build configuration list for PBXNativeTarget "macOS Example" */ = {
			isa = XCConfigurationList;
			buildConfigurations = (
				F09233A8AA413A09384AA829 /* Debug */,
				1D8AF6574AE49C08AC7A8F00 /* Release */,
			);
			defaultConfigurationIsVisible = 0;
			defaultConfigurationName = "";
		};
		36FC72E69D906F48675C62BF /* Build configuration list for PBXProject "Example" */ = {
			isa = XCConfigurationList;
			buildConfigurations = (
				F92DAFD0CD6CB829E820A349 /* Debug */,
				398A5AFCD69E760DF19875AD /* Release */,
			);
			defaultConfigurationIsVisible = 0;
			defaultConfigurationName = Debug;
		};
		4EDF2F966B51BA336D91F288 /* Build configuration list for PBXNativeTarget "watchOS Example" */ = {
			isa = XCConfigurationList;
			buildConfigurations = (
				670ADAB5CA3EAE19C8194E68 /* Debug */,
				526D563C514706B3800A771D /* Release */,
			);
			defaultConfigurationIsVisible = 0;
			defaultConfigurationName = "";
		};
		A95002D04C8E5E53F9A9FF6D /* Build configuration list for PBXNativeTarget "tvOS Example" */ = {
			isa = XCConfigurationList;
			buildConfigurations = (
				2200F7C243E62C2501BAB3EB /* Debug */,
				72E0A95F8D852720A2F0CDCB /* Release */,
			);
			defaultConfigurationIsVisible = 0;
			defaultConfigurationName = "";
		};
		CA2F7038E19471C5EFEC2A82 /* Build configuration list for PBXNativeTarget "iOS Example" */ = {
			isa = XCConfigurationList;
			buildConfigurations = (
				406115C4F47ACF2C8AD1DE6E /* Debug */,
				FF34801D915F3CF80BEA274B /* Release */,
			);
			defaultConfigurationIsVisible = 0;
			defaultConfigurationName = "";
		};
		F4AFE00854DEB6B2B91C8CAA /* Build configuration list for PBXNativeTarget "watchOS Example Extension" */ = {
			isa = XCConfigurationList;
			buildConfigurations = (
				824E42833F1F7FF756BC164D /* Debug */,
				547B3772BF48C734484A3AB3 /* Release */,
			);
			defaultConfigurationIsVisible = 0;
			defaultConfigurationName = "";
		};
/* End XCConfigurationList section */
	};
	rootObject = CA8E1E974698BC95958F017F /* Project object */;
}
