// !$*UTF8*$!
{
	archiveVersion = 1;
	classes = {
	};
	objectVersion = 46;
	objects = {

/* Begin PBXBuildFile section */
		D5AFAEE8C9BB025EEC8CEEC9 /* libPods-iOS Example.a in Frameworks */ = {isa = PBXBuildFile; fileRef = 735C08D1E7FB6828A3E2A328 /* libPods-iOS Example.a */; };
		E75AE19F1BA6655A007F4561 /* RootViewController.m in Sources */ = {isa = PBXBuildFile; fileRef = E75AE19E1BA6655A007F4561 /* RootViewController.m */; };
		E779126F226D6CB8006EF94D /* TestViewController.m in Sources */ = {isa = PBXBuildFile; fileRef = E779126E226D6CB8006EF94D /* TestViewController.m */; };
		E78975FA1BA4E8220034B065 /* main.m in Sources */ = {isa = PBXBuildFile; fileRef = E78975F91BA4E8220034B065 /* main.m */; };
		E78976051BA4E8220034B065 /* Images.xcassets in Resources */ = {isa = PBXBuildFile; fileRef = E78976041BA4E8220034B065 /* Images.xcassets */; };
		E78976081BA4E8220034B065 /* LaunchScreen.xib in Resources */ = {isa = PBXBuildFile; fileRef = E78976061BA4E8220034B065 /* LaunchScreen.xib */; };
		E7C5ACE9228D574400005804 /* AppDelegate.m in Sources */ = {isa = PBXBuildFile; fileRef = E7C5ACE8228D574400005804 /* AppDelegate.m */; };
		E7FDC96C22647D3F00D8CC25 /* User.m in Sources */ = {isa = PBXBuildFile; fileRef = E7FDC96A22647D3F00D8CC25 /* User.m */; };
/* End PBXBuildFile section */

/* Begin PBXFileReference section */
		0CB3FFDA85F962F479C7DB86 /* Pods-Example.release.xcconfig */ = {isa = PBXFileReference; includeInIndex = 1; lastKnownFileType = text.xcconfig; name = "Pods-Example.release.xcconfig"; path = "Pods/Target Support Files/Pods-Example/Pods-Example.release.xcconfig"; sourceTree = "<group>"; };
		735C08D1E7FB6828A3E2A328 /* libPods-iOS Example.a */ = {isa = PBXFileReference; explicitFileType = archive.ar; includeInIndex = 0; path = "libPods-iOS Example.a"; sourceTree = BUILT_PRODUCTS_DIR; };
		9D0A43A1F06C49DD7B295F3D /* Pods-Example.debug.xcconfig */ = {isa = PBXFileReference; includeInIndex = 1; lastKnownFileType = text.xcconfig; name = "Pods-Example.debug.xcconfig"; path = "Pods/Target Support Files/Pods-Example/Pods-Example.debug.xcconfig"; sourceTree = "<group>"; };
		C02E97F03ADAF1E6E81956E7 /* Pods-iOS Example.release.xcconfig */ = {isa = PBXFileReference; includeInIndex = 1; lastKnownFileType = text.xcconfig; name = "Pods-iOS Example.release.xcconfig"; path = "Pods/Target Support Files/Pods-iOS Example/Pods-iOS Example.release.xcconfig"; sourceTree = "<group>"; };
		C5F71045437D9A55429BF15A /* Pods-iOS Example.debug.xcconfig */ = {isa = PBXFileReference; includeInIndex = 1; lastKnownFileType = text.xcconfig; name = "Pods-iOS Example.debug.xcconfig"; path = "Pods/Target Support Files/Pods-iOS Example/Pods-iOS Example.debug.xcconfig"; sourceTree = "<group>"; };
		E74E70FE2271A639008C7943 /* iOS Example.entitlements */ = {isa = PBXFileReference; lastKnownFileType = text.plist.entitlements; path = "iOS Example.entitlements"; sourceTree = "<group>"; };
		E75AE19D1BA6655A007F4561 /* RootViewController.h */ = {isa = PBXFileReference; fileEncoding = 4; lastKnownFileType = sourcecode.c.h; path = RootViewController.h; sourceTree = "<group>"; };
		E75AE19E1BA6655A007F4561 /* RootViewController.m */ = {isa = PBXFileReference; fileEncoding = 4; lastKnownFileType = sourcecode.c.objc; path = RootViewController.m; sourceTree = "<group>"; };
		E779126D226D6CB8006EF94D /* TestViewController.h */ = {isa = PBXFileReference; lastKnownFileType = sourcecode.c.h; path = TestViewController.h; sourceTree = "<group>"; };
		E779126E226D6CB8006EF94D /* TestViewController.m */ = {isa = PBXFileReference; lastKnownFileType = sourcecode.c.objc; path = TestViewController.m; sourceTree = "<group>"; };
		E78975F41BA4E8220034B065 /* iOS Example.app */ = {isa = PBXFileReference; explicitFileType = wrapper.application; includeInIndex = 0; path = "iOS Example.app"; sourceTree = BUILT_PRODUCTS_DIR; };
		E78975F81BA4E8220034B065 /* Info.plist */ = {isa = PBXFileReference; lastKnownFileType = text.plist.xml; path = Info.plist; sourceTree = "<group>"; };
		E78975F91BA4E8220034B065 /* main.m */ = {isa = PBXFileReference; lastKnownFileType = sourcecode.c.objc; path = main.m; sourceTree = "<group>"; };
		E78976041BA4E8220034B065 /* Images.xcassets */ = {isa = PBXFileReference; lastKnownFileType = folder.assetcatalog; path = Images.xcassets; sourceTree = "<group>"; };
		E78976071BA4E8220034B065 /* Base */ = {isa = PBXFileReference; lastKnownFileType = file.xib; name = Base; path = Base.lproj/LaunchScreen.xib; sourceTree = "<group>"; };
		E7C5ACE7228D574400005804 /* AppDelegate.h */ = {isa = PBXFileReference; lastKnownFileType = sourcecode.c.h; path = AppDelegate.h; sourceTree = "<group>"; };
		E7C5ACE8228D574400005804 /* AppDelegate.m */ = {isa = PBXFileReference; lastKnownFileType = sourcecode.c.objc; path = AppDelegate.m; sourceTree = "<group>"; };
		E7FDC96A22647D3F00D8CC25 /* User.m */ = {isa = PBXFileReference; fileEncoding = 4; lastKnownFileType = sourcecode.c.objc; path = User.m; sourceTree = "<group>"; };
		E7FDC96B22647D3F00D8CC25 /* User.h */ = {isa = PBXFileReference; fileEncoding = 4; lastKnownFileType = sourcecode.c.h; path = User.h; sourceTree = "<group>"; };
/* End PBXFileReference section */

/* Begin PBXFrameworksBuildPhase section */
		E78975F11BA4E8220034B065 /* Frameworks */ = {
			isa = PBXFrameworksBuildPhase;
			buildActionMask = 2147483647;
			files = (
				D5AFAEE8C9BB025EEC8CEEC9 /* libPods-iOS Example.a in Frameworks */,
			);
			runOnlyForDeploymentPostprocessing = 0;
		};
/* End PBXFrameworksBuildPhase section */

/* Begin PBXGroup section */
		4ACFDB8326EDE5FD88A1B990 /* Frameworks */ = {
			isa = PBXGroup;
			children = (
				735C08D1E7FB6828A3E2A328 /* libPods-iOS Example.a */,
			);
			name = Frameworks;
			sourceTree = "<group>";
		};
		6E3F3F9BF60ADC833B687126 /* Pods */ = {
			isa = PBXGroup;
			children = (
				9D0A43A1F06C49DD7B295F3D /* Pods-Example.debug.xcconfig */,
				0CB3FFDA85F962F479C7DB86 /* Pods-Example.release.xcconfig */,
				C5F71045437D9A55429BF15A /* Pods-iOS Example.debug.xcconfig */,
				C02E97F03ADAF1E6E81956E7 /* Pods-iOS Example.release.xcconfig */,
			);
			name = Pods;
			sourceTree = "<group>";
		};
		E78975EB1BA4E8220034B065 = {
			isa = PBXGroup;
			children = (
				E78975F61BA4E8220034B065 /* iOS Example */,
				E78975F51BA4E8220034B065 /* Products */,
				6E3F3F9BF60ADC833B687126 /* Pods */,
				4ACFDB8326EDE5FD88A1B990 /* Frameworks */,
			);
			indentWidth = 4;
			sourceTree = "<group>";
			tabWidth = 4;
		};
		E78975F51BA4E8220034B065 /* Products */ = {
			isa = PBXGroup;
			children = (
				E78975F41BA4E8220034B065 /* iOS Example.app */,
			);
			name = Products;
			sourceTree = "<group>";
		};
		E78975F61BA4E8220034B065 /* iOS Example */ = {
			isa = PBXGroup;
			children = (
				E7C5ACE7228D574400005804 /* AppDelegate.h */,
				E7C5ACE8228D574400005804 /* AppDelegate.m */,
				E75AE19D1BA6655A007F4561 /* RootViewController.h */,
				E75AE19E1BA6655A007F4561 /* RootViewController.m */,
				E779126D226D6CB8006EF94D /* TestViewController.h */,
				E779126E226D6CB8006EF94D /* TestViewController.m */,
				E7FDC96B22647D3F00D8CC25 /* User.h */,
				E7FDC96A22647D3F00D8CC25 /* User.m */,
				E78976041BA4E8220034B065 /* Images.xcassets */,
				E74E70FE2271A639008C7943 /* iOS Example.entitlements */,
				E78976061BA4E8220034B065 /* LaunchScreen.xib */,
				E78975F71BA4E8220034B065 /* Supporting Files */,
			);
			path = "iOS Example";
			sourceTree = "<group>";
		};
		E78975F71BA4E8220034B065 /* Supporting Files */ = {
			isa = PBXGroup;
			children = (
				E78975F81BA4E8220034B065 /* Info.plist */,
				E78975F91BA4E8220034B065 /* main.m */,
			);
			name = "Supporting Files";
			sourceTree = "<group>";
		};
/* End PBXGroup section */

/* Begin PBXNativeTarget section */
		E78975F31BA4E8220034B065 /* iOS Example */ = {
			isa = PBXNativeTarget;
			buildConfigurationList = E78976171BA4E8220034B065 /* Build configuration list for PBXNativeTarget "iOS Example" */;
			buildPhases = (
				41E3C5405ADCDD420F572AA1 /* [CP] Check Pods Manifest.lock */,
				E78975F01BA4E8220034B065 /* Sources */,
				E78975F11BA4E8220034B065 /* Frameworks */,
				E78975F21BA4E8220034B065 /* Resources */,
			);
			buildRules = (
			);
			dependencies = (
			);
			name = "iOS Example";
			productName = Example;
			productReference = E78975F41BA4E8220034B065 /* iOS Example.app */;
			productType = "com.apple.product-type.application";
		};
/* End PBXNativeTarget section */

/* Begin PBXProject section */
		E78975EC1BA4E8220034B065 /* Project object */ = {
			isa = PBXProject;
			attributes = {
				LastUpgradeCheck = 1020;
				ORGANIZATIONNAME = www.0x123.com;
				TargetAttributes = {
					E78975F31BA4E8220034B065 = {
						CreatedOnToolsVersion = 6.4;
						DevelopmentTeam = QM3QJNCA64;
						SystemCapabilities = {
							com.apple.AccessWiFi = {
								enabled = 1;
							};
							com.apple.Push = {
								enabled = 1;
							};
							com.apple.WAC = {
								enabled = 0;
							};
						};
					};
				};
			};
			buildConfigurationList = E78975EF1BA4E8220034B065 /* Build configuration list for PBXProject "iOS Example" */;
			compatibilityVersion = "Xcode 3.2";
			developmentRegion = en;
			hasScannedForEncodings = 0;
			knownRegions = (
				en,
				Base,
			);
			mainGroup = E78975EB1BA4E8220034B065;
			productRefGroup = E78975F51BA4E8220034B065 /* Products */;
			projectDirPath = "";
			projectRoot = "";
			targets = (
				E78975F31BA4E8220034B065 /* iOS Example */,
			);
		};
/* End PBXProject section */

/* Begin PBXResourcesBuildPhase section */
		E78975F21BA4E8220034B065 /* Resources */ = {
			isa = PBXResourcesBuildPhase;
			buildActionMask = 2147483647;
			files = (
				E78976081BA4E8220034B065 /* LaunchScreen.xib in Resources */,
				E78976051BA4E8220034B065 /* Images.xcassets in Resources */,
			);
			runOnlyForDeploymentPostprocessing = 0;
		};
/* End PBXResourcesBuildPhase section */

/* Begin PBXShellScriptBuildPhase section */
		41E3C5405ADCDD420F572AA1 /* [CP] Check Pods Manifest.lock */ = {
			isa = PBXShellScriptBuildPhase;
			buildActionMask = 2147483647;
			files = (
			);
			inputPaths = (
				"${PODS_PODFILE_DIR_PATH}/Podfile.lock",
				"${PODS_ROOT}/Manifest.lock",
			);
			name = "[CP] Check Pods Manifest.lock";
			outputPaths = (
				"$(DERIVED_FILE_DIR)/Pods-iOS Example-checkManifestLockResult.txt",
			);
			runOnlyForDeploymentPostprocessing = 0;
			shellPath = /bin/sh;
			shellScript = "diff \"${PODS_PODFILE_DIR_PATH}/Podfile.lock\" \"${PODS_ROOT}/Manifest.lock\" > /dev/null\nif [ $? != 0 ] ; then\n    # print error to STDERR\n    echo \"error: The sandbox is not in sync with the Podfile.lock. Run 'pod install' or update your CocoaPods installation.\" >&2\n    exit 1\nfi\n# This output is used by Xcode 'outputs' to avoid re-running this script phase.\necho \"SUCCESS\" > \"${SCRIPT_OUTPUT_FILE_0}\"\n";
			showEnvVarsInLog = 0;
		};
/* End PBXShellScriptBuildPhase section */

/* Begin PBXSourcesBuildPhase section */
		E78975F01BA4E8220034B065 /* Sources */ = {
			isa = PBXSourcesBuildPhase;
			buildActionMask = 2147483647;
			files = (
				E7FDC96C22647D3F00D8CC25 /* User.m in Sources */,
				E7C5ACE9228D574400005804 /* AppDelegate.m in Sources */,
				E78975FA1BA4E8220034B065 /* main.m in Sources */,
				E75AE19F1BA6655A007F4561 /* RootViewController.m in Sources */,
				E779126F226D6CB8006EF94D /* TestViewController.m in Sources */,
			);
			runOnlyForDeploymentPostprocessing = 0;
		};
/* End PBXSourcesBuildPhase section */

/* Begin PBXVariantGroup section */
		E78976061BA4E8220034B065 /* LaunchScreen.xib */ = {
			isa = PBXVariantGroup;
			children = (
				E78976071BA4E8220034B065 /* Base */,
			);
			name = LaunchScreen.xib;
			sourceTree = "<group>";
		};
/* End PBXVariantGroup section */

/* Begin XCBuildConfiguration section */
		E78976151BA4E8220034B065 /* Debug */ = {
			isa = XCBuildConfiguration;
			buildSettings = {
				ALWAYS_SEARCH_USER_PATHS = NO;
				CLANG_CXX_LANGUAGE_STANDARD = "gnu++0x";
				CLANG_CXX_LIBRARY = "libc++";
				CLANG_ENABLE_MODULES = YES;
				CLANG_ENABLE_OBJC_ARC = YES;
				CLANG_WARN_BLOCK_CAPTURE_AUTORELEASING = YES;
				CLANG_WARN_BOOL_CONVERSION = YES;
				CLANG_WARN_COMMA = YES;
				CLANG_WARN_CONSTANT_CONVERSION = YES;
				CLANG_WARN_DEPRECATED_OBJC_IMPLEMENTATIONS = YES;
				CLANG_WARN_DIRECT_OBJC_ISA_USAGE = YES_ERROR;
				CLANG_WARN_EMPTY_BODY = YES;
				CLANG_WARN_ENUM_CONVERSION = YES;
				CLANG_WARN_INFINITE_RECURSION = YES;
				CLANG_WARN_INT_CONVERSION = YES;
				CLANG_WARN_NON_LITERAL_NULL_CONVERSION = YES;
				CLANG_WARN_OBJC_IMPLICIT_RETAIN_SELF = YES;
				CLANG_WARN_OBJC_LITERAL_CONVERSION = YES;
				CLANG_WARN_OBJC_ROOT_CLASS = YES_ERROR;
				CLANG_WARN_RANGE_LOOP_ANALYSIS = YES;
				CLANG_WARN_STRICT_PROTOTYPES = YES;
				CLANG_WARN_SUSPICIOUS_MOVE = YES;
				CLANG_WARN_UNREACHABLE_CODE = YES;
				CLANG_WARN__DUPLICATE_METHOD_MATCH = YES;
				"CODE_SIGN_IDENTITY[sdk=iphoneos*]" = "iPhone Developer";
				COPY_PHASE_STRIP = NO;
				DEBUG_INFORMATION_FORMAT = "dwarf-with-dsym";
				ENABLE_STRICT_OBJC_MSGSEND = YES;
				ENABLE_TESTABILITY = YES;
				GCC_C_LANGUAGE_STANDARD = gnu99;
				GCC_DYNAMIC_NO_PIC = NO;
				GCC_NO_COMMON_BLOCKS = YES;
				GCC_OPTIMIZATION_LEVEL = 0;
				GCC_PREPROCESSOR_DEFINITIONS = (
					"DEBUG=1",
					"$(inherited)",
				);
				GCC_SYMBOLS_PRIVATE_EXTERN = NO;
				GCC_WARN_64_TO_32_BIT_CONVERSION = YES;
				GCC_WARN_ABOUT_RETURN_TYPE = YES_ERROR;
				GCC_WARN_UNDECLARED_SELECTOR = YES;
				GCC_WARN_UNINITIALIZED_AUTOS = YES_AGGRESSIVE;
				GCC_WARN_UNUSED_FUNCTION = YES;
				GCC_WARN_UNUSED_VARIABLE = YES;
				IPHONEOS_DEPLOYMENT_TARGET = 8.0;
				MTL_ENABLE_DEBUG_INFO = YES;
				ONLY_ACTIVE_ARCH = YES;
				SDKROOT = iphoneos;
				TARGETED_DEVICE_FAMILY = "1,2";
				USER_HEADER_SEARCH_PATHS = "\"${PODS_ROOT}/Headers/Public/ESFramework\"";
			};
			name = Debug;
		};
		E78976161BA4E8220034B065 /* Release */ = {
			isa = XCBuildConfiguration;
			buildSettings = {
				ALWAYS_SEARCH_USER_PATHS = NO;
				CLANG_CXX_LANGUAGE_STANDARD = "gnu++0x";
				CLANG_CXX_LIBRARY = "libc++";
				CLANG_ENABLE_MODULES = YES;
				CLANG_ENABLE_OBJC_ARC = YES;
				CLANG_WARN_BLOCK_CAPTURE_AUTORELEASING = YES;
				CLANG_WARN_BOOL_CONVERSION = YES;
				CLANG_WARN_COMMA = YES;
				CLANG_WARN_CONSTANT_CONVERSION = YES;
				CLANG_WARN_DEPRECATED_OBJC_IMPLEMENTATIONS = YES;
				CLANG_WARN_DIRECT_OBJC_ISA_USAGE = YES_ERROR;
				CLANG_WARN_EMPTY_BODY = YES;
				CLANG_WARN_ENUM_CONVERSION = YES;
				CLANG_WARN_INFINITE_RECURSION = YES;
				CLANG_WARN_INT_CONVERSION = YES;
				CLANG_WARN_NON_LITERAL_NULL_CONVERSION = YES;
				CLANG_WARN_OBJC_IMPLICIT_RETAIN_SELF = YES;
				CLANG_WARN_OBJC_LITERAL_CONVERSION = YES;
				CLANG_WARN_OBJC_ROOT_CLASS = YES_ERROR;
				CLANG_WARN_RANGE_LOOP_ANALYSIS = YES;
				CLANG_WARN_STRICT_PROTOTYPES = YES;
				CLANG_WARN_SUSPICIOUS_MOVE = YES;
				CLANG_WARN_UNREACHABLE_CODE = YES;
				CLANG_WARN__DUPLICATE_METHOD_MATCH = YES;
				"CODE_SIGN_IDENTITY[sdk=iphoneos*]" = "iPhone Developer";
				COPY_PHASE_STRIP = NO;
				DEBUG_INFORMATION_FORMAT = "dwarf-with-dsym";
				ENABLE_NS_ASSERTIONS = NO;
				ENABLE_STRICT_OBJC_MSGSEND = YES;
				GCC_C_LANGUAGE_STANDARD = gnu99;
				GCC_NO_COMMON_BLOCKS = YES;
				GCC_WARN_64_TO_32_BIT_CONVERSION = YES;
				GCC_WARN_ABOUT_RETURN_TYPE = YES_ERROR;
				GCC_WARN_UNDECLARED_SELECTOR = YES;
				GCC_WARN_UNINITIALIZED_AUTOS = YES_AGGRESSIVE;
				GCC_WARN_UNUSED_FUNCTION = YES;
				GCC_WARN_UNUSED_VARIABLE = YES;
				IPHONEOS_DEPLOYMENT_TARGET = 8.0;
				MTL_ENABLE_DEBUG_INFO = NO;
				SDKROOT = iphoneos;
				TARGETED_DEVICE_FAMILY = "1,2";
				USER_HEADER_SEARCH_PATHS = "\"${PODS_ROOT}/Headers/Public/ESFramework\"";
				VALIDATE_PRODUCT = YES;
			};
			name = Release;
		};
		E78976181BA4E8220034B065 /* Debug */ = {
			isa = XCBuildConfiguration;
			baseConfigurationReference = C5F71045437D9A55429BF15A /* Pods-iOS Example.debug.xcconfig */;
			buildSettings = {
				ASSETCATALOG_COMPILER_APPICON_NAME = AppIcon;
				CODE_SIGN_ENTITLEMENTS = "iOS Example/iOS Example.entitlements";
				DEVELOPMENT_TEAM = QM3QJNCA64;
				INFOPLIST_FILE = "iOS Example/Info.plist";
				IPHONEOS_DEPLOYMENT_TARGET = 9.0;
				LD_RUNPATH_SEARCH_PATHS = "$(inherited) @executable_path/Frameworks";
				PRODUCT_BUNDLE_IDENTIFIER = "com.0x123.ESFramework.iOS-Example1";
				PRODUCT_NAME = "$(TARGET_NAME)";
				TARGETED_DEVICE_FAMILY = "1,2";
				WARNING_CFLAGS = "-Wpartial-availability";
			};
			name = Debug;
		};
		E78976191BA4E8220034B065 /* Release */ = {
			isa = XCBuildConfiguration;
			baseConfigurationReference = C02E97F03ADAF1E6E81956E7 /* Pods-iOS Example.release.xcconfig */;
			buildSettings = {
				ASSETCATALOG_COMPILER_APPICON_NAME = AppIcon;
				CODE_SIGN_ENTITLEMENTS = "iOS Example/iOS Example.entitlements";
				DEVELOPMENT_TEAM = QM3QJNCA64;
				INFOPLIST_FILE = "iOS Example/Info.plist";
				IPHONEOS_DEPLOYMENT_TARGET = 9.0;
				LD_RUNPATH_SEARCH_PATHS = "$(inherited) @executable_path/Frameworks";
				PRODUCT_BUNDLE_IDENTIFIER = "com.0x123.ESFramework.iOS-Example1";
				PRODUCT_NAME = "$(TARGET_NAME)";
				TARGETED_DEVICE_FAMILY = "1,2";
				WARNING_CFLAGS = "-Wpartial-availability";
			};
			name = Release;
		};
/* End XCBuildConfiguration section */

/* Begin XCConfigurationList section */
		E78975EF1BA4E8220034B065 /* Build configuration list for PBXProject "iOS Example" */ = {
			isa = XCConfigurationList;
			buildConfigurations = (
				E78976151BA4E8220034B065 /* Debug */,
				E78976161BA4E8220034B065 /* Release */,
			);
			defaultConfigurationIsVisible = 0;
			defaultConfigurationName = Release;
		};
		E78976171BA4E8220034B065 /* Build configuration list for PBXNativeTarget "iOS Example" */ = {
			isa = XCConfigurationList;
			buildConfigurations = (
				E78976181BA4E8220034B065 /* Debug */,
				E78976191BA4E8220034B065 /* Release */,
			);
			defaultConfigurationIsVisible = 0;
			defaultConfigurationName = Release;
		};
/* End XCConfigurationList section */
	};
	rootObject = E78975EC1BA4E8220034B065 /* Project object */;
}
