// !$*UTF8*$!
{
	archiveVersion = 1;
	classes = {
	};
	objectVersion = 46;
	objects = {

/* Begin PBXFileReference section */
		E74E71072272FBD8008C7943 /* ESNetworkHelper.h */ = {isa = PBXFileReference; lastKnownFileType = sourcecode.c.h; path = ESNetworkHelper.h; sourceTree = "<group>"; };
		E74E71082272FBD8008C7943 /* ESNetworkHelper.m */ = {isa = PBXFileReference; lastKnownFileType = sourcecode.c.objc; path = ESNetworkHelper.m; sourceTree = "<group>"; };
		E76CA2321CA50D1100EDBB8E /* NSArray+ESAdditions.h */ = {isa = PBXFileReference; lastKnownFileType = sourcecode.c.h; path = "NSArray+ESAdditions.h"; sourceTree = "<group>"; };
		E76CA2331CA50D1100EDBB8E /* NSArray+ESAdditions.m */ = {isa = PBXFileReference; lastKnownFileType = sourcecode.c.objc; path = "NSArray+ESAdditions.m"; sourceTree = "<group>"; };
		E76CA2361CA50D1100EDBB8E /* NSData+ESAdditions.h */ = {isa = PBXFileReference; lastKnownFileType = sourcecode.c.h; path = "NSData+ESAdditions.h"; sourceTree = "<group>"; };
		E76CA2371CA50D1100EDBB8E /* NSData+ESAdditions.m */ = {isa = PBXFileReference; lastKnownFileType = sourcecode.c.objc; path = "NSData+ESAdditions.m"; sourceTree = "<group>"; };
		E76CA2381CA50D1100EDBB8E /* NSDate+ESAdditions.h */ = {isa = PBXFileReference; lastKnownFileType = sourcecode.c.h; path = "NSDate+ESAdditions.h"; sourceTree = "<group>"; };
		E76CA2391CA50D1100EDBB8E /* NSDate+ESAdditions.m */ = {isa = PBXFileReference; lastKnownFileType = sourcecode.c.objc; path = "NSDate+ESAdditions.m"; sourceTree = "<group>"; };
		E76CA23A1CA50D1100EDBB8E /* NSDictionary+ESAdditions.h */ = {isa = PBXFileReference; lastKnownFileType = sourcecode.c.h; path = "NSDictionary+ESAdditions.h"; sourceTree = "<group>"; };
		E76CA23B1CA50D1100EDBB8E /* NSDictionary+ESAdditions.m */ = {isa = PBXFileReference; lastKnownFileType = sourcecode.c.objc; path = "NSDictionary+ESAdditions.m"; sourceTree = "<group>"; };
		E76CA23C1CA50D1100EDBB8E /* NSError+ESAdditions.h */ = {isa = PBXFileReference; lastKnownFileType = sourcecode.c.h; path = "NSError+ESAdditions.h"; sourceTree = "<group>"; };
		E76CA23D1CA50D1100EDBB8E /* NSError+ESAdditions.m */ = {isa = PBXFileReference; lastKnownFileType = sourcecode.c.objc; path = "NSError+ESAdditions.m"; sourceTree = "<group>"; };
		E76CA2421CA50D1100EDBB8E /* NSOrderedSet+ESAdditions.h */ = {isa = PBXFileReference; lastKnownFileType = sourcecode.c.h; path = "NSOrderedSet+ESAdditions.h"; sourceTree = "<group>"; };
		E76CA2431CA50D1100EDBB8E /* NSOrderedSet+ESAdditions.m */ = {isa = PBXFileReference; lastKnownFileType = sourcecode.c.objc; path = "NSOrderedSet+ESAdditions.m"; sourceTree = "<group>"; };
		E76CA2481CA50D1100EDBB8E /* NSString+ESAdditions.h */ = {isa = PBXFileReference; lastKnownFileType = sourcecode.c.h; path = "NSString+ESAdditions.h"; sourceTree = "<group>"; };
		E76CA2491CA50D1100EDBB8E /* NSString+ESAdditions.m */ = {isa = PBXFileReference; lastKnownFileType = sourcecode.c.objc; path = "NSString+ESAdditions.m"; sourceTree = "<group>"; };
		E76CA24A1CA50D1100EDBB8E /* NSString+ESGTMHTML.h */ = {isa = PBXFileReference; lastKnownFileType = sourcecode.c.h; path = "NSString+ESGTMHTML.h"; sourceTree = "<group>"; };
		E76CA24B1CA50D1100EDBB8E /* NSString+ESGTMHTML.m */ = {isa = PBXFileReference; lastKnownFileType = sourcecode.c.objc; path = "NSString+ESGTMHTML.m"; sourceTree = "<group>"; };
		E76CA24D1CA50D1100EDBB8E /* NSString+ESHash.m */ = {isa = PBXFileReference; lastKnownFileType = sourcecode.c.objc; path = "NSString+ESHash.m"; sourceTree = "<group>"; };
		E76CA24E1CA50D1100EDBB8E /* NSTimer+ESAdditions.h */ = {isa = PBXFileReference; lastKnownFileType = sourcecode.c.h; path = "NSTimer+ESAdditions.h"; sourceTree = "<group>"; };
		E76CA24F1CA50D1100EDBB8E /* NSTimer+ESAdditions.m */ = {isa = PBXFileReference; lastKnownFileType = sourcecode.c.objc; path = "NSTimer+ESAdditions.m"; sourceTree = "<group>"; };
		E76CA2501CA50D1100EDBB8E /* NSURL+ESAdditions.h */ = {isa = PBXFileReference; lastKnownFileType = sourcecode.c.h; path = "NSURL+ESAdditions.h"; sourceTree = "<group>"; };
		E76CA2511CA50D1100EDBB8E /* NSURL+ESAdditions.m */ = {isa = PBXFileReference; lastKnownFileType = sourcecode.c.objc; path = "NSURL+ESAdditions.m"; sourceTree = "<group>"; };
		E76CA2521CA50D1100EDBB8E /* NSUserDefaults+ESAdditions.h */ = {isa = PBXFileReference; lastKnownFileType = sourcecode.c.h; path = "NSUserDefaults+ESAdditions.h"; sourceTree = "<group>"; };
		E76CA2531CA50D1100EDBB8E /* NSUserDefaults+ESAdditions.m */ = {isa = PBXFileReference; lastKnownFileType = sourcecode.c.objc; path = "NSUserDefaults+ESAdditions.m"; sourceTree = "<group>"; };
		E76CA27F1CA50D1100EDBB8E /* ESMacros.h */ = {isa = PBXFileReference; lastKnownFileType = sourcecode.c.h; path = ESMacros.h; sourceTree = "<group>"; };
		E76CA28D1CA5171700EDBB8E /* NSObject+ESAutoCoding.h */ = {isa = PBXFileReference; lastKnownFileType = sourcecode.c.h; path = "NSObject+ESAutoCoding.h"; sourceTree = "<group>"; };
		E76CA28E1CA5171700EDBB8E /* NSObject+ESAutoCoding.m */ = {isa = PBXFileReference; lastKnownFileType = sourcecode.c.objc; path = "NSObject+ESAutoCoding.m"; sourceTree = "<group>"; };
		E76CA2961CA51DB300EDBB8E /* ESStatusOverlayView.h */ = {isa = PBXFileReference; lastKnownFileType = sourcecode.c.h; path = ESStatusOverlayView.h; sourceTree = "<group>"; };
		E76CA2971CA51DB300EDBB8E /* ESStatusOverlayView.m */ = {isa = PBXFileReference; lastKnownFileType = sourcecode.c.objc; path = ESStatusOverlayView.m; sourceTree = "<group>"; };
		E7704630225E0F8F00F84D6D /* AFNetworkReachabilityManager+ESAdditions.h */ = {isa = PBXFileReference; lastKnownFileType = sourcecode.c.h; path = "AFNetworkReachabilityManager+ESAdditions.h"; sourceTree = "<group>"; };
		E7704631225E0F8F00F84D6D /* AFNetworkReachabilityManager+ESAdditions.m */ = {isa = PBXFileReference; lastKnownFileType = sourcecode.c.objc; path = "AFNetworkReachabilityManager+ESAdditions.m"; sourceTree = "<group>"; };
		E7791293226DFB8A006EF94D /* ESWeakProxy.h */ = {isa = PBXFileReference; lastKnownFileType = sourcecode.c.h; path = ESWeakProxy.h; sourceTree = "<group>"; };
		E7791294226DFB8A006EF94D /* ESWeakProxy.m */ = {isa = PBXFileReference; lastKnownFileType = sourcecode.c.objc; path = ESWeakProxy.m; sourceTree = "<group>"; };
		E7791295226EFF93006EF94D /* NSInvocation+ESHelper.h */ = {isa = PBXFileReference; lastKnownFileType = sourcecode.c.h; path = "NSInvocation+ESHelper.h"; sourceTree = "<group>"; };
		E7791296226EFF93006EF94D /* NSInvocation+ESHelper.m */ = {isa = PBXFileReference; lastKnownFileType = sourcecode.c.objc; path = "NSInvocation+ESHelper.m"; sourceTree = "<group>"; };
		E7791299226F032D006EF94D /* ESHelpers.h */ = {isa = PBXFileReference; lastKnownFileType = sourcecode.c.h; path = ESHelpers.h; sourceTree = "<group>"; };
		E779129A226F032D006EF94D /* ESHelpers.m */ = {isa = PBXFileReference; lastKnownFileType = sourcecode.c.objc; path = ESHelpers.m; sourceTree = "<group>"; };
		E779129D226F3DCB006EF94D /* UIAlertController+ESAdditions.h */ = {isa = PBXFileReference; lastKnownFileType = sourcecode.c.h; path = "UIAlertController+ESAdditions.h"; sourceTree = "<group>"; };
		E779129E226F3DCB006EF94D /* UIAlertController+ESAdditions.m */ = {isa = PBXFileReference; lastKnownFileType = sourcecode.c.objc; path = "UIAlertController+ESAdditions.m"; sourceTree = "<group>"; };
		E77912A1226F3DCB006EF94D /* UIColor+ESAdditions.h */ = {isa = PBXFileReference; lastKnownFileType = sourcecode.c.h; path = "UIColor+ESAdditions.h"; sourceTree = "<group>"; };
		E77912A2226F3DCB006EF94D /* UIColor+ESAdditions.m */ = {isa = PBXFileReference; lastKnownFileType = sourcecode.c.objc; path = "UIColor+ESAdditions.m"; sourceTree = "<group>"; };
		E77912A5226F3DCB006EF94D /* UIDevice+ESAdditions.h */ = {isa = PBXFileReference; lastKnownFileType = sourcecode.c.h; path = "UIDevice+ESAdditions.h"; sourceTree = "<group>"; };
		E77912A6226F3DCB006EF94D /* UIDevice+ESAdditions.m */ = {isa = PBXFileReference; lastKnownFileType = sourcecode.c.objc; path = "UIDevice+ESAdditions.m"; sourceTree = "<group>"; };
		E77912A9226F3DCB006EF94D /* UIImage+ESAdditions.h */ = {isa = PBXFileReference; lastKnownFileType = sourcecode.c.h; path = "UIImage+ESAdditions.h"; sourceTree = "<group>"; };
		E77912AA226F3DCB006EF94D /* UIImage+ESAdditions.m */ = {isa = PBXFileReference; lastKnownFileType = sourcecode.c.objc; path = "UIImage+ESAdditions.m"; sourceTree = "<group>"; };
		E77912AD226F3DCB006EF94D /* UIImageView+ESAdditions.h */ = {isa = PBXFileReference; lastKnownFileType = sourcecode.c.h; path = "UIImageView+ESAdditions.h"; sourceTree = "<group>"; };
		E77912AE226F3DCB006EF94D /* UIImageView+ESAdditions.m */ = {isa = PBXFileReference; lastKnownFileType = sourcecode.c.objc; path = "UIImageView+ESAdditions.m"; sourceTree = "<group>"; };
		E77912B3226F3DCB006EF94D /* UITableView+ESAdditions.h */ = {isa = PBXFileReference; lastKnownFileType = sourcecode.c.h; path = "UITableView+ESAdditions.h"; sourceTree = "<group>"; };
		E77912B4226F3DCB006EF94D /* UITableView+ESAdditions.m */ = {isa = PBXFileReference; lastKnownFileType = sourcecode.c.objc; path = "UITableView+ESAdditions.m"; sourceTree = "<group>"; };
		E77912B5226F3DCB006EF94D /* UIToolbar+ESAdditions.h */ = {isa = PBXFileReference; lastKnownFileType = sourcecode.c.h; path = "UIToolbar+ESAdditions.h"; sourceTree = "<group>"; };
		E77912B6226F3DCB006EF94D /* UIToolbar+ESAdditions.m */ = {isa = PBXFileReference; lastKnownFileType = sourcecode.c.objc; path = "UIToolbar+ESAdditions.m"; sourceTree = "<group>"; };
		E77912B7226F3DCB006EF94D /* UIView+ESAdditions.h */ = {isa = PBXFileReference; lastKnownFileType = sourcecode.c.h; path = "UIView+ESAdditions.h"; sourceTree = "<group>"; };
		E77912B8226F3DCB006EF94D /* UIView+ESAdditions.m */ = {isa = PBXFileReference; lastKnownFileType = sourcecode.c.objc; path = "UIView+ESAdditions.m"; sourceTree = "<group>"; };
		E77912BB226F3DCB006EF94D /* UIViewController+ESAdditions.h */ = {isa = PBXFileReference; lastKnownFileType = sourcecode.c.h; path = "UIViewController+ESAdditions.h"; sourceTree = "<group>"; };
		E77912BC226F3DCB006EF94D /* UIViewController+ESAdditions.m */ = {isa = PBXFileReference; lastKnownFileType = sourcecode.c.objc; path = "UIViewController+ESAdditions.m"; sourceTree = "<group>"; };
		E7A38BC41C4DD82100972B01 /* ESFramework.h */ = {isa = PBXFileReference; lastKnownFileType = sourcecode.c.h; path = ESFramework.h; sourceTree = "<group>"; };
		E7A38C931C4DFA1A00972B01 /* ESTableViewController.h */ = {isa = PBXFileReference; lastKnownFileType = sourcecode.c.h; path = ESTableViewController.h; sourceTree = "<group>"; };
		E7A38C941C4DFA1A00972B01 /* ESTableViewController.m */ = {isa = PBXFileReference; lastKnownFileType = sourcecode.c.objc; path = ESTableViewController.m; sourceTree = "<group>"; };
		E7A38C981C4DFA1A00972B01 /* ESActivityLabel.h */ = {isa = PBXFileReference; lastKnownFileType = sourcecode.c.h; path = ESActivityLabel.h; sourceTree = "<group>"; };
		E7A38C991C4DFA1A00972B01 /* ESActivityLabel.m */ = {isa = PBXFileReference; lastKnownFileType = sourcecode.c.objc; lineEnding = 0; path = ESActivityLabel.m; sourceTree = "<group>"; };
		E7A38C9A1C4DFA1A00972B01 /* ESBadgeView.h */ = {isa = PBXFileReference; lastKnownFileType = sourcecode.c.h; path = ESBadgeView.h; sourceTree = "<group>"; };
		E7A38C9B1C4DFA1A00972B01 /* ESBadgeView.m */ = {isa = PBXFileReference; lastKnownFileType = sourcecode.c.objc; lineEnding = 0; path = ESBadgeView.m; sourceTree = "<group>"; };
		E7A38C9C1C4DFA1A00972B01 /* ESButton.h */ = {isa = PBXFileReference; lastKnownFileType = sourcecode.c.h; lineEnding = 0; path = ESButton.h; sourceTree = "<group>"; };
		E7A38C9D1C4DFA1A00972B01 /* ESButton.m */ = {isa = PBXFileReference; lastKnownFileType = sourcecode.c.objc; lineEnding = 0; path = ESButton.m; sourceTree = "<group>"; };
		E7A38C9E1C4DFA1A00972B01 /* ESErrorView.h */ = {isa = PBXFileReference; lastKnownFileType = sourcecode.c.h; path = ESErrorView.h; sourceTree = "<group>"; };
		E7A38C9F1C4DFA1A00972B01 /* ESErrorView.m */ = {isa = PBXFileReference; lastKnownFileType = sourcecode.c.objc; lineEnding = 0; path = ESErrorView.m; sourceTree = "<group>"; };
		E7A38CAF1C4DFEE300972B01 /* ESRefreshControl.h */ = {isa = PBXFileReference; lastKnownFileType = sourcecode.c.h; path = ESRefreshControl.h; sourceTree = "<group>"; };
		E7A38CB01C4DFEE300972B01 /* ESRefreshControl.m */ = {isa = PBXFileReference; lastKnownFileType = sourcecode.c.objc; path = ESRefreshControl.m; sourceTree = "<group>"; };
		E7A38CBC1C4E035600972B01 /* ESRefreshControlDefaultContentView.h */ = {isa = PBXFileReference; lastKnownFileType = sourcecode.c.h; path = ESRefreshControlDefaultContentView.h; sourceTree = "<group>"; };
		E7A38CBD1C4E035600972B01 /* ESRefreshControlDefaultContentView.m */ = {isa = PBXFileReference; lastKnownFileType = sourcecode.c.objc; path = ESRefreshControlDefaultContentView.m; sourceTree = "<group>"; };
		E7A6B5A3228EA48D001F0258 /* NSNumber+ESAdditions.h */ = {isa = PBXFileReference; lastKnownFileType = sourcecode.c.h; path = "NSNumber+ESAdditions.h"; sourceTree = "<group>"; };
		E7A6B5A4228EA48D001F0258 /* NSNumber+ESAdditions.m */ = {isa = PBXFileReference; lastKnownFileType = sourcecode.c.objc; path = "NSNumber+ESAdditions.m"; sourceTree = "<group>"; };
		E7A8414D2292EA5B00509A8E /* ESFrameworkUI.h */ = {isa = PBXFileReference; lastKnownFileType = sourcecode.c.h; path = ESFrameworkUI.h; sourceTree = "<group>"; };
		E7A8D488227F0F0F0013A7E8 /* UIApplication+ESAdditions.h */ = {isa = PBXFileReference; lastKnownFileType = sourcecode.c.h; path = "UIApplication+ESAdditions.h"; sourceTree = "<group>"; };
		E7A8D489227F0F0F0013A7E8 /* UIApplication+ESAdditions.m */ = {isa = PBXFileReference; lastKnownFileType = sourcecode.c.objc; path = "UIApplication+ESAdditions.m"; sourceTree = "<group>"; };
		E7A8D490227F20030013A7E8 /* NSHTTPCookieStorage+ESAdditions.h */ = {isa = PBXFileReference; lastKnownFileType = sourcecode.c.h; path = "NSHTTPCookieStorage+ESAdditions.h"; sourceTree = "<group>"; };
		E7A8D491227F20030013A7E8 /* NSHTTPCookieStorage+ESAdditions.m */ = {isa = PBXFileReference; lastKnownFileType = sourcecode.c.objc; path = "NSHTTPCookieStorage+ESAdditions.m"; sourceTree = "<group>"; };
		E7C5ACC122841AB200005804 /* NSFileManager+ESAdditions.h */ = {isa = PBXFileReference; lastKnownFileType = sourcecode.c.h; path = "NSFileManager+ESAdditions.h"; sourceTree = "<group>"; };
		E7C5ACC222841AB200005804 /* NSFileManager+ESAdditions.m */ = {isa = PBXFileReference; lastKnownFileType = sourcecode.c.objc; path = "NSFileManager+ESAdditions.m"; sourceTree = "<group>"; };
		E7C5ACC6228977AD00005804 /* UIApplication+ESAppInfo.m */ = {isa = PBXFileReference; lastKnownFileType = sourcecode.c.objc; path = "UIApplication+ESAppInfo.m"; sourceTree = "<group>"; };
		E7C5ACCB228AA3AB00005804 /* NSTimeZone+ESAdditions.h */ = {isa = PBXFileReference; lastKnownFileType = sourcecode.c.h; path = "NSTimeZone+ESAdditions.h"; sourceTree = "<group>"; };
		E7C5ACCC228AA3AB00005804 /* NSTimeZone+ESAdditions.m */ = {isa = PBXFileReference; lastKnownFileType = sourcecode.c.objc; path = "NSTimeZone+ESAdditions.m"; sourceTree = "<group>"; };
		E7C5ACEA228D8EEB00005804 /* UIScrollView+ESAdditions.h */ = {isa = PBXFileReference; lastKnownFileType = sourcecode.c.h; path = "UIScrollView+ESAdditions.h"; sourceTree = "<group>"; };
		E7C5ACEB228D8EEB00005804 /* UIScrollView+ESAdditions.m */ = {isa = PBXFileReference; lastKnownFileType = sourcecode.c.objc; path = "UIScrollView+ESAdditions.m"; sourceTree = "<group>"; };
		E7FDC96F2264A45000D8CC25 /* NSCharacterSet+ESAdditions.h */ = {isa = PBXFileReference; lastKnownFileType = sourcecode.c.h; path = "NSCharacterSet+ESAdditions.h"; sourceTree = "<group>"; };
		E7FDC9702264A45000D8CC25 /* NSCharacterSet+ESAdditions.m */ = {isa = PBXFileReference; lastKnownFileType = sourcecode.c.objc; path = "NSCharacterSet+ESAdditions.m"; sourceTree = "<group>"; };
		E7FDC9712265B1F000D8CC25 /* NSURLComponents+ESAdditions.h */ = {isa = PBXFileReference; lastKnownFileType = sourcecode.c.h; path = "NSURLComponents+ESAdditions.h"; sourceTree = "<group>"; };
		E7FDC9722265B1F000D8CC25 /* NSURLComponents+ESAdditions.m */ = {isa = PBXFileReference; lastKnownFileType = sourcecode.c.objc; path = "NSURLComponents+ESAdditions.m"; sourceTree = "<group>"; };
		E7FDC97322672B1E00D8CC25 /* NSDateFormatter+ESAdditions.h */ = {isa = PBXFileReference; lastKnownFileType = sourcecode.c.h; path = "NSDateFormatter+ESAdditions.h"; sourceTree = "<group>"; };
		E7FDC97422672B1E00D8CC25 /* NSDateFormatter+ESAdditions.m */ = {isa = PBXFileReference; lastKnownFileType = sourcecode.c.objc; path = "NSDateFormatter+ESAdditions.m"; sourceTree = "<group>"; };
/* End PBXFileReference section */

/* Begin PBXGroup section */
		E7143A5C1BA5B3560001BE70 = {
			isa = PBXGroup;
			children = (
				E770462F225DF4BF00F84D6D /* ESFramework */,
				E7A8414C2292EA0200509A8E /* ESFrameworkUI */,
			);
			indentWidth = 4;
			sourceTree = "<group>";
			tabWidth = 4;
		};
		E76CA27E1CA50D1100EDBB8E /* Foundation */ = {
			isa = PBXGroup;
			children = (
				E7791299226F032D006EF94D /* ESHelpers.h */,
				E779129A226F032D006EF94D /* ESHelpers.m */,
				E7791293226DFB8A006EF94D /* ESWeakProxy.h */,
				E7791294226DFB8A006EF94D /* ESWeakProxy.m */,
				E76CA2321CA50D1100EDBB8E /* NSArray+ESAdditions.h */,
				E76CA2331CA50D1100EDBB8E /* NSArray+ESAdditions.m */,
				E7FDC96F2264A45000D8CC25 /* NSCharacterSet+ESAdditions.h */,
				E7FDC9702264A45000D8CC25 /* NSCharacterSet+ESAdditions.m */,
				E76CA2361CA50D1100EDBB8E /* NSData+ESAdditions.h */,
				E76CA2371CA50D1100EDBB8E /* NSData+ESAdditions.m */,
				E76CA2381CA50D1100EDBB8E /* NSDate+ESAdditions.h */,
				E76CA2391CA50D1100EDBB8E /* NSDate+ESAdditions.m */,
				E7FDC97322672B1E00D8CC25 /* NSDateFormatter+ESAdditions.h */,
				E7FDC97422672B1E00D8CC25 /* NSDateFormatter+ESAdditions.m */,
				E76CA23A1CA50D1100EDBB8E /* NSDictionary+ESAdditions.h */,
				E76CA23B1CA50D1100EDBB8E /* NSDictionary+ESAdditions.m */,
				E76CA23C1CA50D1100EDBB8E /* NSError+ESAdditions.h */,
				E76CA23D1CA50D1100EDBB8E /* NSError+ESAdditions.m */,
				E7C5ACC122841AB200005804 /* NSFileManager+ESAdditions.h */,
				E7C5ACC222841AB200005804 /* NSFileManager+ESAdditions.m */,
				E7A8D490227F20030013A7E8 /* NSHTTPCookieStorage+ESAdditions.h */,
				E7A8D491227F20030013A7E8 /* NSHTTPCookieStorage+ESAdditions.m */,
				E7791295226EFF93006EF94D /* NSInvocation+ESHelper.h */,
				E7791296226EFF93006EF94D /* NSInvocation+ESHelper.m */,
				E7A6B5A3228EA48D001F0258 /* NSNumber+ESAdditions.h */,
				E7A6B5A4228EA48D001F0258 /* NSNumber+ESAdditions.m */,
				E76CA28D1CA5171700EDBB8E /* NSObject+ESAutoCoding.h */,
				E76CA28E1CA5171700EDBB8E /* NSObject+ESAutoCoding.m */,
				E76CA2421CA50D1100EDBB8E /* NSOrderedSet+ESAdditions.h */,
				E76CA2431CA50D1100EDBB8E /* NSOrderedSet+ESAdditions.m */,
				E76CA2481CA50D1100EDBB8E /* NSString+ESAdditions.h */,
				E76CA2491CA50D1100EDBB8E /* NSString+ESAdditions.m */,
				E76CA24A1CA50D1100EDBB8E /* NSString+ESGTMHTML.h */,
				E76CA24B1CA50D1100EDBB8E /* NSString+ESGTMHTML.m */,
				E76CA24D1CA50D1100EDBB8E /* NSString+ESHash.m */,
				E76CA24E1CA50D1100EDBB8E /* NSTimer+ESAdditions.h */,
				E76CA24F1CA50D1100EDBB8E /* NSTimer+ESAdditions.m */,
				E7C5ACCB228AA3AB00005804 /* NSTimeZone+ESAdditions.h */,
				E7C5ACCC228AA3AB00005804 /* NSTimeZone+ESAdditions.m */,
				E76CA2501CA50D1100EDBB8E /* NSURL+ESAdditions.h */,
				E76CA2511CA50D1100EDBB8E /* NSURL+ESAdditions.m */,
				E7FDC9712265B1F000D8CC25 /* NSURLComponents+ESAdditions.h */,
				E7FDC9722265B1F000D8CC25 /* NSURLComponents+ESAdditions.m */,
				E76CA2521CA50D1100EDBB8E /* NSUserDefaults+ESAdditions.h */,
				E76CA2531CA50D1100EDBB8E /* NSUserDefaults+ESAdditions.m */,
			);
			path = Foundation;
			sourceTree = "<group>";
		};
		E770462F225DF4BF00F84D6D /* ESFramework */ = {
			isa = PBXGroup;
			children = (
				E7A38BC41C4DD82100972B01 /* ESFramework.h */,
				E76CA27F1CA50D1100EDBB8E /* ESMacros.h */,
				E76CA27E1CA50D1100EDBB8E /* Foundation */,
				E779129B226F3C65006EF94D /* Networking */,
				E779129C226F3DCB006EF94D /* UIKit */,
			);
			path = ESFramework;
			sourceTree = "<group>";
		};
		E779129B226F3C65006EF94D /* Networking */ = {
			isa = PBXGroup;
			children = (
				E7704630225E0F8F00F84D6D /* AFNetworkReachabilityManager+ESAdditions.h */,
				E7704631225E0F8F00F84D6D /* AFNetworkReachabilityManager+ESAdditions.m */,
				E74E71072272FBD8008C7943 /* ESNetworkHelper.h */,
				E74E71082272FBD8008C7943 /* ESNetworkHelper.m */,
			);
			path = Networking;
			sourceTree = "<group>";
		};
		E779129C226F3DCB006EF94D /* UIKit */ = {
			isa = PBXGroup;
			children = (
				E779129D226F3DCB006EF94D /* UIAlertController+ESAdditions.h */,
				E779129E226F3DCB006EF94D /* UIAlertController+ESAdditions.m */,
				E7A8D488227F0F0F0013A7E8 /* UIApplication+ESAdditions.h */,
				E7A8D489227F0F0F0013A7E8 /* UIApplication+ESAdditions.m */,
				E7C5ACC6228977AD00005804 /* UIApplication+ESAppInfo.m */,
				E77912A1226F3DCB006EF94D /* UIColor+ESAdditions.h */,
				E77912A2226F3DCB006EF94D /* UIColor+ESAdditions.m */,
				E77912A5226F3DCB006EF94D /* UIDevice+ESAdditions.h */,
				E77912A6226F3DCB006EF94D /* UIDevice+ESAdditions.m */,
				E77912A9226F3DCB006EF94D /* UIImage+ESAdditions.h */,
				E77912AA226F3DCB006EF94D /* UIImage+ESAdditions.m */,
				E77912AD226F3DCB006EF94D /* UIImageView+ESAdditions.h */,
				E77912AE226F3DCB006EF94D /* UIImageView+ESAdditions.m */,
				E7C5ACEA228D8EEB00005804 /* UIScrollView+ESAdditions.h */,
				E7C5ACEB228D8EEB00005804 /* UIScrollView+ESAdditions.m */,
				E77912B3226F3DCB006EF94D /* UITableView+ESAdditions.h */,
				E77912B4226F3DCB006EF94D /* UITableView+ESAdditions.m */,
				E77912B5226F3DCB006EF94D /* UIToolbar+ESAdditions.h */,
				E77912B6226F3DCB006EF94D /* UIToolbar+ESAdditions.m */,
				E77912B7226F3DCB006EF94D /* UIView+ESAdditions.h */,
				E77912B8226F3DCB006EF94D /* UIView+ESAdditions.m */,
				E77912BB226F3DCB006EF94D /* UIViewController+ESAdditions.h */,
				E77912BC226F3DCB006EF94D /* UIViewController+ESAdditions.m */,
			);
			path = UIKit;
			sourceTree = "<group>";
		};
		E7A8414C2292EA0200509A8E /* ESFrameworkUI */ = {
			isa = PBXGroup;
			children = (
				E7A38C981C4DFA1A00972B01 /* ESActivityLabel.h */,
				E7A38C991C4DFA1A00972B01 /* ESActivityLabel.m */,
				E7A38C9A1C4DFA1A00972B01 /* ESBadgeView.h */,
				E7A38C9B1C4DFA1A00972B01 /* ESBadgeView.m */,
				E7A38C9C1C4DFA1A00972B01 /* ESButton.h */,
				E7A38C9D1C4DFA1A00972B01 /* ESButton.m */,
				E7A38C9E1C4DFA1A00972B01 /* ESErrorView.h */,
				E7A38C9F1C4DFA1A00972B01 /* ESErrorView.m */,
				E7A8414D2292EA5B00509A8E /* ESFrameworkUI.h */,
				E7A38CAF1C4DFEE300972B01 /* ESRefreshControl.h */,
				E7A38CB01C4DFEE300972B01 /* ESRefreshControl.m */,
				E7A38CBC1C4E035600972B01 /* ESRefreshControlDefaultContentView.h */,
				E7A38CBD1C4E035600972B01 /* ESRefreshControlDefaultContentView.m */,
				E76CA2961CA51DB300EDBB8E /* ESStatusOverlayView.h */,
				E76CA2971CA51DB300EDBB8E /* ESStatusOverlayView.m */,
				E7A38C931C4DFA1A00972B01 /* ESTableViewController.h */,
				E7A38C941C4DFA1A00972B01 /* ESTableViewController.m */,
			);
			path = ESFrameworkUI;
			sourceTree = "<group>";
		};
/* End PBXGroup section */

/* Begin PBXProject section */
		E7143A5D1BA5B3560001BE70 /* Project object */ = {
			isa = PBXProject;
			attributes = {
				LastUpgradeCheck = 1020;
				ORGANIZATIONNAME = www.0x123.com;
			};
			buildConfigurationList = E7143A601BA5B3560001BE70 /* Build configuration list for PBXProject "ESFramework" */;
			compatibilityVersion = "Xcode 3.2";
			developmentRegion = en;
			hasScannedForEncodings = 0;
			knownRegions = (
				en,
				Base,
			);
			mainGroup = E7143A5C1BA5B3560001BE70;
			productRefGroup = E7143A5C1BA5B3560001BE70;
			projectDirPath = "";
			projectRoot = "";
			targets = (
			);
		};
/* End PBXProject section */

/* Begin XCBuildConfiguration section */
		E7143A771BA5B3560001BE70 /* Debug */ = {
			isa = XCBuildConfiguration;
			buildSettings = {
				CLANG_ANALYZER_LOCALIZABILITY_NONLOCALIZED = YES;
				CLANG_WARN_BLOCK_CAPTURE_AUTORELEASING = YES;
				CLANG_WARN_BOOL_CONVERSION = YES;
				CLANG_WARN_COMMA = YES;
				CLANG_WARN_CONSTANT_CONVERSION = YES;
				CLANG_WARN_DEPRECATED_OBJC_IMPLEMENTATIONS = YES;
				CLANG_WARN_EMPTY_BODY = YES;
				CLANG_WARN_ENUM_CONVERSION = YES;
				CLANG_WARN_INFINITE_RECURSION = YES;
				CLANG_WARN_INT_CONVERSION = YES;
				CLANG_WARN_NON_LITERAL_NULL_CONVERSION = YES;
				CLANG_WARN_OBJC_IMPLICIT_RETAIN_SELF = YES;
				CLANG_WARN_OBJC_LITERAL_CONVERSION = YES;
				CLANG_WARN_RANGE_LOOP_ANALYSIS = YES;
				CLANG_WARN_STRICT_PROTOTYPES = YES;
				CLANG_WARN_SUSPICIOUS_MOVE = YES;
				CLANG_WARN_UNREACHABLE_CODE = YES;
				CLANG_WARN__DUPLICATE_METHOD_MATCH = YES;
				ENABLE_STRICT_OBJC_MSGSEND = YES;
				ENABLE_TESTABILITY = YES;
				GCC_NO_COMMON_BLOCKS = YES;
				GCC_WARN_64_TO_32_BIT_CONVERSION = YES;
				GCC_WARN_ABOUT_RETURN_TYPE = YES;
				GCC_WARN_UNDECLARED_SELECTOR = YES;
				GCC_WARN_UNINITIALIZED_AUTOS = YES;
				GCC_WARN_UNUSED_FUNCTION = YES;
				GCC_WARN_UNUSED_VARIABLE = YES;
				ONLY_ACTIVE_ARCH = YES;
			};
			name = Debug;
		};
		E7143A781BA5B3560001BE70 /* Release */ = {
			isa = XCBuildConfiguration;
			buildSettings = {
				CLANG_ANALYZER_LOCALIZABILITY_NONLOCALIZED = YES;
				CLANG_WARN_BLOCK_CAPTURE_AUTORELEASING = YES;
				CLANG_WARN_BOOL_CONVERSION = YES;
				CLANG_WARN_COMMA = YES;
				CLANG_WARN_CONSTANT_CONVERSION = YES;
				CLANG_WARN_DEPRECATED_OBJC_IMPLEMENTATIONS = YES;
				CLANG_WARN_EMPTY_BODY = YES;
				CLANG_WARN_ENUM_CONVERSION = YES;
				CLANG_WARN_INFINITE_RECURSION = YES;
				CLANG_WARN_INT_CONVERSION = YES;
				CLANG_WARN_NON_LITERAL_NULL_CONVERSION = YES;
				CLANG_WARN_OBJC_IMPLICIT_RETAIN_SELF = YES;
				CLANG_WARN_OBJC_LITERAL_CONVERSION = YES;
				CLANG_WARN_RANGE_LOOP_ANALYSIS = YES;
				CLANG_WARN_STRICT_PROTOTYPES = YES;
				CLANG_WARN_SUSPICIOUS_MOVE = YES;
				CLANG_WARN_UNREACHABLE_CODE = YES;
				CLANG_WARN__DUPLICATE_METHOD_MATCH = YES;
				ENABLE_STRICT_OBJC_MSGSEND = YES;
				GCC_NO_COMMON_BLOCKS = YES;
				GCC_WARN_64_TO_32_BIT_CONVERSION = YES;
				GCC_WARN_ABOUT_RETURN_TYPE = YES;
				GCC_WARN_UNDECLARED_SELECTOR = YES;
				GCC_WARN_UNINITIALIZED_AUTOS = YES;
				GCC_WARN_UNUSED_FUNCTION = YES;
				GCC_WARN_UNUSED_VARIABLE = YES;
			};
			name = Release;
		};
/* End XCBuildConfiguration section */

/* Begin XCConfigurationList section */
		E7143A601BA5B3560001BE70 /* Build configuration list for PBXProject "ESFramework" */ = {
			isa = XCConfigurationList;
			buildConfigurations = (
				E7143A771BA5B3560001BE70 /* Debug */,
				E7143A781BA5B3560001BE70 /* Release */,
			);
			defaultConfigurationIsVisible = 0;
			defaultConfigurationName = Release;
		};
/* End XCConfigurationList section */
	};
	rootObject = E7143A5D1BA5B3560001BE70 /* Project object */;
}
